{
  "version": 1,
  "dependencies": {
    "net9.0": {
      "coverlet.collector": {
        "type": "Direct",
        "requested": "[6.0.4, )",
        "resolved": "6.0.4",
        "contentHash": "lkhqpF8Pu2Y7IiN7OntbsTtdbpR1syMsm2F3IgX6ootA4ffRqWL5jF7XipHuZQTdVuWG/gVAAcf8mjk8Tz0xPg=="
      },
      "coverlet.msbuild": {
        "type": "Direct",
        "requested": "[6.0.4, )",
        "resolved": "6.0.4",
        "contentHash": "Qa7Hg+wrOMDKpXVn2dw4Wlun490bIWsFW0fdNJQFJLZnbU27MCP0HJ2mPgS+3EQBQUb0zKlkwiQzP+j38Hc3Iw=="
      },
      "Microsoft.NET.Test.Sdk": {
        "type": "Direct",
        "requested": "[17.13.0, )",
        "resolved": "17.13.0",
        "contentHash": "W19wCPizaIC9Zh47w8wWI/yxuqR7/dtABwOrc8r2jX/8mUNxM2vw4fXDh+DJTeogxV+KzKwg5jNNGQVwf3LXyA==",
        "dependencies": {
          "Microsoft.CodeCoverage": "17.13.0",
          "Microsoft.TestPlatform.TestHost": "17.13.0"
        }
      },
      "Shouldly": {
        "type": "Direct",
        "requested": "[4.3.0, )",
        "resolved": "4.3.0",
        "contentHash": "sDetrWXrl6YXZ4HeLsdBoNk3uIa7K+V4uvIJ+cqdRa5DrFxeTED7VkjoxCuU1kJWpUuBDZz2QXFzSxBtVXLwRQ==",
        "dependencies": {
          "DiffEngine": "11.3.0",
          "EmptyFiles": "4.4.0"
        }
      },
      "System.Collections.Immutable": {
        "type": "Direct",
        "requested": "[9.0.4, )",
        "resolved": "9.0.4",
        "contentHash": "wfm2NgK22MmBe5qJjp52qzpkeDZKb4l9LbdubhZSehY1z4LS+lld6R+B+UQNb2AZRHu/QJlHxEUcRst5hIEejg=="
      },
      "xunit.runner.console": {
        "type": "Direct",
        "requested": "[2.9.3, )",
        "resolved": "2.9.3",
        "contentHash": "und5dhnsamWN02uVAJeORz4Ny2FK5pxVuchFa416pI7y8rjZxfuiSrvZRUFHNVIVtT7cibOm66bsZHLw5jSSkw=="
      },
      "xunit.runner.visualstudio": {
        "type": "Direct",
        "requested": "[3.0.2, )",
        "resolved": "3.0.2",
        "contentHash": "oXbusR6iPq0xlqoikjdLvzh+wQDkMv9If58myz9MEzldS4nIcp442Btgs2sWbYWV+caEluMe2pQCZ0hUZgPiow=="
      },
      "xunit.v3": {
        "type": "Direct",
        "requested": "[2.0.1, )",
        "resolved": "2.0.1",
        "contentHash": "aZd9scfbb2bq8i2d9LDh8A/R1DZX/M4eASfxuL3RZUHw/5VaHi8+sb9jPODVPTA/hYRsCu+2DsEOLI2AQJCrhw==",
        "dependencies": {
          "xunit.analyzers": "1.21.0",
          "xunit.v3.assert": "[2.0.1]",
          "xunit.v3.core": "[2.0.1]"
        }
      },
      "Arbor.Aesculus": {
        "type": "Transitive",
        "resolved": "3.9.0",
        "contentHash": "LE06rAomvgZ+9iYUjLGCM+n/Xl19kbMzYauWyI5WcVFh7BhkMCmcbQDYFIjVvfeQlrxio8xLAMBO80Dul5h8jQ=="
      },
      "Arbor.FileSystem": {
        "type": "Transitive",
        "resolved": "0.6.0",
        "contentHash": "96i90GxPeVRXfMjj1Gzzg7Wi+CVscm8aj8RqBkl4FFaK+HmwsB8zE2P5HUSYR6ik0OJNlVRw+ksJecS/otiLPw==",
        "dependencies": {
          "JetBrains.Annotations": "2024.3.0",
          "zio": "0.19.2"
        }
      },
      "Arbor.KVConfiguration.Core": {
        "type": "Transitive",
        "resolved": "2.8.0",
        "contentHash": "JaV2Xti5jBPthFMxo3ZuhOidLgsC/kaK+BiRi0zKv6qAlhXw2RC1EDkNLuwwVbz6wMWlBAwOYQe+bb+rY55Zkw==",
        "dependencies": {
          "Microsoft.Extensions.Primitives": "[8.0.0, 10.0.0)"
        }
      },
      "Arbor.KVConfiguration.JsonConfiguration": {
        "type": "Transitive",
        "resolved": "2.8.0",
        "contentHash": "UZkYbNQvpFKWnTwc7eGHFfzHugoDrfRpLBoxHtlO13EZdp9HVHxLMGXIcqOwPrXAXATuZsLx/cuuy0L8axKZ4Q==",
        "dependencies": {
          "Arbor.KVConfiguration.Schema.Json": "[2.0.0, 3.0.0)",
          "Newtonsoft.Json": "[13.0.3, 14.0.0)"
        }
      },
      "Arbor.KVConfiguration.Schema.Json": {
        "type": "Transitive",
        "resolved": "2.8.0",
        "contentHash": "o2chGwWl+e3TBhgsA6RRBb5yeKfEVMAbjCeWRAsmR+ku3FZPJwlFThSksw4Z6Jf7HpbueSHKSXLr34PJxHE4xQ==",
        "dependencies": {
          "Arbor.KVConfiguration.Core": "[2.0.0, 3.0.0)",
          "Newtonsoft.Json": "13.0.3"
        }
      },
      "Arbor.KVConfiguration.UserConfiguration": {
        "type": "Transitive",
        "resolved": "2.8.0",
        "contentHash": "P9N7qHuPfoER1u3Hypyqb82Youm9LgxoO5lphyeRQeFGlzen9LhIG7c2m1GZNRBH2zHrrEPJbqB+OC7zVMXSQQ==",
        "dependencies": {
          "Arbor.KVConfiguration.JsonConfiguration": "[2.0.0, 3.0.0)"
        }
      },
      "Arbor.Processing": {
        "type": "Transitive",
        "resolved": "0.6.0",
        "contentHash": "KcuciNAfg/ArkDdcM1hHMeIprKwQjdHWV6zXBFAqmKDxGB9rdDHk9a1jHTVQ5r7y5gxAowCUGLgEcfheKItoig=="
      },
      "Arbor.Sorbus": {
        "type": "Transitive",
        "resolved": "4.0.0",
        "contentHash": "LwRt7hY3r2BpgZTHftL/99jyztFWhk6M1nBtIOaJn39PeGWaCIi6szPngakUunUSaly3BuNddWv4KvLjEraqIw==",
        "dependencies": {
          "Newtonsoft.Json": "[11.0.0, 14.0.0)"
        }
      },
      "Arbor.Tooler": {
        "type": "Transitive",
        "resolved": "1.1.0",
        "contentHash": "hBwSUsKOX+XoJ3nmI6q/kJuV5lNp9fbbC6VmxU/VAuceSgroXwYn99V935xD2Bzeu8Ik0senZY/3waExgeFxJA==",
        "dependencies": {
          "Arbor.Processing": "0.6.0",
          "JetBrains.Annotations": "2024.3.0",
          "NewtonSoft.Json": "13.0.3",
          "NuGet.Configuration": "6.12.1",
          "NuGet.Packaging": "6.12.1",
          "NuGet.Protocol": "6.12.1",
          "NuGet.Versioning": "6.12.1",
          "Serilog": "4.1.0",
          "System.IO.Packaging": "9.0.0"
        }
      },
      "Autofac": {
        "type": "Transitive",
        "resolved": "8.3.0",
        "contentHash": "0Bv8aSKuK4nQAiDKw3+pIv9hUhbPwS63ql9KhjR6DRgE14UNdXrMqO8YMI0PnffZPyCrMs85lNhZRI4eBgQO4w==",
        "dependencies": {
          "System.Diagnostics.DiagnosticSource": "8.0.1"
        }
      },
      "DiffEngine": {
        "type": "Transitive",
        "resolved": "11.3.0",
        "contentHash": "k0ZgZqd09jLZQjR8FyQbSQE86Q7QZnjEzq1LPHtj1R2AoWO8sjV5x+jlSisL7NZAbUOI4y+7Bog8gkr9WIRBGw==",
        "dependencies": {
          "EmptyFiles": "4.4.0",
          "System.Management": "6.0.1"
        }
      },
      "EmptyFiles": {
        "type": "Transitive",
        "resolved": "4.4.0",
        "contentHash": "gwJEfIGS7FhykvtZoscwXj/XwW+mJY6UbAZk+qtLKFUGWC95kfKXnj8VkxsZQnWBxJemM/q664rGLN5nf+OHZw=="
      },
      "JetBrains.Annotations": {
        "type": "Transitive",
        "resolved": "2024.3.0",
        "contentHash": "ox5pkeLQXjvJdyAB4b2sBYAlqZGLh3PjSnP1bQNVx72ONuTJ9+34/+Rq91Fc0dG29XG9RgZur9+NcP4riihTug=="
      },
      "Microsoft.Bcl.AsyncInterfaces": {
        "type": "Transitive",
        "resolved": "6.0.0",
        "contentHash": "UcSjPsst+DfAdJGVDsu346FX0ci0ah+lw3WRtn18NUwEqRt70HaOQ7lI72vy3+1LxtqI3T5GWwV39rQSrCzAeg=="
      },
      "Microsoft.CodeCoverage": {
        "type": "Transitive",
        "resolved": "17.13.0",
        "contentHash": "9LIUy0y+DvUmEPtbRDw6Bay3rzwqFV8P4efTrK4CZhQle3M/QwLPjISghfcolmEGAPWxuJi6m98ZEfk4VR4Lfg=="
      },
      "Microsoft.Extensions.ObjectPool": {
        "type": "Transitive",
        "resolved": "5.0.10",
        "contentHash": "pp9tbGqIhdEXL6Q1yJl+zevAJSq4BsxqhS1GXzBvEsEz9DDNu9GLNzgUy2xyFc4YjB4m4Ff2YEWTnvQvVYdkvQ=="
      },
      "Microsoft.Extensions.Primitives": {
        "type": "Transitive",
        "resolved": "8.0.0",
        "contentHash": "bXJEZrW9ny8vjMF1JV253WeLhpEVzFo1lyaZu1vQ4ZxWUlVvknZ/+ftFgVheLubb4eZPSwwxBeqS1JkCOjxd8g=="
      },
      "Microsoft.Testing.Extensions.TrxReport.Abstractions": {
        "type": "Transitive",
        "resolved": "1.6.3",
        "contentHash": "0MdowM+3IDVWE5VBzVe9NvxsE4caSbM3fO+jlWVzEBr/Vnc3BWx+uV/Ex0dLLpkxkeUKH2gGWTNLb39rw3DDqw==",
        "dependencies": {
          "Microsoft.Testing.Platform": "1.6.3"
        }
      },
      "Microsoft.Testing.Platform": {
        "type": "Transitive",
        "resolved": "1.6.3",
        "contentHash": "DqMZukaPo+vKzColfqd1I5qZebfISZT6ND70AOem/dYQmHsaMN0xg/JG7E0e80rwfxL7wAA4ylSg8j6KJf1Tuw=="
      },
      "Microsoft.Testing.Platform.MSBuild": {
        "type": "Transitive",
        "resolved": "1.6.3",
        "contentHash": "PXSYI5Iae29GM5636zOL8PlQD1YyOa9cfzfYLR43hrLjjK7RDJgMTvgAet3oZLgDTvz6pbzABZvhx+S/W5m8YA==",
        "dependencies": {
          "Microsoft.Testing.Platform": "1.6.3"
        }
      },
      "Microsoft.TestPlatform.ObjectModel": {
        "type": "Transitive",
        "resolved": "17.13.0",
        "contentHash": "bt0E0Dx+iqW97o4A59RCmUmz/5NarJ7LRL+jXbSHod72ibL5XdNm1Ke+UO5tFhBG4VwHLcSjqq9BUSblGNWamw==",
        "dependencies": {
          "System.Reflection.Metadata": "1.6.0"
        }
      },
      "Microsoft.TestPlatform.TestHost": {
        "type": "Transitive",
        "resolved": "17.13.0",
        "contentHash": "9GGw08Dc3AXspjekdyTdZ/wYWFlxbgcF0s7BKxzVX+hzAwpifDOdxM+ceVaaJSQOwqt3jtuNlHn3XTpKUS9x9Q==",
        "dependencies": {
          "Microsoft.TestPlatform.ObjectModel": "17.13.0",
          "Newtonsoft.Json": "13.0.1"
        }
      },
      "Microsoft.Web.Xdt": {
        "type": "Transitive",
        "resolved": "3.1.0",
        "contentHash": "4g1RMRx2VkJ1XW7HygS5hiCId9wHWEeMOvhS5+rogSAADvTsmmZaoTZZru6ul0Ou3jnLchvxvCjgsARuVZIAIQ=="
      },
      "Microsoft.Win32.Registry": {
        "type": "Transitive",
        "resolved": "5.0.0",
        "contentHash": "dDoKi0PnDz31yAyETfRntsLArTlVAVzUzCIvvEDsDsucrl33Dl8pIJG06ePTJTI3tGpeyHS9Cq7Foc/s4EeKcg==",
        "dependencies": {
          "System.Security.AccessControl": "5.0.0",
          "System.Security.Principal.Windows": "5.0.0"
        }
      },
      "Microsoft.Win32.Registry.AccessControl": {
        "type": "Transitive",
        "resolved": "9.0.4",
        "contentHash": "ffgPu/Uts9O5lXBbzu6pOm5sxEuBMxq8dVpRPdj81327Ne0EDx4ZqpssWxaMzdYVGhG2pm4wzMhlsAB+Vv5M0Q=="
      },
      "Microsoft.Win32.SystemEvents": {
        "type": "Transitive",
        "resolved": "9.0.4",
        "contentHash": "kHgtAkXhNEP8oGuAVe3Q5admxsdMlSdWE2rXcA9FfeGDZJQawPccmZgnOswgW3ugUPSJt7VH+TMQPz65mnhGSQ=="
      },
      "Microsoft.Windows.Compatibility": {
        "type": "Transitive",
        "resolved": "9.0.4",
        "contentHash": "kjKrBzxtBA0QeXZ9LGpQOXxPdq7o2Ns+grOalXjapf7KruZoco2pvkK6HKpb1zVF9G22ZUiWzYWHPcM6fyxtKg==",
        "dependencies": {
          "Microsoft.Win32.Registry": "5.0.0",
          "Microsoft.Win32.Registry.AccessControl": "9.0.4",
          "Microsoft.Win32.SystemEvents": "9.0.4",
          "System.CodeDom": "9.0.4",
          "System.ComponentModel.Composition": "9.0.4",
          "System.ComponentModel.Composition.Registration": "9.0.4",
          "System.Configuration.ConfigurationManager": "9.0.4",
          "System.Data.Odbc": "9.0.4",
          "System.Data.OleDb": "9.0.4",
          "System.Data.SqlClient": "4.8.6",
          "System.Diagnostics.EventLog": "9.0.4",
          "System.Diagnostics.PerformanceCounter": "9.0.4",
          "System.DirectoryServices": "9.0.4",
          "System.DirectoryServices.AccountManagement": "9.0.4",
          "System.DirectoryServices.Protocols": "9.0.4",
          "System.Drawing.Common": "9.0.4",
          "System.IO.Packaging": "9.0.4",
          "System.IO.Ports": "9.0.4",
          "System.Management": "9.0.4",
          "System.Reflection.Context": "9.0.4",
          "System.Runtime.Caching": "9.0.4",
          "System.Security.AccessControl": "6.0.0",
          "System.Security.Cryptography.Pkcs": "9.0.4",
          "System.Security.Cryptography.ProtectedData": "9.0.4",
          "System.Security.Cryptography.Xml": "9.0.4",
          "System.Security.Permissions": "9.0.4",
          "System.Security.Principal.Windows": "5.0.0",
          "System.ServiceModel.Duplex": "4.10.0",
          "System.ServiceModel.Http": "4.10.0",
          "System.ServiceModel.NetTcp": "4.10.0",
          "System.ServiceModel.Primitives": "4.10.0",
          "System.ServiceModel.Security": "4.10.0",
          "System.ServiceModel.Syndication": "9.0.4",
          "System.ServiceProcess.ServiceController": "9.0.4",
          "System.Speech": "9.0.4",
          "System.Text.Encoding.CodePages": "9.0.4",
          "System.Threading.AccessControl": "9.0.4",
          "System.Web.Services.Description": "4.10.0"
        }
      },
      "MSTest.Analyzers": {
        "type": "Transitive",
        "resolved": "3.8.3",
        "contentHash": "ZwPLmUJlelfBxq50J+xJVCCL8Ftysj2ymidyImFIFcktYgDn1rjaIOrYb2hPvLUTve9vIoSQClLygcYpEWEfkw=="
      },
      "MSTest.TestFramework": {
        "type": "Transitive",
        "resolved": "3.8.3",
        "contentHash": "WGIxZYQrWm+9Md3oRiRaGvq4uTqbLt0T543gAyIQhYP1olvUH7ptH7rmR1SZ60SrJ8mjH5BBEjmB/4kX++u7JA==",
        "dependencies": {
          "MSTest.Analyzers": "3.8.3"
        }
      },
      "Newtonsoft.Json": {
        "type": "Transitive",
        "resolved": "13.0.3",
        "contentHash": "HrC5BXdl00IP9zeV+0Z848QWPAoCr9P3bDEZguI+gkLcBKAOxix/tLEAAHC+UvDNPv4a2d18lOReHMOagPa+zQ=="
      },
      "NuGet.Common": {
        "type": "Transitive",
        "resolved": "6.13.2",
        "contentHash": "JnUbEq6XtyF6+mPbGx3ZjTD07SCx39EL0wZ5RCXaHkstI3J4uK9OcofTbYDmKSKEUt6CU6UaNM5kE+n1HXtL0w==",
        "dependencies": {
          "NuGet.Frameworks": "6.13.2",
          "System.Collections.Immutable": "8.0.0"
        }
      },
      "NuGet.Configuration": {
        "type": "Transitive",
        "resolved": "6.13.2",
        "contentHash": "ByqCXO43kRdG0hLt1/izvHr/eswT0k1hspTaQxAxOq02MDw1j9RGzic+8F6NJwP4FhWBKhXOEReboIcEDt+1eg==",
        "dependencies": {
          "NuGet.Common": "6.13.2",
          "System.Security.Cryptography.ProtectedData": "4.4.0"
        }
      },
      "NuGet.Frameworks": {
        "type": "Transitive",
        "resolved": "6.13.2",
        "contentHash": "SQKUf56j7IdJL//fU7fcmn234awjRA2qLvgbfs/TxmY7oJrNOxaaDxASyCbS4eJW3LCOd6ONHMZ/cPlbQh4xVg=="
      },
      "NuGet.Packaging": {
        "type": "Transitive",
        "resolved": "6.13.2",
        "contentHash": "MWpK+ORENvn39Tzff2n9AWgAEVkPenflON11CgMnzhcbGGvZGtTcGskLmKgaB/pUAxSsJ6NCrew/zQsS22kCvg==",
        "dependencies": {
          "Newtonsoft.Json": "13.0.3",
          "NuGet.Configuration": "6.13.2",
          "NuGet.Versioning": "6.13.2",
          "System.Formats.Asn1": "8.0.1",
          "System.Security.Cryptography.Pkcs": "6.0.4"
        }
      },
      "NuGet.Protocol": {
        "type": "Transitive",
        "resolved": "6.13.2",
        "contentHash": "IbU1xt4RrZ5YHOjI8D7qBH6pOBle9zaW1BmGAIsYYw6lwNNli0Q0sE5fWr+BOEoIJNQjVVWL+N7yBL2tR8BmcQ==",
        "dependencies": {
          "NuGet.Packaging": "6.13.2"
        }
      },
      "NuGet.Versioning": {
        "type": "Transitive",
        "resolved": "6.13.2",
        "contentHash": "pGYNyvCVM+Z9jITTiJiuxFC8oJXFdh2k25ZDV4tSAOSuKyAWvh1VcfJy0WZGWdI6J7Avkbl0qra7XENYFSy4Ng=="
      },
      "NUnit": {
        "type": "Transitive",
        "resolved": "4.3.2",
        "contentHash": "puVXayXNmEu7MFQSUswGmUjOy3M3baprMbkLl5PAutpeDoGTr+jPv33qAYsqxywi2wJCq8l/O3EhHoLulPE1iQ=="
      },
      "runtime.android-arm.runtime.native.System.IO.Ports": {
        "type": "Transitive",
        "resolved": "9.0.4",
        "contentHash": "5nNvTbKRkrIYTm48h2n2gPR4Roat2W1ALkThnqeKuGYcnTVMnrAXi0IfLZR3IhIlQ3CfQ4zqjTWFHk3O2/cQDQ=="
      },
      "runtime.android-arm64.runtime.native.System.IO.Ports": {
        "type": "Transitive",
        "resolved": "9.0.4",
        "contentHash": "zSIn0tjbcEMj8SCerMo1UGq1dKWbTXTM2qtu0O8h+C0QsPh6L0DZKd92kHuVe3DsryotKVdqHivbQv3JCUHX6A=="
      },
      "runtime.android-x64.runtime.native.System.IO.Ports": {
        "type": "Transitive",
        "resolved": "9.0.4",
        "contentHash": "Ut0XmnR22XEhVH9niETFA5MX18ri8Hj273iC2v4B4GxVdczjdIdoCV/NXEqr0Krq9ngK5IQr2bZ8cGu9l4i1Yg=="
      },
      "runtime.android-x86.runtime.native.System.IO.Ports": {
        "type": "Transitive",
        "resolved": "9.0.4",
        "contentHash": "t194lL5QZ9wYU5DmR8YApguB7bshAngwi89sttOPcGwBZxUdW9Zxg30VXAnecPwy2f0kulHyfhyHac216rABKw=="
      },
      "runtime.linux-arm.runtime.native.System.IO.Ports": {
        "type": "Transitive",
        "resolved": "9.0.4",
        "contentHash": "45EPNw3aK3C/LNb/n3J4fLoDAZHMBpQJ/c1wcsJQZXp/w4s7MIHceYB9xqhYjCmtSOE2pBhDgogtRzfETHfriw=="
      },
      "runtime.linux-arm64.runtime.native.System.IO.Ports": {
        "type": "Transitive",
        "resolved": "9.0.4",
        "contentHash": "27N/9PkhBqSGKtdop6Qg4AOdcAtWeGQSUeBVF+oijFPTAZvlcugmtxLZRldovEjd2SZL30PiOjoVIQWKD6kR1w=="
      },
      "runtime.linux-bionic-arm64.runtime.native.System.IO.Ports": {
        "type": "Transitive",
        "resolved": "9.0.4",
        "contentHash": "T7Z3P/NjvCetnKBvb3/azngU7KvN9i9iNZaywK4Gptoi/OZNUT1Zh2btwSFC3p8dKtG7YdtSASG556bVPGWMCA=="
      },
      "runtime.linux-bionic-x64.runtime.native.System.IO.Ports": {
        "type": "Transitive",
        "resolved": "9.0.4",
        "contentHash": "dbf+R8kZcJo0hAbQhcDjRZKBO5b8Nge8hJVCe/U8yo5cZY8ryDlwGfDkUemFeKdI6cxzcV6t+B6YsO6HzwzZvw=="
      },
      "runtime.linux-musl-arm.runtime.native.System.IO.Ports": {
        "type": "Transitive",
        "resolved": "9.0.4",
        "contentHash": "H9ObF2A79dVfVKwNQ9zEOlIgAr6Cufsz+eMALq8CQUcn3MX1F4tBlhtP5nE2JEK6ERTeIgKJ3Jt59tZ6Il1p5A=="
      },
      "runtime.linux-musl-arm64.runtime.native.System.IO.Ports": {
        "type": "Transitive",
        "resolved": "9.0.4",
        "contentHash": "zgqN6GKr/8mRQb1I3sLzHdCbxv01eXrWEorDu6dg2AktYX4ICsGiHzpm+SkeLxznIM68hMkslGr4A8FF1VLf6Q=="
      },
      "runtime.linux-musl-x64.runtime.native.System.IO.Ports": {
        "type": "Transitive",
        "resolved": "9.0.4",
        "contentHash": "ol6VYfBYGqSfqzcIPdIM6LOC8xnJjuJg3MUczi0vuSA0PfTYweep5DDyP3qmglh7wrSvvnaedAP6505Kp2jjPg=="
      },
      "runtime.linux-x64.runtime.native.System.IO.Ports": {
        "type": "Transitive",
        "resolved": "9.0.4",
        "contentHash": "/YaCelKLkIC57MAZ/1l7ctBG1q2CbwQxRwjjKLGt7eSqsX+A3IIG41hMsxFTCqIJisEPC8ov3zVTtnSKfop3vg=="
      },
      "runtime.maccatalyst-arm64.runtime.native.System.IO.Ports": {
        "type": "Transitive",
        "resolved": "9.0.4",
        "contentHash": "3aVVHiHrK0iA3KhC+9k3H2kFccEZtzp9Q5qVB4WYPMx75+bvKq7YG/f8eImrnXY+0CawwdU4T2F1N/yyd3P1zw=="
      },
      "runtime.maccatalyst-x64.runtime.native.System.IO.Ports": {
        "type": "Transitive",
        "resolved": "9.0.4",
        "contentHash": "mY8meyI74mHWD8C+YD5T4glgH1moe/QYIvOjKoJp68oUa9H2hAq7KTvVD74u9ZMOU0Ectt7pj1jINziduYaXHg=="
      },
      "runtime.native.System.Data.SqlClient.sni": {
        "type": "Transitive",
        "resolved": "4.7.0",
        "contentHash": "9kyFSIdN3T0qjDQ2R0HRXYIhS3l5psBzQi6qqhdLz+SzFyEy4sVxNOke+yyYv8Cu8rPER12c3RDjLT8wF3WBYQ==",
        "dependencies": {
          "runtime.win-arm64.runtime.native.System.Data.SqlClient.sni": "4.4.0",
          "runtime.win-x64.runtime.native.System.Data.SqlClient.sni": "4.4.0",
          "runtime.win-x86.runtime.native.System.Data.SqlClient.sni": "4.4.0"
        }
      },
      "runtime.native.System.IO.Ports": {
        "type": "Transitive",
        "resolved": "9.0.4",
        "contentHash": "8acFIuku7gZytPQ8IQXikr5gpYY+OmRL0hUQth6vUxTSgWHxTHt8O17BD+dnuSJTrT+oVjqcvFuE7y+GHZVu5A==",
        "dependencies": {
          "runtime.android-arm.runtime.native.System.IO.Ports": "9.0.4",
          "runtime.android-arm64.runtime.native.System.IO.Ports": "9.0.4",
          "runtime.android-x64.runtime.native.System.IO.Ports": "9.0.4",
          "runtime.android-x86.runtime.native.System.IO.Ports": "9.0.4",
          "runtime.linux-arm.runtime.native.System.IO.Ports": "9.0.4",
          "runtime.linux-arm64.runtime.native.System.IO.Ports": "9.0.4",
          "runtime.linux-bionic-arm64.runtime.native.System.IO.Ports": "9.0.4",
          "runtime.linux-bionic-x64.runtime.native.System.IO.Ports": "9.0.4",
          "runtime.linux-musl-arm.runtime.native.System.IO.Ports": "9.0.4",
          "runtime.linux-musl-arm64.runtime.native.System.IO.Ports": "9.0.4",
          "runtime.linux-musl-x64.runtime.native.System.IO.Ports": "9.0.4",
          "runtime.linux-x64.runtime.native.System.IO.Ports": "9.0.4",
          "runtime.maccatalyst-arm64.runtime.native.System.IO.Ports": "9.0.4",
          "runtime.maccatalyst-x64.runtime.native.System.IO.Ports": "9.0.4",
          "runtime.osx-arm64.runtime.native.System.IO.Ports": "9.0.4",
          "runtime.osx-x64.runtime.native.System.IO.Ports": "9.0.4"
        }
      },
      "runtime.osx-arm64.runtime.native.System.IO.Ports": {
        "type": "Transitive",
        "resolved": "9.0.4",
        "contentHash": "aLNRjefYluZLbXK7vxU3CezR+Nrimff1OQivr71SoZCS5nLXPi8cSKib8apgdwiooR2fHOlGF+FR6k2D0l2B1A=="
      },
      "runtime.osx-x64.runtime.native.System.IO.Ports": {
        "type": "Transitive",
        "resolved": "9.0.4",
        "contentHash": "b4Ik3pgeaGXmy3J3+fa3QmZatpq0ikWq6toEQYKTHuGIL/0dzYWYIoUNvSTEbsr3IF7XZPrNOKTxK7tcIsMqWA=="
      },
      "runtime.win-arm64.runtime.native.System.Data.SqlClient.sni": {
        "type": "Transitive",
        "resolved": "4.4.0",
        "contentHash": "LbrynESTp3bm5O/+jGL8v0Qg5SJlTV08lpIpFesXjF6uGNMWqFnUQbYBJwZTeua6E/Y7FIM1C54Ey1btLWupdg=="
      },
      "runtime.win-x64.runtime.native.System.Data.SqlClient.sni": {
        "type": "Transitive",
        "resolved": "4.4.0",
        "contentHash": "38ugOfkYJqJoX9g6EYRlZB5U2ZJH51UP8ptxZgdpS07FgOEToV+lS11ouNK2PM12Pr6X/PpT5jK82G3DwH/SxQ=="
      },
      "runtime.win-x86.runtime.native.System.Data.SqlClient.sni": {
        "type": "Transitive",
        "resolved": "4.4.0",
        "contentHash": "YhEdSQUsTx+C8m8Bw7ar5/VesXvCFMItyZF7G1AUY+OM0VPZUOeAVpJ4Wl6fydBGUYZxojTDR3I6Bj/+BPkJNA=="
      },
      "Serilog": {
        "type": "Transitive",
        "resolved": "4.2.0",
        "contentHash": "gmoWVOvKgbME8TYR+gwMf7osROiWAURterc6Rt2dQyX7wtjZYpqFiA/pY6ztjGQKKV62GGCyOcmtP1UKMHgSmA=="
      },
      "Serilog.Sinks.Console": {
        "type": "Transitive",
        "resolved": "6.0.0",
        "contentHash": "fQGWqVMClCP2yEyTXPIinSr5c+CBGUvBybPxjAGcf7ctDhadFhrQw03Mv8rJ07/wR5PDfFjewf2LimvXCDzpbA==",
        "dependencies": {
          "Serilog": "4.0.0"
        }
      },
      "Serilog.Sinks.File": {
        "type": "Transitive",
        "resolved": "6.0.0",
        "contentHash": "lxjg89Y8gJMmFxVkbZ+qDgjl+T4yC5F7WSLTvA+5q0R04tfKVLRL/EHpYoJ/MEQd2EeCKDuylBIVnAYMotmh2A==",
        "dependencies": {
          "Serilog": "4.0.0"
        }
      },
      "Serilog.Sinks.Seq": {
        "type": "Transitive",
        "resolved": "9.0.0",
        "contentHash": "aNU8A0K322q7+voPNmp1/qNPH+9QK8xvM1p72sMmCG0wGlshFzmtDW9QnVSoSYCj0MgQKcMOlgooovtBhRlNHw==",
        "dependencies": {
          "Serilog": "4.2.0",
          "Serilog.Sinks.File": "6.0.0"
        }
      },
      "System.CodeDom": {
        "type": "Transitive",
        "resolved": "9.0.4",
        "contentHash": "aJdv7Z87PoPW8ijvGIincocooYRbH3Umtlz7OrJKf6GDInbdu1bvk5X1fFlmbl7WP+9ntoIBd7NjKz+siVFdHA=="
      },
      "System.ComponentModel.Composition": {
        "type": "Transitive",
        "resolved": "9.0.4",
        "contentHash": "8iLE2dR3kQuj8vOQFBIGXwSb9oDCwlbO6YskpS3nbxb58xtombuqmILuw1u3GNWREOiQa9VleGBQh7hgU9Gc2w=="
      },
      "System.ComponentModel.Composition.Registration": {
        "type": "Transitive",
        "resolved": "9.0.4",
        "contentHash": "Ie1WC0asrNchZ+t1HgN2W/DL+7AcFrK3MYy7Orf/1fefnTD5ED40M6sfkT0Mfgmq/qK16fkTV09Ld5tRiD0h7Q==",
        "dependencies": {
          "System.ComponentModel.Composition": "9.0.4",
          "System.Reflection.Context": "9.0.4"
        }
      },
      "System.Configuration.ConfigurationManager": {
        "type": "Transitive",
        "resolved": "9.0.4",
        "contentHash": "dvjqKp+2LpGid6phzrdrS/2mmEPxFl3jE1+L7614q4ZChKbLJCpHXg6sBILlCCED1t//EE+un/UdAetzIMpqnw==",
        "dependencies": {
          "System.Diagnostics.EventLog": "9.0.4",
          "System.Security.Cryptography.ProtectedData": "9.0.4"
        }
      },
      "System.Data.Odbc": {
        "type": "Transitive",
        "resolved": "9.0.4",
        "contentHash": "fxBPK4Tq/0ZIBqwFKQCqUHli0fDuwIwr/u+J0wS9qtQTWxXvAT0xfhfybktCkm97zJ8FJVGS9IuSBsfMWxRjEw=="
      },
      "System.Data.OleDb": {
        "type": "Transitive",
        "resolved": "9.0.4",
        "contentHash": "b4n3L1M67SpXLcbAknhv4sOMoki3u21MFyv93nI8TiuiWFk2HAiXSh3kNQtQ3BPPk5Xm9rRcNTSYTgXd5T5yFA==",
        "dependencies": {
          "System.Configuration.ConfigurationManager": "9.0.4",
          "System.Diagnostics.PerformanceCounter": "9.0.4"
        }
      },
      "System.Data.SqlClient": {
        "type": "Transitive",
        "resolved": "4.8.6",
        "contentHash": "2Ij/LCaTQRyAi5lAv7UUTV9R2FobC8xN9mE0fXBZohum/xLl8IZVmE98Rq5ugQHjCgTBRKqpXRb4ORulRdA6Ig==",
        "dependencies": {
          "Microsoft.Win32.Registry": "4.7.0",
          "System.Security.Principal.Windows": "4.7.0",
          "runtime.native.System.Data.SqlClient.sni": "4.7.0"
        }
      },
      "System.Diagnostics.DiagnosticSource": {
        "type": "Transitive",
        "resolved": "8.0.1",
        "contentHash": "vaoWjvkG1aenR2XdjaVivlCV9fADfgyhW5bZtXT23qaEea0lWiUljdQuze4E31vKM7ZWJaSUsbYIKE3rnzfZUg=="
      },
      "System.Diagnostics.EventLog": {
        "type": "Transitive",
        "resolved": "9.0.4",
        "contentHash": "getRQEXD8idlpb1KW56XuxImMy0FKp2WJPDf3Qr0kI/QKxxJSftqfDFVo0DZ3HCJRLU73qHSruv5q2l5O47jQQ=="
      },
      "System.Diagnostics.PerformanceCounter": {
        "type": "Transitive",
        "resolved": "9.0.4",
        "contentHash": "dPtvbm/WuXQHFHzi/lC0bO+AJAEx5m/Gdk9A0JSXjAD/AQtXKCEOInP9VhADovaf595pjCGV0jqRFzkqDUzrqw==",
        "dependencies": {
          "System.Configuration.ConfigurationManager": "9.0.4"
        }
      },
      "System.DirectoryServices": {
        "type": "Transitive",
        "resolved": "9.0.4",
        "contentHash": "qYUtcmdjVXnr8i7I8CrTovmFWLiaKexmsONERt3+SUiAwjAiPmjFe5n56Jh2J44LP1mCIAQOEmpDNQ0e0DWBwQ=="
      },
      "System.DirectoryServices.AccountManagement": {
        "type": "Transitive",
        "resolved": "9.0.4",
        "contentHash": "rQH+PhZS91rupPW5NpM2DmgI0QClrdWqGMOGphvBTvb1gnqG/1EbYnNzP8rSIzDJgWEEILXyLHaw2BeBPH2NkQ==",
        "dependencies": {
          "System.Configuration.ConfigurationManager": "9.0.4",
          "System.DirectoryServices": "9.0.4",
          "System.DirectoryServices.Protocols": "9.0.4"
        }
      },
      "System.DirectoryServices.Protocols": {
        "type": "Transitive",
        "resolved": "9.0.4",
        "contentHash": "fGdiJme2/nN4xKV6sP67bN4HBz+EdoTYECFH5YVIiIRm/AJwCB+Y/4NW/7xtOFR2h6STlTY+e2/VztiaSI+ZaA=="
      },
      "System.Drawing.Common": {
        "type": "Transitive",
        "resolved": "9.0.4",
        "contentHash": "SbtusMUT1bCxZ14904ZPo2GZyelze0rwUni9wXrp8KX9Zlsda8idqpxra1RBvOA85WM0wW+fCI4GLrlCTYiE6A==",
        "dependencies": {
          "Microsoft.Win32.SystemEvents": "9.0.4"
        }
      },
      "System.Formats.Asn1": {
        "type": "Transitive",
        "resolved": "8.0.1",
        "contentHash": "XqKba7Mm/koKSjKMfW82olQdmfbI5yqeoLV/tidRp7fbh5rmHAQ5raDI/7SU0swTzv+jgqtUGkzmFxuUg0it1A=="
      },
      "System.IO.Packaging": {
        "type": "Transitive",
        "resolved": "9.0.4",
        "contentHash": "p4E6xqW9T8zTgS1NoB3oYkeuNp75bKMK11YuArrkg52wygxcQjbcPB8Ryh9E5ohLu+ZRCqmsg7flE9F9fUeeyA=="
      },
      "System.IO.Ports": {
        "type": "Transitive",
        "resolved": "9.0.4",
        "contentHash": "3YWwrBYZg2MabN7QYAOLToYJn551a+lXHsLW9biyXi+162+BjrkXrRsXioPSAoc+7mSim8B/iFPlOYc1BKnOhA==",
        "dependencies": {
          "runtime.native.System.IO.Ports": "9.0.4"
        }
      },
      "System.Management": {
        "type": "Transitive",
        "resolved": "9.0.4",
        "contentHash": "MfY9+SrkSvchAoFiChTkhQYCAjBaQQ9u3LwiKmho7oTbujucnxCzORlPgLhId/ChLSptsQ/1UmtPGLZaKYVdsA==",
        "dependencies": {
          "System.CodeDom": "9.0.4"
        }
      },
      "System.Numerics.Vectors": {
        "type": "Transitive",
        "resolved": "4.5.0",
        "contentHash": "QQTlPTl06J/iiDbJCiepZ4H//BVraReU4O4EoRw1U02H5TLUIT7xn3GnDp9AXPSlJUDyFs4uWjWafNX6WrAojQ=="
      },
      "System.Private.ServiceModel": {
        "type": "Transitive",
        "resolved": "4.10.0",
        "contentHash": "dB4hD50X7FaCCPoMJ+TShvSVXEHWBD/GKEd494N4a3V+avJmNFmKK7bM40J1zsj+QWt66DG2YkwWlRf/OHx8zw==",
        "dependencies": {
          "Microsoft.Bcl.AsyncInterfaces": "5.0.0",
          "Microsoft.Extensions.ObjectPool": "5.0.10",
          "System.Numerics.Vectors": "4.5.0",
          "System.Reflection.DispatchProxy": "4.7.1",
          "System.Security.Cryptography.Xml": "5.0.0",
          "System.Security.Principal.Windows": "5.0.0"
        }
      },
      "System.Reflection.Context": {
        "type": "Transitive",
        "resolved": "9.0.4",
        "contentHash": "5ai+AIAVXlXC60uPbLILi9HFmaaFz2kjOVSBxgNbKNR3dNtcpa3WEQTnOo7UzFK+xJZBrmxlQ3KSHIFfnW0bwQ=="
      },
      "System.Reflection.DispatchProxy": {
        "type": "Transitive",
        "resolved": "4.7.1",
        "contentHash": "C1sMLwIG6ILQ2bmOT4gh62V6oJlyF4BlHcVMrOoor49p0Ji2tA8QAoqyMcIhAdH6OHKJ8m7BU+r4LK2CUEOKqw=="
      },
      "System.Reflection.Metadata": {
        "type": "Transitive",
        "resolved": "9.0.4",
        "contentHash": "qeJNsMmZPc/Lieg0Md+D4F6LoLcxV3b9QsUNmBRXc2ZVOkMbAcwuO9l2jbQFv3n+fLiHJilN8v6i5aJNivjrCQ=="
      },
      "System.Runtime.Caching": {
        "type": "Transitive",
        "resolved": "9.0.4",
        "contentHash": "ePDc9MvE/9QXeY6lU4Y85hjOSRzqdDF1XlqINhpThLKV33PYC2fLu/fadwDCWplq3mSef7Fof3vui3FUWpUp6w==",
        "dependencies": {
          "System.Configuration.ConfigurationManager": "9.0.4"
        }
      },
      "System.Security.AccessControl": {
        "type": "Transitive",
        "resolved": "6.0.0",
        "contentHash": "AUADIc0LIEQe7MzC+I0cl0rAT8RrTAKFHl53yHjEUzNVIaUlhFY11vc2ebiVJzVBuOzun6F7FBA+8KAbGTTedQ=="
      },
      "System.Security.Cryptography.Pkcs": {
        "type": "Transitive",
        "resolved": "9.0.4",
        "contentHash": "cUFTcMlz/Qw9s90b2wnWSCvHdjv51Bau9FQqhsr4TlwSe1OX+7SoXUqphis5G74MLOvMOCghxPPlEqOdCrVVGA=="
      },
      "System.Security.Cryptography.ProtectedData": {
        "type": "Transitive",
        "resolved": "9.0.4",
        "contentHash": "o94k2RKuAce3GeDMlUvIXlhVa1kWpJw95E6C9LwW0KlG0nj5+SgCiIxJ2Eroqb9sLtG1mEMbFttZIBZ13EJPvQ=="
      },
      "System.Security.Cryptography.Xml": {
        "type": "Transitive",
        "resolved": "9.0.4",
        "contentHash": "YXQBGO+rIp142WrIVqq5HyOx6fTKDMHxhGWNeSYZDSMH6AnCEmx6ue6GMokdg+LTWEqtomPguRMiL3KT0LUeAg==",
        "dependencies": {
          "System.Security.Cryptography.Pkcs": "9.0.4"
        }
      },
      "System.Security.Permissions": {
        "type": "Transitive",
        "resolved": "9.0.4",
        "contentHash": "klHa+d7n6Nc7IjaJygnbqgTMoYOQCaCP/G38T0vjIDuls9uatPsyofrTc3OQBdcKk/rjGDSIzIFUX/OF4yxVlQ==",
        "dependencies": {
          "System.Windows.Extensions": "9.0.4"
        }
      },
      "System.Security.Principal.Windows": {
        "type": "Transitive",
        "resolved": "5.0.0",
        "contentHash": "t0MGLukB5WAVU9bO3MGzvlGnyJPgUlcwerXn1kzBRjwLKixT96XV0Uza41W49gVd8zEMFu9vQEFlv0IOrytICA=="
      },
      "System.ServiceModel.Duplex": {
        "type": "Transitive",
        "resolved": "4.10.0",
        "contentHash": "4TiHY9zNCyU5++0hzgQQY8Lg2iUxBndRbo/xVWxljqekBiPSK037QASLD4ZZCKc/JcA4cpHUFDXZjzrdVVn6aw==",
        "dependencies": {
          "System.Private.ServiceModel": "4.10.0",
          "System.ServiceModel.Primitives": "4.10.0"
        }
      },
      "System.ServiceModel.Http": {
        "type": "Transitive",
        "resolved": "4.10.0",
        "contentHash": "/PbmNSEwTQ7Vizor3F/Zp8bzR6L9YZNGIwGr1Tyc//ZZuAYDhiwiMbNpX3EnPZM63qD2bJmR/FWH9S5Ffp8K6g==",
        "dependencies": {
          "System.Private.ServiceModel": "4.10.0",
          "System.ServiceModel.Primitives": "4.10.0"
        }
      },
      "System.ServiceModel.NetTcp": {
        "type": "Transitive",
        "resolved": "4.10.0",
        "contentHash": "tG69H0sRdzEuOcdGzsZwbmPk54Akb3t1Db4SSXN6hSTOc2ZBFu1jLt5wJA6ATbIjJ5WqXA8beRNLhO77lBNIdA==",
        "dependencies": {
          "System.Private.ServiceModel": "4.10.0",
          "System.ServiceModel.Primitives": "4.10.0"
        }
      },
      "System.ServiceModel.Primitives": {
        "type": "Transitive",
        "resolved": "4.10.0",
        "contentHash": "BtrvvpgU2HolcC0tUf1g+n4Fk5kLhfbIBgRibcGe7TDHXcy6zTfkyXxR88rl2tO4KEPLkJXxWf/HW/LJmsI0Ew==",
        "dependencies": {
          "System.Private.ServiceModel": "4.10.0"
        }
      },
      "System.ServiceModel.Security": {
        "type": "Transitive",
        "resolved": "4.10.0",
        "contentHash": "/COEfB7QqKW37DOfmzJG6rd0apH0uMMCYNDUir9ZVDQR/ulQHx12T/5jMTo25YgUUk++i0SfGDbzutMH3w/nQg==",
        "dependencies": {
          "System.Private.ServiceModel": "4.10.0",
          "System.ServiceModel.Primitives": "4.10.0"
        }
      },
      "System.ServiceModel.Syndication": {
        "type": "Transitive",
        "resolved": "9.0.4",
        "contentHash": "j7WkV38j0ZSjG716WPR8YQfOnSs2qCMgFzzZzQnwzmyJtimsploZ0kjahpZsQ82DHg1EoCdGlrs+9zseNBs1nA=="
      },
      "System.ServiceProcess.ServiceController": {
        "type": "Transitive",
        "resolved": "9.0.4",
        "contentHash": "j6Z+ED1d/yxe/Cm+UlFf+LNw2HSYBSgtFh71KnEEmUtHIwgoTVQxji5URvXPOAZ7iuKHItjMIzpCLyRZc8OmrQ==",
        "dependencies": {
          "System.Diagnostics.EventLog": "9.0.4"
        }
      },
      "System.Speech": {
        "type": "Transitive",
        "resolved": "9.0.4",
        "contentHash": "XpRYztNXNwH84pwjUNXPTO5TptugoPGJUZNztilpHo4RQ8oBsAqbhy7RhMTEcoJ3tfGLtizezk0r2AiJczpUFA=="
      },
      "System.Text.Encoding.CodePages": {
        "type": "Transitive",
        "resolved": "9.0.4",
        "contentHash": "2lmgWFN1nRaLqIQvbPeL/N0h2SFftmRyckEM9kHO3eRDniN+07nPDepC1HEPgeD+Nzihyi0r8VGTErj6WTO9KQ=="
      },
      "System.Threading.AccessControl": {
        "type": "Transitive",
        "resolved": "9.0.4",
        "contentHash": "Zg3MqTbRI5z+vMpKCDzqDg+ct0DUWQBA/nHNVqDlpOV23rtNBvYwz3Mxuvzp7YCse1a/V6qbotvAbUMIN7CI4Q=="
      },
      "System.Web.Services.Description": {
        "type": "Transitive",
        "resolved": "4.10.0",
        "contentHash": "Dwr64geRujAwnI+wPMJP1rf4pFaYRITrAS7EIGd0GVMwQ8OayM6ypwmnAPzQG4YTyN84w6KD5Rv8LJywYK+vUA=="
      },
      "System.Windows.Extensions": {
        "type": "Transitive",
        "resolved": "9.0.4",
        "contentHash": "LBfgiBxCpJWch0PI7h55FyzlCdSXxBZM2/B/H+v1SBkhux/Da8L3fIP+r7WFwNuTfKiClNfB0Ne3BL12xiCEGw=="
      },
      "xunit.analyzers": {
        "type": "Transitive",
        "resolved": "1.21.0",
        "contentHash": "2KvcXvsqZQnwQmdEJC4BGXCsllgMtfbhlnY7MlDu5ZsKLWDEnYT5PNqGLiQQnxQYqwkOyTPAbrCwUyI9ZfJ2fg=="
      },
      "xunit.v3.assert": {
        "type": "Transitive",
        "resolved": "2.0.1",
        "contentHash": "kRHFGQx8InD5VhLxUVGoNLQ+zieMHGRcqIoybggCqWJJR/YQVo/BbfVq2tlxuC/D6Fh7hciDQQtuiz0qxbkHLg=="
      },
      "xunit.v3.common": {
        "type": "Transitive",
        "resolved": "2.0.1",
        "contentHash": "yAiB2YncUZ9NTzaByPElXFXZLnmksy5H9ufNqV1vAWRBWVohBnM7pwVcJG86nI7ZYnCJAulEqSTlw6O+JaXi5A==",
        "dependencies": {
          "Microsoft.Bcl.AsyncInterfaces": "6.0.0"
        }
      },
      "xunit.v3.core": {
        "type": "Transitive",
        "resolved": "2.0.1",
        "contentHash": "CtLhyvFOMvd+OG83GoYXOAtlImg9kVG0mC0Oz520BG8UkRLXXrHxQH8o4VG97FTNouCQV5luejUc2S6F3Plgsg==",
        "dependencies": {
          "Microsoft.Testing.Platform.MSBuild": "1.6.3",
          "xunit.v3.extensibility.core": "[2.0.1]",
          "xunit.v3.runner.inproc.console": "[2.0.1]"
        }
      },
      "xunit.v3.extensibility.core": {
        "type": "Transitive",
        "resolved": "2.0.1",
        "contentHash": "bSJU4PidfMf9qnLzEozplpy2BrZcj+lZshuUtzuT2Itq4h7RuanldGkz/ybYTI7jThXiUUkSytnCT3+D5h1yrA==",
        "dependencies": {
          "xunit.v3.common": "[2.0.1]"
        }
      },
      "xunit.v3.runner.common": {
        "type": "Transitive",
        "resolved": "2.0.1",
        "contentHash": "XhHprIUiDH1gHdlbHz2Dd2FIiooo82wkzOe+llaw+rIHij4G/vSDxLUTvhSUX6ZpbeHc1i3oEc2DahCFKidwzQ==",
        "dependencies": {
          "xunit.v3.common": "[2.0.1]"
        }
      },
      "xunit.v3.runner.inproc.console": {
        "type": "Transitive",
        "resolved": "2.0.1",
        "contentHash": "MBk3QekEbnlueTQVfNzXbrDXRSPFUsqBppSHPmkZpcJai06bbv6CAHUZciOjxUj5Y0F2MKhdc5XSiu0bwZUrfA==",
        "dependencies": {
          "Microsoft.Testing.Extensions.TrxReport.Abstractions": "1.6.3",
          "Microsoft.Testing.Platform": "1.6.3",
          "xunit.v3.extensibility.core": "[2.0.1]",
          "xunit.v3.runner.common": "[2.0.1]"
        }
      },
      "Zio": {
        "type": "Transitive",
        "resolved": "0.19.2",
        "contentHash": "3SArsp3QZH9b3qmkfmSp0IlYF9954YEPWbSBaemTcf/iYBrce3qI3fLzHGHkuVyy3Cd5QYNdyPIl/S8HXKHWtg=="
      },
      "arbor.build.core": {
        "type": "Project",
        "dependencies": {
          "Arbor.Aesculus": "[3.9.0, )",
          "Arbor.FileSystem": "[0.6.0, )",
          "Arbor.KVConfiguration.Core": "[2.8.0, )",
          "Arbor.KVConfiguration.JsonConfiguration": "[2.8.0, )",
          "Arbor.KVConfiguration.Schema.Json": "[2.8.0, )",
          "Arbor.KVConfiguration.UserConfiguration": "[2.8.0, )",
          "Arbor.Processing": "[0.6.0, )",
          "Arbor.Sorbus": "[4.0.0, )",
          "Arbor.Tooler": "[1.1.0, )",
          "Autofac": "[8.3.0, )",
          "JetBrains.Annotations": "[2024.3.0, )",
          "MSTest.TestFramework": "[3.8.3, )",
          "Microsoft.Web.Xdt": "[3.1.0, )",
          "Microsoft.Windows.Compatibility": "[9.0.4, )",
          "NUnit": "[4.3.2, )",
          "Newtonsoft.Json": "[13.0.3, )",
          "NuGet.Packaging": "[6.13.2, )",
          "NuGet.Protocol": "[6.13.2, )",
          "NuGet.Versioning": "[6.13.2, )",
          "Serilog": "[4.2.0, )",
          "Serilog.Sinks.Console": "[6.0.0, )",
          "Serilog.Sinks.Seq": "[9.0.0, )",
          "System.Collections.Immutable": "[9.0.4, )",
          "System.Reflection.Metadata": "[9.0.4, )",
          "xunit.v3.extensibility.core": "[2.0.1, )"
        }
      }
    }
  }
}