{
  "version": 1,
  "dependencies": {
    "net10.0": {
      "coverlet.collector": {
        "type": "Direct",
        "requested": "[8.0.1, )",
        "resolved": "8.0.1",
        "contentHash": "heVQl5tKYnnIDYlR1QMVGueYH6iriZTcZB6AjDczQNwZzxkjDIt9C84Pt4cCiZYrbo7jkZOYGWbs6Lo9wAtVLg=="
      },
      "coverlet.msbuild": {
        "type": "Direct",
        "requested": "[8.0.1, )",
        "resolved": "8.0.1",
        "contentHash": "YkP5ZQBSwDno2uUdND/x0tmyLOacCxvKwSN2iEvndpw7OzBaH7STi2xeA06KKkyYHN0m76qDK8Pdz1CVdAPoeg=="
      },
      "Microsoft.NET.Test.Sdk": {
        "type": "Direct",
        "requested": "[18.4.0, )",
        "resolved": "18.4.0",
        "contentHash": "w49iZdL4HL6V25l41NVQLXWQ+e71GvSkKVteMrOL02gP/PUkcnO/1yEb2s9FntU4wGmJWfKnyrRAhcMHd9ZZNA==",
        "dependencies": {
          "Microsoft.CodeCoverage": "18.4.0",
          "Microsoft.TestPlatform.TestHost": "18.4.0"
        }
      },
      "Shouldly": {
        "type": "Direct",
        "requested": "[4.3.0, )",
        "resolved": "4.3.0",
        "contentHash": "sDetrWXrl6YXZ4HeLsdBoNk3uIa7K+V4uvIJ+cqdRa5DrFxeTED7VkjoxCuU1kJWpUuBDZz2QXFzSxBtVXLwRQ==",
        "dependencies": {
          "DiffEngine": "11.3.0",
          "EmptyFiles": "4.4.0"
        }
      },
      "xunit.runner.visualstudio": {
        "type": "Direct",
        "requested": "[3.1.5, )",
        "resolved": "3.1.5",
        "contentHash": "tKi7dSTwP4m5m9eXPM2Ime4Kn7xNf4x4zT9sdLO/G4hZVnQCRiMTWoSZqI/pYTVeI27oPPqHBKYI/DjJ9GsYgA=="
      },
      "xunit.v3": {
        "type": "Direct",
        "requested": "[3.2.2, )",
        "resolved": "3.2.2",
        "contentHash": "L+4/4y0Uqcg8/d6hfnxhnwh4j9FaeULvefTwrk30rr1o4n/vdPfyUQ8k0yzH8VJx7bmFEkDdcRfbtbjEHlaYcA==",
        "dependencies": {
          "xunit.v3.mtp-v1": "[3.2.2]"
        }
      },
      "Arbor.Aesculus": {
        "type": "Transitive",
        "resolved": "3.9.0",
        "contentHash": "LE06rAomvgZ+9iYUjLGCM+n/Xl19kbMzYauWyI5WcVFh7BhkMCmcbQDYFIjVvfeQlrxio8xLAMBO80Dul5h8jQ=="
      },
      "Arbor.FileSystem": {
        "type": "Transitive",
        "resolved": "0.6.0",
        "contentHash": "96i90GxPeVRXfMjj1Gzzg7Wi+CVscm8aj8RqBkl4FFaK+HmwsB8zE2P5HUSYR6ik0OJNlVRw+ksJecS/otiLPw==",
        "dependencies": {
          "JetBrains.Annotations": "2024.3.0",
          "zio": "0.19.2"
        }
      },
      "Arbor.KVConfiguration.Core": {
        "type": "Transitive",
        "resolved": "3.0.0",
        "contentHash": "NCFMVWhWqRY6i8/V3NT5OGEc4EnR5h5PqGVjWBnYjHqH85Zgp7hQl09zRR9WeP6mjRLDPd+WHgHVIxYBfN8HEQ==",
        "dependencies": {
          "Microsoft.Extensions.Primitives": "[10.0.0, 11.0.0)"
        }
      },
      "Arbor.KVConfiguration.JsonConfiguration": {
        "type": "Transitive",
        "resolved": "3.0.0",
        "contentHash": "JlHUHrwaJEknDTegLAHIvFdBII7kxSI9ZNxARvBcWBYZnx1XGavIAGrDf8NdHYP4Y3y2lXRonDlEtUqO9l7CVg==",
        "dependencies": {
          "Arbor.KVConfiguration.Schema.Json": "[3.0.0, 4.0.0)",
          "Newtonsoft.Json": "[13.0.3, 14.0.0)"
        }
      },
      "Arbor.KVConfiguration.Schema.Json": {
        "type": "Transitive",
        "resolved": "3.0.0",
        "contentHash": "ex3aqYhy15Fvl9k0elcjTnZ2p82NiZpuOR4i/kNPv6CN+5RNGNi2daqjDMH7KBvYlhTjbZ2VrPtzfxJ3PulGgg==",
        "dependencies": {
          "Arbor.KVConfiguration.Core": "[3.0.0, 4.0.0)",
          "Newtonsoft.Json": "13.0.3"
        }
      },
      "Arbor.KVConfiguration.UserConfiguration": {
        "type": "Transitive",
        "resolved": "3.0.0",
        "contentHash": "9ggFestEjKVFJtrCTw4M1IsCUcQ9fMXUMOu9Ak7znj7EhCpA4/U9xXgI8Jse88ITXOjEiYI9RYKmXX8ToXMocQ==",
        "dependencies": {
          "Arbor.KVConfiguration.JsonConfiguration": "[3.0.0, 4.0.0)"
        }
      },
      "Arbor.Processing": {
        "type": "Transitive",
        "resolved": "0.6.0",
        "contentHash": "KcuciNAfg/ArkDdcM1hHMeIprKwQjdHWV6zXBFAqmKDxGB9rdDHk9a1jHTVQ5r7y5gxAowCUGLgEcfheKItoig=="
      },
      "Arbor.Sorbus": {
        "type": "Transitive",
        "resolved": "4.0.0",
        "contentHash": "LwRt7hY3r2BpgZTHftL/99jyztFWhk6M1nBtIOaJn39PeGWaCIi6szPngakUunUSaly3BuNddWv4KvLjEraqIw==",
        "dependencies": {
          "Newtonsoft.Json": "[11.0.0, 14.0.0)"
        }
      },
      "Arbor.Tooler": {
        "type": "Transitive",
        "resolved": "1.2.0",
        "contentHash": "Mx0ELfzN6H1qsq7f6CenvepIXVRdeLcRFWtQDLHRZdaM6dTs6NrCNz7Qbs5oGHrlw/03EcOyQqSgcPU1u0ww5w==",
        "dependencies": {
          "Arbor.Processing": "0.6.0",
          "NewtonSoft.Json": "13.0.4",
          "NuGet.Configuration": "7.0.1",
          "NuGet.Packaging": "7.0.1",
          "NuGet.Protocol": "7.0.1",
          "NuGet.Versioning": "7.0.1",
          "Serilog": "4.3.0",
          "System.IO.Packaging": "10.0.0"
        }
      },
      "Autofac": {
        "type": "Transitive",
        "resolved": "9.1.0",
        "contentHash": "onT/BcnnfWcQNXiuC7R/0h8ALQzRdsAI20gpB7nfrudXpFMXdVZKz1umdtHXDwjc/bmWEsrCBAxck3+Arnk15g=="
      },
      "DiffEngine": {
        "type": "Transitive",
        "resolved": "11.3.0",
        "contentHash": "k0ZgZqd09jLZQjR8FyQbSQE86Q7QZnjEzq1LPHtj1R2AoWO8sjV5x+jlSisL7NZAbUOI4y+7Bog8gkr9WIRBGw==",
        "dependencies": {
          "EmptyFiles": "4.4.0",
          "System.Management": "6.0.1"
        }
      },
      "EmptyFiles": {
        "type": "Transitive",
        "resolved": "4.4.0",
        "contentHash": "gwJEfIGS7FhykvtZoscwXj/XwW+mJY6UbAZk+qtLKFUGWC95kfKXnj8VkxsZQnWBxJemM/q664rGLN5nf+OHZw=="
      },
      "JetBrains.Annotations": {
        "type": "Transitive",
        "resolved": "2025.2.4",
        "contentHash": "TwbgxAkXxY+vNEhNVx/QXjJ4vqxmepOjsgRvvImQPbHkHMMb4W+ahL3laMsxXKtNT7iMy+E1B3xkqao2hf1n3A=="
      },
      "Microsoft.ApplicationInsights": {
        "type": "Transitive",
        "resolved": "2.23.0",
        "contentHash": "nWArUZTdU7iqZLycLKWe0TDms48KKGE6pONH2terYNa8REXiqixrMOkf1sk5DHGMaUTqONU2YkS4SAXBhLStgw=="
      },
      "Microsoft.Bcl.AsyncInterfaces": {
        "type": "Transitive",
        "resolved": "6.0.0",
        "contentHash": "UcSjPsst+DfAdJGVDsu346FX0ci0ah+lw3WRtn18NUwEqRt70HaOQ7lI72vy3+1LxtqI3T5GWwV39rQSrCzAeg=="
      },
      "Microsoft.CodeCoverage": {
        "type": "Transitive",
        "resolved": "18.4.0",
        "contentHash": "9O0BtCfzCWrkAmK187ugKdq72HHOXoOUjuWFDVc2LsZZ0pOnA9bTt+Sg9q4cF+MoAaUU+MuWtvBuFsnduviJow=="
      },
      "Microsoft.Extensions.ObjectPool": {
        "type": "Transitive",
        "resolved": "8.0.10",
        "contentHash": "u7gAG7JgxF8VSJUGPSudAcPxOt+ymJKQCSxNRxiuKV+klCQbHljQR75SilpedCTfhPWDhtUwIJpnDVtspr9nMg=="
      },
      "Microsoft.Extensions.Primitives": {
        "type": "Transitive",
        "resolved": "10.0.0",
        "contentHash": "inRnbpCS0nwO/RuoZIAqxQUuyjaknOOnCEZB55KSMMjRhl0RQDttSmLSGsUJN3RQ3ocf5NDLFd2mOQViHqMK5w=="
      },
      "Microsoft.Testing.Extensions.Telemetry": {
        "type": "Transitive",
        "resolved": "1.9.1",
        "contentHash": "No5AudZMmSb+uNXjlgL2y3/stHD2IT4uxqc5yHwkE+/nNux9jbKcaJMvcp9SwgP4DVD8L9/P3OUz8mmmcvEIdQ==",
        "dependencies": {
          "Microsoft.ApplicationInsights": "2.23.0",
          "Microsoft.Testing.Platform": "1.9.1"
        }
      },
      "Microsoft.Testing.Extensions.TrxReport.Abstractions": {
        "type": "Transitive",
        "resolved": "1.9.1",
        "contentHash": "AL46Xe1WBi85Ntd4mNPvat5ZSsZ2uejiVqoKCypr8J3wK0elA5xJ3AN4G/Q4GIwzUFnggZoH/DBjnr9J18IO/g==",
        "dependencies": {
          "Microsoft.Testing.Platform": "1.9.1"
        }
      },
      "Microsoft.Testing.Platform": {
        "type": "Transitive",
        "resolved": "1.9.1",
        "contentHash": "QafNtNSmEI0zazdebnsIkDKmFtTSpmx/5PLOjURWwozcPb3tvRxzosQSL8xwYNM1iPhhKiBksXZyRSE2COisrA=="
      },
      "Microsoft.Testing.Platform.MSBuild": {
        "type": "Transitive",
        "resolved": "1.9.1",
        "contentHash": "oTUtyR4X/s9ytuiNA29FGsNCCH0rNmY5Wdm14NCKLjTM1cT9edVSlA+rGS/mVmusPqcP0l/x9qOnMXg16v87RQ==",
        "dependencies": {
          "Microsoft.Testing.Platform": "1.9.1"
        }
      },
      "Microsoft.TestPlatform.ObjectModel": {
        "type": "Transitive",
        "resolved": "18.4.0",
        "contentHash": "4L6m2kS2pY5uJ9cpeRxzW22opr6ttScIRqsOpMDQpgENp/ZwxkkQCcmc6LRSURo2dFaaSW5KVflQZvroiJ7Wzg=="
      },
      "Microsoft.TestPlatform.TestHost": {
        "type": "Transitive",
        "resolved": "18.4.0",
        "contentHash": "gZsCHI+zOmZCcKZieIL4Jg14qKD2OGZOmX5DehuIk1EA9BN6Crm0+taXQNEuajOH1G9CCyBxw8VWR4t5tumcng==",
        "dependencies": {
          "Microsoft.TestPlatform.ObjectModel": "18.4.0",
          "Newtonsoft.Json": "13.0.3"
        }
      },
      "Microsoft.VisualStudio.SolutionPersistence": {
        "type": "Transitive",
        "resolved": "1.0.52",
        "contentHash": "oNv2JtYXhpdJrX63nibx1JT3uCESOBQ1LAk7Dtz/sr0+laW0KRM6eKp4CZ3MHDR2siIkKsY8MmUkeP5DKkQQ5w=="
      },
      "Microsoft.Web.Xdt": {
        "type": "Transitive",
        "resolved": "3.2.5",
        "contentHash": "BTeGuHiiq0Az53ECkCtlU2LJHpD7FlqnPAGmk+6PYNe9bwfxDMwt3+yL+ADEcKz2t/rSYphKNw8EDOGU12Y5pg=="
      },
      "Microsoft.Win32.Registry": {
        "type": "Transitive",
        "resolved": "5.0.0",
        "contentHash": "dDoKi0PnDz31yAyETfRntsLArTlVAVzUzCIvvEDsDsucrl33Dl8pIJG06ePTJTI3tGpeyHS9Cq7Foc/s4EeKcg=="
      },
      "Microsoft.Win32.Registry.AccessControl": {
        "type": "Transitive",
        "resolved": "10.0.5",
        "contentHash": "1J6ooeZGeTSlM2vZdB1UHm9Y7vP8f/pS+Pd2JrqfjXLBZXrrby4rXBY6pP2k/Wb26CVm9TlEPjyWB2ryXT69LA=="
      },
      "Microsoft.Win32.SystemEvents": {
        "type": "Transitive",
        "resolved": "10.0.5",
        "contentHash": "a7rC0Qb5JGiA4f4ooqQjsx17LgYkb9feOcMNGyBXGqYmqC4ZoLbrV98zn7Kr5Z39BIU10Bti80Jwm/QAw+45VA=="
      },
      "Microsoft.Windows.Compatibility": {
        "type": "Transitive",
        "resolved": "10.0.5",
        "contentHash": "UPIGVEcJUFVw0zj1IA71HxumiE4ZLdPH46e6bau1Pnrx18UxbRxa98qb1RVK1hRrmzgQcvslyT03KtiLSaFExw==",
        "dependencies": {
          "Microsoft.Win32.Registry.AccessControl": "10.0.5",
          "Microsoft.Win32.SystemEvents": "10.0.5",
          "System.CodeDom": "10.0.5",
          "System.ComponentModel.Composition": "10.0.5",
          "System.ComponentModel.Composition.Registration": "10.0.5",
          "System.Configuration.ConfigurationManager": "10.0.5",
          "System.Data.Odbc": "10.0.5",
          "System.Data.OleDb": "10.0.5",
          "System.Data.SqlClient": "4.9.0",
          "System.Diagnostics.EventLog": "10.0.5",
          "System.Diagnostics.PerformanceCounter": "10.0.5",
          "System.DirectoryServices": "10.0.5",
          "System.DirectoryServices.AccountManagement": "10.0.5",
          "System.DirectoryServices.Protocols": "10.0.5",
          "System.Drawing.Common": "10.0.5",
          "System.IO.Packaging": "10.0.5",
          "System.IO.Ports": "10.0.5",
          "System.Management": "10.0.5",
          "System.Reflection.Context": "10.0.5",
          "System.Runtime.Caching": "10.0.5",
          "System.Security.Cryptography.Pkcs": "10.0.5",
          "System.Security.Cryptography.ProtectedData": "10.0.5",
          "System.Security.Cryptography.Xml": "10.0.5",
          "System.Security.Permissions": "10.0.5",
          "System.ServiceModel.Http": "8.1.2",
          "System.ServiceModel.NetTcp": "8.1.2",
          "System.ServiceModel.Primitives": "8.1.2",
          "System.ServiceModel.Syndication": "10.0.5",
          "System.ServiceProcess.ServiceController": "10.0.5",
          "System.Speech": "10.0.5",
          "System.Web.Services.Description": "8.1.2"
        }
      },
      "MSTest.Analyzers": {
        "type": "Transitive",
        "resolved": "4.2.1",
        "contentHash": "1i9jgE/42KGGyZ4s0MdrYM/Uu/dRYhbRfYQifcO0AZ6vw4sBXRjoQGQRGNSm771AYgPAmoGl0u4sJc2lMET6HQ=="
      },
      "MSTest.TestFramework": {
        "type": "Transitive",
        "resolved": "4.2.1",
        "contentHash": "I4/RbS2TpGZ56CE98+jPbrGlcerYtw2LvPVKzQGvyQQcJDekPy2Kd+fnThXYn+geJ1sW+vA9B7++rFNxvKcWxA==",
        "dependencies": {
          "MSTest.Analyzers": "4.2.1"
        }
      },
      "Newtonsoft.Json": {
        "type": "Transitive",
        "resolved": "13.0.4",
        "contentHash": "pdgNNMai3zv51W5aq268sujXUyx7SNdE2bj1wZcWjAQrKMFZV260lbqYop1d2GM67JI1huLRwxo9ZqnfF/lC6A=="
      },
      "NuGet.Common": {
        "type": "Transitive",
        "resolved": "7.3.0",
        "contentHash": "y+7cQuzc6zePfo3GdueKgFAfE06pyNv1EGeordAMXotm6WEJw/m7UHv7GSLnib2HEPpzUk4Wvxgn9VgWkIe6Yw==",
        "dependencies": {
          "NuGet.Frameworks": "7.3.0"
        }
      },
      "NuGet.Configuration": {
        "type": "Transitive",
        "resolved": "7.3.0",
        "contentHash": "9qNpnZP73pfGm1MYET78OCW/HNnKNZpTfWPB2z/EyxQnfWtJBANeFyogX8s7S+oWMbR+EG2w6jbDVKdvVJfCXA==",
        "dependencies": {
          "NuGet.Common": "7.3.0",
          "System.Security.Cryptography.ProtectedData": "8.0.0"
        }
      },
      "NuGet.Frameworks": {
        "type": "Transitive",
        "resolved": "7.3.0",
        "contentHash": "AnhSFUOrCrWp7pGtqhfOxa5HKm4rfpQxuatGDKzpGtTczasj6OcGVtB74PyqW7osdu9/BtkjnkAYvNk5iT82Gg=="
      },
      "NuGet.Packaging": {
        "type": "Transitive",
        "resolved": "7.3.0",
        "contentHash": "yvmJ8LUPUVMm2DAKSK3+QfJKoCxQR1NuyPYLHqFHb1zmUcGwq+IvSl/4JjUivJDztXnI9GSVlE/SjQLsRJPoYw==",
        "dependencies": {
          "Newtonsoft.Json": "13.0.3",
          "NuGet.Configuration": "7.3.0",
          "NuGet.Versioning": "7.3.0",
          "System.Security.Cryptography.Pkcs": "8.0.1"
        }
      },
      "NuGet.Protocol": {
        "type": "Transitive",
        "resolved": "7.3.0",
        "contentHash": "QWx4Fko06Act+gVhB9UUc8Hzt0fnA8qQhD5SFn/xEis2ZZVzmatHmMdsc0SV7tyvCUlfG8DzQzYLF7fF4LvTyA==",
        "dependencies": {
          "NuGet.Packaging": "7.3.0"
        }
      },
      "NuGet.Versioning": {
        "type": "Transitive",
        "resolved": "7.3.0",
        "contentHash": "iOQPAdnVgj2U+K3AcdGGGcdS1tWyh3nvr64eqTDFCsDuHySBXSHRhl7eR8hdc0BZHxDjacRstbuaJKCurt2oPw=="
      },
      "NUnit": {
        "type": "Transitive",
        "resolved": "4.5.1",
        "contentHash": "x1sIqU9i0IkxqFayqthzmJs/75jTMbrfNMixj4vtfTi7rRzGbtuY27V+iAhfTY02u5k2qvW3QBGM414OG4q8Lw=="
      },
      "runtime.android-arm.runtime.native.System.IO.Ports": {
        "type": "Transitive",
        "resolved": "10.0.5",
        "contentHash": "nZdjF2WSBDvYCkaeDC4tIXada+cuYdgLWKFgIEbgcuIfuC7dLyKKpsXKcBYm2utrymmBKgXpRElK37Ts/BKwHQ=="
      },
      "runtime.android-arm64.runtime.native.System.IO.Ports": {
        "type": "Transitive",
        "resolved": "10.0.5",
        "contentHash": "fJilZhYkETJX2CDhZ/GsA6xgfDGdCugUIn2Gk/11mVA4HSn+5agco2z1xCjds9oMmnTYjQIZALwi311mDF2utA=="
      },
      "runtime.android-x64.runtime.native.System.IO.Ports": {
        "type": "Transitive",
        "resolved": "10.0.5",
        "contentHash": "BXmMlyT9Mnkl4mxMw4jwFnOyGpT3ts+Q0qvbK3BiTDAJPkCuyRqFBPb4/QVSkG8DKjCq4rD3tbZx57gl/iKh3g=="
      },
      "runtime.android-x86.runtime.native.System.IO.Ports": {
        "type": "Transitive",
        "resolved": "10.0.5",
        "contentHash": "5oj/cFputmPxRDXz9lTDEWCK1UAZbHkVPNhx6gPOBdB6esQ/dzW5YWWWrE8qd24OgKMIXfUGCUiv8X2MFvE7mw=="
      },
      "runtime.linux-arm.runtime.native.System.IO.Ports": {
        "type": "Transitive",
        "resolved": "10.0.5",
        "contentHash": "EZiqHjxgvDakx9UYNfRjXtevIlggWdqBEExeZG7g7Zt1XksV8Oud2bwrWOK1PhnlROmXV3YDNE5wK9rHrMQqpg=="
      },
      "runtime.linux-arm64.runtime.native.System.IO.Ports": {
        "type": "Transitive",
        "resolved": "10.0.5",
        "contentHash": "3ZEQMsHJ+HCJs+4z/4QdQpE6PhV4cOW5kob8kXYT8jf2MJ4oOELiAKy/GNuxB9mnpL3/IELIrZa7j/yPPQXqPw=="
      },
      "runtime.linux-bionic-arm64.runtime.native.System.IO.Ports": {
        "type": "Transitive",
        "resolved": "10.0.5",
        "contentHash": "vrg5vcj+tSxrOlt9QpsoNg7RQVgj0di9ZywEAsoa+2Cg48ZuLuf5IaHSgCxYcU195GibrUaD3aqhPMuj8wBiIA=="
      },
      "runtime.linux-bionic-x64.runtime.native.System.IO.Ports": {
        "type": "Transitive",
        "resolved": "10.0.5",
        "contentHash": "Sf3oMGv8fkyFgrS8v1R9r6hnyjjxLxWB5KRzoeER8joyxCsBhwCh7PtAjcZJwIY4yOxEaVoLkHQqgB55rUJdag=="
      },
      "runtime.linux-musl-arm.runtime.native.System.IO.Ports": {
        "type": "Transitive",
        "resolved": "10.0.5",
        "contentHash": "TQMo+2NA4eB/7CLRVbEwDRu8NC+IKy6TTJKCUVufvgaVJTu3/6ZlONSUX1wtKszxxqMWs7M8ZVQ3J3sWn1IAAw=="
      },
      "runtime.linux-musl-arm64.runtime.native.System.IO.Ports": {
        "type": "Transitive",
        "resolved": "10.0.5",
        "contentHash": "9KGCN0wsG9xSPzL3JSDdQfhZfsR2fV0pL1iLnvFzIvjTmqtMqe945QLK6lk7J6g7raqu5dDmWFs6atUlwuvI9A=="
      },
      "runtime.linux-musl-x64.runtime.native.System.IO.Ports": {
        "type": "Transitive",
        "resolved": "10.0.5",
        "contentHash": "Wo1np+ez58KbmAx/DrLb93DPaxs4mlWKB20UFm+klTjBZkLR/E5fSijYYkJiQa8+QQ7DrgwpKocO5jveQ6TmyQ=="
      },
      "runtime.linux-x64.runtime.native.System.IO.Ports": {
        "type": "Transitive",
        "resolved": "10.0.5",
        "contentHash": "LEui8jeftffYJWcqNB9NY1h2wjpvYNHpx56k6PfojNTEJVkDJX/O7t0LnfbIKqqnKNHEzfzzuc+kKqShlOC5YA=="
      },
      "runtime.maccatalyst-arm64.runtime.native.System.IO.Ports": {
        "type": "Transitive",
        "resolved": "10.0.5",
        "contentHash": "sEpLosIuiDygUrLBY/Cb5QGksm+GVMFAbkHgsA4EI+xIwN64nm5t0RC7nYa5ir4Ow1rG7UPppLvld95Z1uMHbg=="
      },
      "runtime.maccatalyst-x64.runtime.native.System.IO.Ports": {
        "type": "Transitive",
        "resolved": "10.0.5",
        "contentHash": "xR/JIRaO8iyCzOdJZuqb1/WZ14M71hfoqaS36a4p/X1EbDdVLM97UFPAAcwSVAmvQCKSn1Tf+gT43xtYdQeNUw=="
      },
      "runtime.native.System.Data.SqlClient.sni": {
        "type": "Transitive",
        "resolved": "4.4.0",
        "contentHash": "A8v6PGmk+UGbfWo5Ixup0lPM4swuSwOiayJExZwKIOjTlFFQIsu3QnDXECosBEyrWSPryxBVrdqtJyhK3BaupQ==",
        "dependencies": {
          "runtime.win-arm64.runtime.native.System.Data.SqlClient.sni": "4.4.0",
          "runtime.win-x64.runtime.native.System.Data.SqlClient.sni": "4.4.0",
          "runtime.win-x86.runtime.native.System.Data.SqlClient.sni": "4.4.0"
        }
      },
      "runtime.native.System.IO.Ports": {
        "type": "Transitive",
        "resolved": "10.0.5",
        "contentHash": "N3CaTe3uSLjoi7uNnx83HEwPGgrAQz2JJ1KUorEMmMYBwwDavw+aalHNiYSEyfPGqvVRsetkZ42oAQx6dZj+WA==",
        "dependencies": {
          "runtime.android-arm.runtime.native.System.IO.Ports": "10.0.5",
          "runtime.android-arm64.runtime.native.System.IO.Ports": "10.0.5",
          "runtime.android-x64.runtime.native.System.IO.Ports": "10.0.5",
          "runtime.android-x86.runtime.native.System.IO.Ports": "10.0.5",
          "runtime.linux-arm.runtime.native.System.IO.Ports": "10.0.5",
          "runtime.linux-arm64.runtime.native.System.IO.Ports": "10.0.5",
          "runtime.linux-bionic-arm64.runtime.native.System.IO.Ports": "10.0.5",
          "runtime.linux-bionic-x64.runtime.native.System.IO.Ports": "10.0.5",
          "runtime.linux-musl-arm.runtime.native.System.IO.Ports": "10.0.5",
          "runtime.linux-musl-arm64.runtime.native.System.IO.Ports": "10.0.5",
          "runtime.linux-musl-x64.runtime.native.System.IO.Ports": "10.0.5",
          "runtime.linux-x64.runtime.native.System.IO.Ports": "10.0.5",
          "runtime.maccatalyst-arm64.runtime.native.System.IO.Ports": "10.0.5",
          "runtime.maccatalyst-x64.runtime.native.System.IO.Ports": "10.0.5",
          "runtime.osx-arm64.runtime.native.System.IO.Ports": "10.0.5",
          "runtime.osx-x64.runtime.native.System.IO.Ports": "10.0.5"
        }
      },
      "runtime.osx-arm64.runtime.native.System.IO.Ports": {
        "type": "Transitive",
        "resolved": "10.0.5",
        "contentHash": "Fj8EEw6yihufT95SJ+SQBjoxXiNLNIHB0pf9pO89Myd1IbdKASwi6llgQr7jcd/PdnuRoghxWgKKnYgRysWm/w=="
      },
      "runtime.osx-x64.runtime.native.System.IO.Ports": {
        "type": "Transitive",
        "resolved": "10.0.5",
        "contentHash": "y/RbVJGN17kifSSGUOUsfip6PkoE67s4aA7PO/Z0piYz2Da3OC8/mrDaiiHemt/+F/p5SiVEXfA30s0ccW4xGw=="
      },
      "runtime.win-arm64.runtime.native.System.Data.SqlClient.sni": {
        "type": "Transitive",
        "resolved": "4.4.0",
        "contentHash": "LbrynESTp3bm5O/+jGL8v0Qg5SJlTV08lpIpFesXjF6uGNMWqFnUQbYBJwZTeua6E/Y7FIM1C54Ey1btLWupdg=="
      },
      "runtime.win-x64.runtime.native.System.Data.SqlClient.sni": {
        "type": "Transitive",
        "resolved": "4.4.0",
        "contentHash": "38ugOfkYJqJoX9g6EYRlZB5U2ZJH51UP8ptxZgdpS07FgOEToV+lS11ouNK2PM12Pr6X/PpT5jK82G3DwH/SxQ=="
      },
      "runtime.win-x86.runtime.native.System.Data.SqlClient.sni": {
        "type": "Transitive",
        "resolved": "4.4.0",
        "contentHash": "YhEdSQUsTx+C8m8Bw7ar5/VesXvCFMItyZF7G1AUY+OM0VPZUOeAVpJ4Wl6fydBGUYZxojTDR3I6Bj/+BPkJNA=="
      },
      "Serilog": {
        "type": "Transitive",
        "resolved": "4.3.1",
        "contentHash": "savYe7h5yRlkqBVOwP8cIRDOdqKiPmYCU4W87JH38sBmcKD5EBoXvQIw6bNEvZ/pTe1gsiye3VFCzBsoppGkXQ=="
      },
      "Serilog.Sinks.Console": {
        "type": "Transitive",
        "resolved": "6.1.1",
        "contentHash": "8jbqgjUyZlfCuSTaJk6lOca465OndqOz3KZP6Cryt/IqZYybyBu7GP0fE/AXBzrrQB3EBmQntBFAvMVz1COvAA==",
        "dependencies": {
          "Serilog": "4.0.0"
        }
      },
      "Serilog.Sinks.File": {
        "type": "Transitive",
        "resolved": "6.0.0",
        "contentHash": "lxjg89Y8gJMmFxVkbZ+qDgjl+T4yC5F7WSLTvA+5q0R04tfKVLRL/EHpYoJ/MEQd2EeCKDuylBIVnAYMotmh2A==",
        "dependencies": {
          "Serilog": "4.0.0"
        }
      },
      "Serilog.Sinks.Seq": {
        "type": "Transitive",
        "resolved": "9.0.0",
        "contentHash": "aNU8A0K322q7+voPNmp1/qNPH+9QK8xvM1p72sMmCG0wGlshFzmtDW9QnVSoSYCj0MgQKcMOlgooovtBhRlNHw==",
        "dependencies": {
          "Serilog": "4.2.0",
          "Serilog.Sinks.File": "6.0.0"
        }
      },
      "System.CodeDom": {
        "type": "Transitive",
        "resolved": "10.0.5",
        "contentHash": "hGZWDDJh1U6t7fy3iO4HlZYK1ur1fWE3sTqTNHkHk0Leh0JUcxYM//JtLBNG5g+6D2Lt0+aHH8rc7e5oIlNgCg=="
      },
      "System.ComponentModel.Composition": {
        "type": "Transitive",
        "resolved": "10.0.5",
        "contentHash": "Yi8nY2EKRZlZYRPxQ1/E4rrYs6QD1H0UgfcfHhKsCVhNJ4lNULLbly6Dtz6CjH6gZKBf2hZYXzzzzVGhpGLBvw=="
      },
      "System.ComponentModel.Composition.Registration": {
        "type": "Transitive",
        "resolved": "10.0.5",
        "contentHash": "yaeiTK8VYzgD67+bmB/vu+CxwnPCfFLD0+e0jeOLDgcdNoUTx6j3uMv/QI3r4PecPZQw1xriXdfqfhqvvyx7qg==",
        "dependencies": {
          "System.ComponentModel.Composition": "10.0.5",
          "System.Reflection.Context": "10.0.5"
        }
      },
      "System.Configuration.ConfigurationManager": {
        "type": "Transitive",
        "resolved": "10.0.5",
        "contentHash": "9UHU7hldEOVgcOHUX7Pa+owDfpzhW+a1gshEvyknAoDA++G6FV+N1cPoUbtsXEO7GgPErGSg8MHrI/YqrLoiGA==",
        "dependencies": {
          "System.Diagnostics.EventLog": "10.0.5",
          "System.Security.Cryptography.ProtectedData": "10.0.5"
        }
      },
      "System.Data.Odbc": {
        "type": "Transitive",
        "resolved": "10.0.5",
        "contentHash": "nLtGLGJYf0jfVNH7004s5N3a6setHGhh/pRJTqq1U5bBx3TOaV9gDtZomi1IcacAoX9UwmVflXdViuw5UzEXAw=="
      },
      "System.Data.OleDb": {
        "type": "Transitive",
        "resolved": "10.0.5",
        "contentHash": "ZQpXcFu9i0MO2UnoD0KjaFCrB3bZ2Yzk8YdML2/PRU7U2QIWYzCpkkMJXUamG7gwowTuXmLm3eXDKiU8fM0cQg==",
        "dependencies": {
          "System.Configuration.ConfigurationManager": "10.0.5",
          "System.Diagnostics.PerformanceCounter": "10.0.5"
        }
      },
      "System.Data.SqlClient": {
        "type": "Transitive",
        "resolved": "4.9.0",
        "contentHash": "j4KJO+vC62NyUtNHz854njEqXbT8OmAa5jb1nrGfYWBOcggyYUQE0w/snXeaCjdvkSKWuUD+hfvlbN8pTrJTXg==",
        "dependencies": {
          "runtime.native.System.Data.SqlClient.sni": "4.4.0"
        }
      },
      "System.Diagnostics.EventLog": {
        "type": "Transitive",
        "resolved": "10.0.5",
        "contentHash": "wugvy+pBVzjQEnRs9wMTWwoaeNFX3hsaHeVHFDIvJSWXp7wfmNWu3mxAwBIE6pyW+g6+rHa1Of5fTzb0QVqUTA=="
      },
      "System.Diagnostics.PerformanceCounter": {
        "type": "Transitive",
        "resolved": "10.0.5",
        "contentHash": "2fdEqAn8xpPNW7g7BDwsvWw9BGG4m8yu2+qqRFE02nypN4urVdzp3kT42e6pION9RHGkEUFHnrBLXcUQ2+Ws2w==",
        "dependencies": {
          "System.Configuration.ConfigurationManager": "10.0.5"
        }
      },
      "System.DirectoryServices": {
        "type": "Transitive",
        "resolved": "10.0.5",
        "contentHash": "1AbKZ7Jh/kN7U7BPf5fLWMXjaXeSCCSL8OLvs1aM2P4FJL1+BATcnIjhUgG3pcmII0aFN+tWS/rX0iBZkX9AVw=="
      },
      "System.DirectoryServices.AccountManagement": {
        "type": "Transitive",
        "resolved": "10.0.5",
        "contentHash": "gWbJuEXT8wmdjz3tWuqCs7fj5ak1TKJxJfG+PBt7WFqBkVsMbjQ1VJcR2ZoPgTeRHcHqHdjA04MLBJ6Eq8QgEw==",
        "dependencies": {
          "System.Configuration.ConfigurationManager": "10.0.5",
          "System.DirectoryServices": "10.0.5",
          "System.DirectoryServices.Protocols": "10.0.5"
        }
      },
      "System.DirectoryServices.Protocols": {
        "type": "Transitive",
        "resolved": "10.0.5",
        "contentHash": "9cxxK3ulK9KHqifCyvxvATTYNda1WxZxvrC41loC/9j1/+qF6q/E2RCgqSNrKWB7WtFNDOWuJQSOoPF88OTskQ=="
      },
      "System.Drawing.Common": {
        "type": "Transitive",
        "resolved": "10.0.5",
        "contentHash": "FYgPPbii/9Prh7RuY1gaxSyik7Ysw594K0uCHggDxHDgl7mfk8c4UlwluKjQoMquVGLce7Jld4DjjsnuYK3m7g==",
        "dependencies": {
          "Microsoft.Win32.SystemEvents": "10.0.5"
        }
      },
      "System.IO.Packaging": {
        "type": "Transitive",
        "resolved": "10.0.5",
        "contentHash": "ygK00KGbFHlZZmcO5ihqdrsMeFQ0liD2qQ+Yz/30G5ZOyeh3aHBEfVIRPBNFBE0epnwjbIrjLdDvLP3iBmsCcg=="
      },
      "System.IO.Ports": {
        "type": "Transitive",
        "resolved": "10.0.5",
        "contentHash": "tUlRZNFQ5c5SHZourJdX4DecbJYXHgWOsYxsvsPT3UxCL0Na0YA1awzGZu91Q2Lo6obt57b1o0IqP7ABLGvWPA==",
        "dependencies": {
          "runtime.native.System.IO.Ports": "10.0.5"
        }
      },
      "System.Management": {
        "type": "Transitive",
        "resolved": "10.0.5",
        "contentHash": "JhBVxvWhUJ0KAquUK0dMnc3a1Ol4JyH8fMrMQZ9GgEUkrtvPy8DE57SDnGnuvOdI0maJOdguxw87N5bh2eL87A==",
        "dependencies": {
          "System.CodeDom": "10.0.5"
        }
      },
      "System.Reflection.Context": {
        "type": "Transitive",
        "resolved": "10.0.5",
        "contentHash": "DAAArz6bs7EMcndUH5eKd7A/963OKFA7RWB5kyQpp7/ze7Is3mlVAcCVCRDpxIVmlFJ83sVFO4LxTPm7joxo4w=="
      },
      "System.Runtime.Caching": {
        "type": "Transitive",
        "resolved": "10.0.5",
        "contentHash": "bEwpkbmj1Ep8ioRI7M8eoPpgp6rHXHu1D+e2lCXqDYBChPOKA09TwEbIkzZk+Dwueh4kVZOXOWpzMY/LsgND/g==",
        "dependencies": {
          "System.Configuration.ConfigurationManager": "10.0.5"
        }
      },
      "System.Security.Cryptography.Pkcs": {
        "type": "Transitive",
        "resolved": "10.0.5",
        "contentHash": "BJEYUZfXpkPIHo2+oFoUemD5CPMFHPJOkRzXrbj/iZrWsjga3ypj8Rqd9bFlSLupEH4IIdD/aBWm/V1gCiBL9w=="
      },
      "System.Security.Cryptography.ProtectedData": {
        "type": "Transitive",
        "resolved": "10.0.5",
        "contentHash": "kxR4O/8o32eNN3m4qbLe3UifYqeyEpallCyVAsLvL5ZFJVyT3JCb+9du/WHfC09VyJh1Q+p/Gd4+AwM7Rz4acg=="
      },
      "System.Security.Cryptography.Xml": {
        "type": "Transitive",
        "resolved": "10.0.5",
        "contentHash": "1FW536WbzEWa/+UmSroCtfuTEPh3ueOnFtD0jEZP6xreGMf8/cSHDUFNpVUq4pXvvvVl4WMgBgavjxu5zTj+uw==",
        "dependencies": {
          "System.Security.Cryptography.Pkcs": "10.0.5"
        }
      },
      "System.Security.Permissions": {
        "type": "Transitive",
        "resolved": "10.0.5",
        "contentHash": "mhNFWI/5ljeEUT4nsJFK5ykecpyelRwN6Hy1x0hIJoqs5ssHJ9jr7hIkrjhbiE2Y4usuG1FpZr9S00Oei49aMg==",
        "dependencies": {
          "System.Windows.Extensions": "10.0.5"
        }
      },
      "System.ServiceModel.Http": {
        "type": "Transitive",
        "resolved": "8.1.2",
        "contentHash": "2HoneRUCHB8kKQcuAladR16mIHuyi5f9DrrNnTjkaICv5X7YuwoI7GSrp9GTkRSxC4ddNcjMdwE01Rm0sPgoMw==",
        "dependencies": {
          "System.ServiceModel.Primitives": "8.1.2"
        }
      },
      "System.ServiceModel.NetFramingBase": {
        "type": "Transitive",
        "resolved": "8.1.2",
        "contentHash": "XDNsiI4Lrv4scb10salZNbUDJNYj3Qm39KeN9uulKXbgcxF/fNC+hCrLDAhNz/rIqxOeRB/JCfQ4A/Ha0hFAWg==",
        "dependencies": {
          "System.ServiceModel.Primitives": "8.1.2"
        }
      },
      "System.ServiceModel.NetTcp": {
        "type": "Transitive",
        "resolved": "8.1.2",
        "contentHash": "+H4KpATeOPxGfl8JlMpv+a7h6ZIItIhHXJRr+0/KKAP49TjHXybaNwFrUbpasAMVE+D+8M96GxRevzcqvahfAQ==",
        "dependencies": {
          "System.ServiceModel.NetFramingBase": "8.1.2",
          "System.ServiceModel.Primitives": "8.1.2"
        }
      },
      "System.ServiceModel.Primitives": {
        "type": "Transitive",
        "resolved": "8.1.2",
        "contentHash": "xlJ07FAUSDjPL/GhvVY1/KVPWn2ce056X4nHPwqAa5rkNLiNN5rqh6VcgMUoF6J7ckwhkVJ1vVx/K/47nyyR9g==",
        "dependencies": {
          "Microsoft.Extensions.ObjectPool": "8.0.10",
          "System.Security.Cryptography.Xml": "8.0.2"
        }
      },
      "System.ServiceModel.Syndication": {
        "type": "Transitive",
        "resolved": "10.0.5",
        "contentHash": "lMzvEBS8dnq+TH4Ff50abQRMlbVTTBMenAmv/ILyaY3Mpf4+k/IlQtIl3uAyoNX/nXfKZp+1NyBWpxDSsMs6iA=="
      },
      "System.ServiceProcess.ServiceController": {
        "type": "Transitive",
        "resolved": "10.0.5",
        "contentHash": "L7pataU51CVJkdfIxpH6wY1buML9zsi9ZVWYaCOLM1AMpd4wQ0StzbOb8OGZAfwCyK/oyKEYcCZrWAi4GgP3lg==",
        "dependencies": {
          "System.Diagnostics.EventLog": "10.0.5"
        }
      },
      "System.Speech": {
        "type": "Transitive",
        "resolved": "10.0.5",
        "contentHash": "MYkGiMGWYc9rhyvsmf2UGIHD4RVJ3+uNgllFPP1YW6ILJJDXpDN8jMcy++0E/KrG507kTPCo5EOW4tEwUOCKhQ=="
      },
      "System.Web.Services.Description": {
        "type": "Transitive",
        "resolved": "8.1.2",
        "contentHash": "FziIBleSpygZOBudSeMkawLgfarnSam7paGkTtV9ITyTmw/TdEqB+moS0TeApmNfAMWGbcWXDXr3djckuLgGDg=="
      },
      "System.Windows.Extensions": {
        "type": "Transitive",
        "resolved": "10.0.5",
        "contentHash": "5hVP2TIgEqqA590MnKmMN5+Fgzl6xBRjR1wbgC3M1znrZZJe63TwBPN+ymaMgwT0vjsiXk95AjMAe8SAhhJSTg=="
      },
      "xunit.analyzers": {
        "type": "Transitive",
        "resolved": "1.27.0",
        "contentHash": "y/pxIQaLvk/kxAoDkZW9GnHLCEqzwl5TW0vtX3pweyQpjizB9y3DXhb9pkw2dGeUqhLjsxvvJM1k89JowU6z3g=="
      },
      "xunit.v3.assert": {
        "type": "Transitive",
        "resolved": "3.2.2",
        "contentHash": "BPciBghgEEaJN/JG00QfCYDfEfnLgQhfnYEy+j1izoeHVNYd5+3Wm8GJ6JgYysOhpBPYGE+sbf75JtrRc7jrdA=="
      },
      "xunit.v3.common": {
        "type": "Transitive",
        "resolved": "3.2.2",
        "contentHash": "Hj775PEH6GTbbg0wfKRvG2hNspDCvTH9irXhH4qIWgdrOSV1sQlqPie+DOvFeigsFg2fxSM3ZAaaCDQs+KreFA==",
        "dependencies": {
          "Microsoft.Bcl.AsyncInterfaces": "6.0.0"
        }
      },
      "xunit.v3.core.mtp-v1": {
        "type": "Transitive",
        "resolved": "3.2.2",
        "contentHash": "Ga5aA2Ca9ktz+5k3g5ukzwfexwoqwDUpV6z7atSEUvqtd6JuybU1XopHqg1oFd78QdTfZgZE9h5sHpO4qYIi5w==",
        "dependencies": {
          "Microsoft.Testing.Extensions.Telemetry": "1.9.1",
          "Microsoft.Testing.Extensions.TrxReport.Abstractions": "1.9.1",
          "Microsoft.Testing.Platform": "1.9.1",
          "Microsoft.Testing.Platform.MSBuild": "1.9.1",
          "xunit.v3.extensibility.core": "[3.2.2]",
          "xunit.v3.runner.inproc.console": "[3.2.2]"
        }
      },
      "xunit.v3.extensibility.core": {
        "type": "Transitive",
        "resolved": "3.2.2",
        "contentHash": "srY8z/oMPvh/t8axtO2DwrHajhFMH7tnqKildvYrVQIfICi8fOn3yIBWkVPAcrKmHMwvXRJ/XsQM3VMR6DOYfQ==",
        "dependencies": {
          "xunit.v3.common": "[3.2.2]"
        }
      },
      "xunit.v3.mtp-v1": {
        "type": "Transitive",
        "resolved": "3.2.2",
        "contentHash": "O41aAzYKBT5PWqATa1oEWVNCyEUypFQ4va6K0kz37dduV3EKzXNMaV2UnEhufzU4Cce1I33gg0oldS8tGL5I0A==",
        "dependencies": {
          "xunit.analyzers": "1.27.0",
          "xunit.v3.assert": "[3.2.2]",
          "xunit.v3.core.mtp-v1": "[3.2.2]"
        }
      },
      "xunit.v3.runner.common": {
        "type": "Transitive",
        "resolved": "3.2.2",
        "contentHash": "/hkHkQCzGrugelOAehprm7RIWdsUFVmIVaD6jDH/8DNGCymTlKKPTbGokD5czbAfqfex47mBP0sb0zbHYwrO/g==",
        "dependencies": {
          "Microsoft.Win32.Registry": "[5.0.0]",
          "xunit.v3.common": "[3.2.2]"
        }
      },
      "xunit.v3.runner.inproc.console": {
        "type": "Transitive",
        "resolved": "3.2.2",
        "contentHash": "ulWOdSvCk+bPXijJZ73bth9NyoOHsAs1ZOvamYbCkD4DNLX/Bd29Ve2ZNUwBbK0MqfIYWXHZViy/HKrdEC/izw==",
        "dependencies": {
          "xunit.v3.extensibility.core": "[3.2.2]",
          "xunit.v3.runner.common": "[3.2.2]"
        }
      },
      "Zio": {
        "type": "Transitive",
        "resolved": "0.19.2",
        "contentHash": "3SArsp3QZH9b3qmkfmSp0IlYF9954YEPWbSBaemTcf/iYBrce3qI3fLzHGHkuVyy3Cd5QYNdyPIl/S8HXKHWtg=="
      },
      "arbor.build.core": {
        "type": "Project",
        "dependencies": {
          "Arbor.Aesculus": "[3.9.0, )",
          "Arbor.FileSystem": "[0.6.0, )",
          "Arbor.KVConfiguration.Core": "[3.0.0, )",
          "Arbor.KVConfiguration.JsonConfiguration": "[3.0.0, )",
          "Arbor.KVConfiguration.Schema.Json": "[3.0.0, )",
          "Arbor.KVConfiguration.UserConfiguration": "[3.0.0, )",
          "Arbor.Processing": "[0.6.0, )",
          "Arbor.Sorbus": "[4.0.0, )",
          "Arbor.Tooler": "[1.2.0, )",
          "Autofac": "[9.1.0, )",
          "JetBrains.Annotations": "[2025.2.4, )",
          "MSTest.TestFramework": "[4.2.1, )",
          "Microsoft.VisualStudio.SolutionPersistence": "[1.0.52, )",
          "Microsoft.Web.Xdt": "[3.2.5, )",
          "Microsoft.Windows.Compatibility": "[10.0.5, )",
          "NUnit": "[4.5.1, )",
          "Newtonsoft.Json": "[13.0.4, )",
          "NuGet.Packaging": "[7.3.0, )",
          "NuGet.Protocol": "[7.3.0, )",
          "NuGet.Versioning": "[7.3.0, )",
          "Serilog": "[4.3.1, )",
          "Serilog.Sinks.Console": "[6.1.1, )",
          "Serilog.Sinks.Seq": "[9.0.0, )"
        }
      }
    }
  }
}