<Solution>
  <Folder Name="/Samples/">
    <Project Path="samples/Arbor.Build.Sample.PackageProject/Arbor.Build.Sample.PackageProject.csproj" />
    <Project Path="samples/Arbor.Build.Tests.SampleXunitNetCoreApp31/Arbor.Build.Sample.Tests.XunitNet6.csproj" />
  </Folder>
  <Folder Name="/Tests/">
    <File Path="tests/.editorconfig" />
    <Project Path="tests/Arbor.Build.Tests.Integration/Arbor.Build.Tests.Integration.csproj" />
    <Project Path="tests/Arbor.Build.Tests.Unit/Arbor.Build.Tests.Unit.csproj" />
  </Folder>
  <Folder Name="/_Solution Items/">
    <File Path=".editorconfig" />
    <File Path=".gitattributes" />
    <File Path=".github/workflows/ci.yml" />
    <File Path=".github/workflows/sonar.yml" />
    <File Path=".gitignore" />
    <File Path="build/build-wsl.sh" />
    <File Path="build/build.bat" />
    <File Path="build/build.sh" />
    <File Path="build/run-in-wsl.sh" />
    <File Path="build/Test-ExplorerReset.ps1" />
    <File Path="build/Test-WSL.ps1" />
    <File Path="build/test-wsl.sh" />
    <File Path="Directory.Build.props" />
    <File Path="global.json" />
    <File Path="LICENSE.txt" />
    <File Path="README.md" />
    <File Path="version.json" />
    <Properties Name="FolderGlobals">
      <Property Name="C_5_4Projects_4N_4Arbor_1Build_4version_1json__JsonSchema" Value="https://raw.githubusercontent.com/Neotys-Labs/neoload-cli/master/resources/as-code.latest.schema.json" />
    </Properties>
  </Folder>
  <Project Path="src/Arbor.Build.Bootstrapper/Arbor.Build.Bootstrapper.csproj" />
  <Project Path="src/Arbor.Build.Core/Arbor.Build.Core.csproj" />
  <Project Path="src/Arbor.Build/Arbor.Build.csproj" />
</Solution>
