{
  "version": 1,
  "dependencies": {
    "net8.0": {
      "Arbor.Aesculus": {
        "type": "Direct",
        "requested": "[3.7.0, )",
        "resolved": "3.7.0",
        "contentHash": "UvKotF9VQ2gNmtdmRrK8oj44Bx84zFkCQzrSugguraTb2jmYPfav8h2nzvlFp5daG1OBNaA+AD8T3NWqU18PRQ=="
      },
      "Arbor.FileSystem": {
        "type": "Direct",
        "requested": "[0.5.0, )",
        "resolved": "0.5.0",
        "contentHash": "oNA6iYzV823QmkDUE4+nz8nJg/sGnw19ff7Pp5br2aGWb/dpfRE6HbuQ8NVislPeM5pWvn+fKrQ3X5HldwPPEA==",
        "dependencies": {
          "JetBrains.Annotations": "2021.3.0",
          "zio": "0.13.0"
        }
      },
      "Arbor.KVConfiguration.Core": {
        "type": "Direct",
        "requested": "[2.6.0, )",
        "resolved": "2.6.0",
        "contentHash": "jKmaRuOzE4hmbNaNfrLXY5i7KkTcacCb0AYnUfPLRsfwhrITFE8LCbm+Ny9SquU89ii9Ug4QswLvqPJhQLeSTA==",
        "dependencies": {
          "Microsoft.Extensions.Primitives": "[8.0.0, 9.0.0)"
        }
      },
      "Arbor.KVConfiguration.JsonConfiguration": {
        "type": "Direct",
        "requested": "[2.6.0, )",
        "resolved": "2.6.0",
        "contentHash": "iEMqPJkiW35vJaOLfwad614QelSp6jHxTJx3yDTKypNFqT5GJzfnzDrvs/ZYeGIpGnsgY9SLvQK/9IilbT4CHQ==",
        "dependencies": {
          "Arbor.KVConfiguration.Core": "[2.0.0, 3.0.0)",
          "Arbor.KVConfiguration.Schema": "[2.0.0, 3.0.0)",
          "Arbor.KVConfiguration.Schema.Json": "[2.0.0, 3.0.0)",
          "Newtonsoft.Json": "[13.0.3, 14.0.0)"
        }
      },
      "Arbor.KVConfiguration.Schema.Json": {
        "type": "Direct",
        "requested": "[2.6.0, )",
        "resolved": "2.6.0",
        "contentHash": "t/+irddMaIgEhPuQu/ZGXNT4w4JIAjhae72V0eSXBysi0YA/X+NqrubJ2m2utvk9ps9wqa+pRTgBnqupsIgSdw==",
        "dependencies": {
          "Arbor.KVConfiguration.Core": "[2.0.0, 3.0.0)",
          "Newtonsoft.Json": "13.0.3"
        }
      },
      "Arbor.KVConfiguration.UserConfiguration": {
        "type": "Direct",
        "requested": "[2.6.0, )",
        "resolved": "2.6.0",
        "contentHash": "WXXfLzun+vSgtpaCBQPT/rk1iVDkWXd0uubPHBUn9gzLkg704ulmZFP7HgBwZP8We2+YsvX074PZqEHuKEh6Gg==",
        "dependencies": {
          "Arbor.KVConfiguration.Core": "[2.0.0, 3.0.0)",
          "Arbor.KVConfiguration.JsonConfiguration": "[2.0.0, 3.0.0)",
          "Arbor.KVConfiguration.Schema": "[2.0.0, 3.0.0)"
        }
      },
      "Arbor.Processing": {
        "type": "Direct",
        "requested": "[0.6.0, )",
        "resolved": "0.6.0",
        "contentHash": "KcuciNAfg/ArkDdcM1hHMeIprKwQjdHWV6zXBFAqmKDxGB9rdDHk9a1jHTVQ5r7y5gxAowCUGLgEcfheKItoig=="
      },
      "Arbor.Sorbus": {
        "type": "Direct",
        "requested": "[4.0.0, )",
        "resolved": "4.0.0",
        "contentHash": "LwRt7hY3r2BpgZTHftL/99jyztFWhk6M1nBtIOaJn39PeGWaCIi6szPngakUunUSaly3BuNddWv4KvLjEraqIw==",
        "dependencies": {
          "Newtonsoft.Json": "[11.0.0, 14.0.0)"
        }
      },
      "Arbor.Tooler": {
        "type": "Direct",
        "requested": "[0.29.0, )",
        "resolved": "0.29.0",
        "contentHash": "oGmOcp7ofdHdRYHae9UcgHmIM/Ey/meIL9E8/ukFN9tTgme8QLYimomzI7QY+9H5Pa3X6SCddSDxfR48Y9Qsdw==",
        "dependencies": {
          "Arbor.Processing": "0.6.0",
          "JetBrains.Annotations": "2023.3.0",
          "NewtonSoft.Json": "13.0.3",
          "NuGet.Configuration": "6.9.1",
          "NuGet.Packaging": "6.9.1",
          "NuGet.Protocol": "6.9.1",
          "NuGet.Versioning": "6.9.1",
          "Serilog": "3.1.1",
          "System.IO.Packaging": "8.0.0"
        }
      },
      "Autofac": {
        "type": "Direct",
        "requested": "[8.0.0, )",
        "resolved": "8.0.0",
        "contentHash": "qxVqJcl3fixxa5aZc9TmIuYTwooI9GCL5RzfUiTZtTlbAF3NcWz7bPeEyJEAyS/0qGhSyGnXeku2eiu/7L+3qw==",
        "dependencies": {
          "System.Diagnostics.DiagnosticSource": "7.0.2"
        }
      },
      "JetBrains.Annotations": {
        "type": "Direct",
        "requested": "[2023.3.0, )",
        "resolved": "2023.3.0",
        "contentHash": "PHfnvdBUdGaTVG9bR/GEfxgTwWM0Z97Y6X3710wiljELBISipSfF5okn/vz+C2gfO+ihoEyVPjaJwn8ZalVukA=="
      },
      "Microsoft.Web.Xdt": {
        "type": "Direct",
        "requested": "[3.1.0, )",
        "resolved": "3.1.0",
        "contentHash": "4g1RMRx2VkJ1XW7HygS5hiCId9wHWEeMOvhS5+rogSAADvTsmmZaoTZZru6ul0Ou3jnLchvxvCjgsARuVZIAIQ=="
      },
      "Microsoft.Windows.Compatibility": {
        "type": "Direct",
        "requested": "[8.0.3, )",
        "resolved": "8.0.3",
        "contentHash": "wjZcTtv+ceKrS7xnOhwc0Uu+W/YjE3pc1QoA7eXVWOtuutF/53xKvze0Zbd+kTlpy24NvRO+H7S/pD06ZqyeaQ==",
        "dependencies": {
          "Microsoft.Win32.Registry.AccessControl": "8.0.0",
          "Microsoft.Win32.SystemEvents": "8.0.0",
          "System.CodeDom": "8.0.0",
          "System.ComponentModel.Composition": "8.0.0",
          "System.ComponentModel.Composition.Registration": "8.0.0",
          "System.Configuration.ConfigurationManager": "8.0.0",
          "System.Data.Odbc": "8.0.0",
          "System.Data.OleDb": "8.0.0",
          "System.Data.SqlClient": "4.8.6",
          "System.Diagnostics.EventLog": "8.0.0",
          "System.Diagnostics.PerformanceCounter": "8.0.0",
          "System.DirectoryServices": "8.0.0",
          "System.DirectoryServices.AccountManagement": "8.0.0",
          "System.DirectoryServices.Protocols": "8.0.0",
          "System.Drawing.Common": "8.0.3",
          "System.IO.Packaging": "8.0.0",
          "System.IO.Ports": "8.0.0",
          "System.Management": "8.0.0",
          "System.Reflection.Context": "8.0.0",
          "System.Runtime.Caching": "8.0.0",
          "System.Security.Cryptography.Pkcs": "8.0.0",
          "System.Security.Cryptography.ProtectedData": "8.0.0",
          "System.Security.Cryptography.Xml": "8.0.0",
          "System.Security.Permissions": "8.0.0",
          "System.ServiceModel.Duplex": "4.10.0",
          "System.ServiceModel.Http": "4.10.0",
          "System.ServiceModel.NetTcp": "4.10.0",
          "System.ServiceModel.Primitives": "4.10.0",
          "System.ServiceModel.Security": "4.10.0",
          "System.ServiceModel.Syndication": "8.0.0",
          "System.ServiceProcess.ServiceController": "8.0.0",
          "System.Speech": "8.0.0",
          "System.Text.Encoding.CodePages": "8.0.0",
          "System.Threading.AccessControl": "8.0.0",
          "System.Web.Services.Description": "4.10.0"
        }
      },
      "MSTest.TestFramework": {
        "type": "Direct",
        "requested": "[3.3.1, )",
        "resolved": "3.3.1",
        "contentHash": "020SuA2p8N7o+/AHC0SLgzGpyS1hNjR8m5tWxnuGqJ3HeJhArUbuPAU8RZr8Ll38ij8oiutGCkQ/G+ymyO51Ow=="
      },
      "Newtonsoft.Json": {
        "type": "Direct",
        "requested": "[13.0.3, )",
        "resolved": "13.0.3",
        "contentHash": "HrC5BXdl00IP9zeV+0Z848QWPAoCr9P3bDEZguI+gkLcBKAOxix/tLEAAHC+UvDNPv4a2d18lOReHMOagPa+zQ=="
      },
      "NuGet.Packaging": {
        "type": "Direct",
        "requested": "[6.9.1, )",
        "resolved": "6.9.1",
        "contentHash": "6FyasOxKInCELJ+pGy8f17ub9st6ofFeNcBNTo7CRiPJlxyhJfKGKNpfe3HHYwvnZhc3Vdfr0kSR+f1BVGDuTA==",
        "dependencies": {
          "Newtonsoft.Json": "13.0.3",
          "NuGet.Configuration": "6.9.1",
          "NuGet.Versioning": "6.9.1",
          "System.Security.Cryptography.Pkcs": "6.0.4"
        }
      },
      "NuGet.Protocol": {
        "type": "Direct",
        "requested": "[6.9.1, )",
        "resolved": "6.9.1",
        "contentHash": "h3bdjqUY4jvwM02D/7QM4FR8x/bbf4Pyjrc1Etw7an2OrWKPUSx0vJPdapKzioxIw7GXl/aVUM/DCeIc3S9brA==",
        "dependencies": {
          "NuGet.Packaging": "6.9.1"
        }
      },
      "NuGet.Versioning": {
        "type": "Direct",
        "requested": "[6.9.1, )",
        "resolved": "6.9.1",
        "contentHash": "ypnSvEtpNGo48bAWn95J1oHChycCXcevFSbn53fqzLxlXFSZP7dawu8p/7mHAfGufZQSV2sBpW80XQGIfXO8kQ=="
      },
      "NUnit": {
        "type": "Direct",
        "requested": "[4.1.0, )",
        "resolved": "4.1.0",
        "contentHash": "MT/DpAhjtiytzhTgTqIhBuWx4y26PKfDepYUHUM+5uv4TsryHC2jwFo5e6NhWkApCm/G6kZ80dRjdJFuAxq3rg=="
      },
      "Serilog": {
        "type": "Direct",
        "requested": "[3.1.1, )",
        "resolved": "3.1.1",
        "contentHash": "P6G4/4Kt9bT635bhuwdXlJ2SCqqn2nhh4gqFqQueCOr9bK/e7W9ll/IoX1Ter948cV2Z/5+5v8pAfJYUISY03A=="
      },
      "Serilog.Sinks.Console": {
        "type": "Direct",
        "requested": "[5.0.1, )",
        "resolved": "5.0.1",
        "contentHash": "6Jt8jl9y2ey8VV7nVEUAyjjyxjAQuvd5+qj4XYAT9CwcsvR70HHULGBeD+K2WCALFXf7CFsNQT4lON6qXcu2AA==",
        "dependencies": {
          "Serilog": "3.1.1"
        }
      },
      "Serilog.Sinks.Seq": {
        "type": "Direct",
        "requested": "[7.0.0, )",
        "resolved": "7.0.0",
        "contentHash": "GEi6SZnlhFGpzsWu/xit883Bn67vAssUItXIFsVTmyxaRL7h7Xk2/BUswoM/iqwOBJzj5P9xU4IBf/IAoVklPg==",
        "dependencies": {
          "Serilog": "3.1.1",
          "Serilog.Sinks.File": "5.0.0",
          "Serilog.Sinks.PeriodicBatching": "4.0.0"
        }
      },
      "xunit": {
        "type": "Direct",
        "requested": "[2.7.0, )",
        "resolved": "2.7.0",
        "contentHash": "KcCI5zxh8zbUfQTeErc4oT7YokViVND2V0p4vDJ2VD4lhF9V5qCYMMDNixme7FdwYy3SwPHF+2xC2Dq4Z9GSlA==",
        "dependencies": {
          "xunit.analyzers": "1.11.0",
          "xunit.assert": "2.7.0",
          "xunit.core": "[2.7.0]"
        }
      },
      "Arbor.KVConfiguration.Schema": {
        "type": "Transitive",
        "resolved": "2.0.0",
        "contentHash": "3jzasZqYThfvHvchm7gWhLVvoY8Lotm6PTXMBgBgK/BJ6fBNe6di+bLqv1DmlvaEXIzassd+Em480SXhWRdz2w==",
        "dependencies": {
          "Arbor.KVConfiguration.Core": "[2.0.0, 3.0.0)"
        }
      },
      "Microsoft.Bcl.AsyncInterfaces": {
        "type": "Transitive",
        "resolved": "5.0.0",
        "contentHash": "W8DPQjkMScOMTtJbPwmPyj9c3zYSFGawDW3jwlBOOsnY+EzZFLgNQ/UMkK35JmkNOVPdCyPr2Tw7Vv9N+KA3ZQ=="
      },
      "Microsoft.Extensions.ObjectPool": {
        "type": "Transitive",
        "resolved": "5.0.10",
        "contentHash": "pp9tbGqIhdEXL6Q1yJl+zevAJSq4BsxqhS1GXzBvEsEz9DDNu9GLNzgUy2xyFc4YjB4m4Ff2YEWTnvQvVYdkvQ=="
      },
      "Microsoft.Extensions.Primitives": {
        "type": "Transitive",
        "resolved": "8.0.0",
        "contentHash": "bXJEZrW9ny8vjMF1JV253WeLhpEVzFo1lyaZu1vQ4ZxWUlVvknZ/+ftFgVheLubb4eZPSwwxBeqS1JkCOjxd8g=="
      },
      "Microsoft.NETCore.Platforms": {
        "type": "Transitive",
        "resolved": "3.1.0",
        "contentHash": "z7aeg8oHln2CuNulfhiLYxCVMPEwBl3rzicjvIX+4sUuCwvXw5oXQEtbiU2c0z4qYL5L3Kmx0mMA/+t/SbY67w=="
      },
      "Microsoft.Win32.Registry": {
        "type": "Transitive",
        "resolved": "4.7.0",
        "contentHash": "KSrRMb5vNi0CWSGG1++id2ZOs/1QhRqROt+qgbEAdQuGjGrFcl4AOl4/exGPUYz2wUnU42nvJqon1T3U0kPXLA==",
        "dependencies": {
          "System.Security.AccessControl": "4.7.0",
          "System.Security.Principal.Windows": "4.7.0"
        }
      },
      "Microsoft.Win32.Registry.AccessControl": {
        "type": "Transitive",
        "resolved": "8.0.0",
        "contentHash": "u8PB9/v02C8mBXzl0vJ7bOyC020zOP+T1mRct+KA46DqZkB40XtsNn9pGD0QowTRsT6R4jPCghn+yAODn2UMMw=="
      },
      "Microsoft.Win32.SystemEvents": {
        "type": "Transitive",
        "resolved": "8.0.0",
        "contentHash": "9opKRyOKMCi2xJ7Bj7kxtZ1r9vbzosMvRrdEhVhDz8j8MoBGgB+WmC94yH839NPH+BclAjtQ/pyagvi/8gDLkw=="
      },
      "NuGet.Common": {
        "type": "Transitive",
        "resolved": "6.9.1",
        "contentHash": "FbuWZBjQ1NJXBDqCwSddN2yvw3Plq3sTCIh0nc66Hu8jrNr+BOaxlKZv78jvJ+pSy8BvurYOdF9sl9KoORjrtg==",
        "dependencies": {
          "NuGet.Frameworks": "6.9.1"
        }
      },
      "NuGet.Configuration": {
        "type": "Transitive",
        "resolved": "6.9.1",
        "contentHash": "GM06pcUzWdNsizeGciqCjAhryfI1F/rQPETLDF+8pDRgzVpA+wKAR01/4aFU+IXzugnQ9LqOb5YyCRuR1OVZiQ==",
        "dependencies": {
          "NuGet.Common": "6.9.1",
          "System.Security.Cryptography.ProtectedData": "4.4.0"
        }
      },
      "NuGet.Frameworks": {
        "type": "Transitive",
        "resolved": "6.9.1",
        "contentHash": "DaKh3lenPUvzGccPkbI97BIvA27z+/UsL3ankfoZlX/4vBVDK5N1sheFTQ+GuJf+IgSzsJz/A21SPUpQLHwUtA=="
      },
      "runtime.linux-arm.runtime.native.System.IO.Ports": {
        "type": "Transitive",
        "resolved": "8.0.0",
        "contentHash": "gK720fg6HemDg8sXcfy+xCMZ9+hF78Gc7BmREbmkS4noqlu1BAr9qZtuWGhLzFjBfgecmdtl4+SYVwJ1VneZBQ=="
      },
      "runtime.linux-arm64.runtime.native.System.IO.Ports": {
        "type": "Transitive",
        "resolved": "8.0.0",
        "contentHash": "KYG6/3ojhEWbb3FwQAKgGWPHrY+HKUXXdVjJlrtyCLn3EMcNTaNcPadb2c0ndQzixZSmAxZKopXJr0nLwhOrpQ=="
      },
      "runtime.linux-x64.runtime.native.System.IO.Ports": {
        "type": "Transitive",
        "resolved": "8.0.0",
        "contentHash": "Wnw5vhA4mgGbIFoo6l9Fk3iEcwRSq49a1aKwJgXUCUtEQLCSUDjTGSxqy/oMUuOyyn7uLHsH8KgZzQ1y3lReiQ=="
      },
      "runtime.native.System.Data.SqlClient.sni": {
        "type": "Transitive",
        "resolved": "4.7.0",
        "contentHash": "9kyFSIdN3T0qjDQ2R0HRXYIhS3l5psBzQi6qqhdLz+SzFyEy4sVxNOke+yyYv8Cu8rPER12c3RDjLT8wF3WBYQ==",
        "dependencies": {
          "runtime.win-arm64.runtime.native.System.Data.SqlClient.sni": "4.4.0",
          "runtime.win-x64.runtime.native.System.Data.SqlClient.sni": "4.4.0",
          "runtime.win-x86.runtime.native.System.Data.SqlClient.sni": "4.4.0"
        }
      },
      "runtime.native.System.IO.Ports": {
        "type": "Transitive",
        "resolved": "8.0.0",
        "contentHash": "Ee7Sz5llLpTgyKIWzKI/GeuRSbFkOABgJRY00SqTY0OkTYtkB+9l5rFZfE7fxPA3c22RfytCBYkUdAkcmwMjQg==",
        "dependencies": {
          "runtime.linux-arm.runtime.native.System.IO.Ports": "8.0.0",
          "runtime.linux-arm64.runtime.native.System.IO.Ports": "8.0.0",
          "runtime.linux-x64.runtime.native.System.IO.Ports": "8.0.0",
          "runtime.osx-arm64.runtime.native.System.IO.Ports": "8.0.0",
          "runtime.osx-x64.runtime.native.System.IO.Ports": "8.0.0"
        }
      },
      "runtime.osx-arm64.runtime.native.System.IO.Ports": {
        "type": "Transitive",
        "resolved": "8.0.0",
        "contentHash": "rbUBLAaFW9oVkbsb0+XSrAo2QdhBeAyzLl5KQ6Oci9L/u626uXGKInsVJG6B9Z5EO8bmplC8tsMiaHK8wOBZ+w=="
      },
      "runtime.osx-x64.runtime.native.System.IO.Ports": {
        "type": "Transitive",
        "resolved": "8.0.0",
        "contentHash": "IcfB4jKtM9pkzP9OpYelEcUX1MiDt0IJPBh3XYYdEISFF+6Mc+T8WWi0dr9wVh1gtcdVjubVEIBgB8BHESlGfQ=="
      },
      "runtime.win-arm64.runtime.native.System.Data.SqlClient.sni": {
        "type": "Transitive",
        "resolved": "4.4.0",
        "contentHash": "LbrynESTp3bm5O/+jGL8v0Qg5SJlTV08lpIpFesXjF6uGNMWqFnUQbYBJwZTeua6E/Y7FIM1C54Ey1btLWupdg=="
      },
      "runtime.win-x64.runtime.native.System.Data.SqlClient.sni": {
        "type": "Transitive",
        "resolved": "4.4.0",
        "contentHash": "38ugOfkYJqJoX9g6EYRlZB5U2ZJH51UP8ptxZgdpS07FgOEToV+lS11ouNK2PM12Pr6X/PpT5jK82G3DwH/SxQ=="
      },
      "runtime.win-x86.runtime.native.System.Data.SqlClient.sni": {
        "type": "Transitive",
        "resolved": "4.4.0",
        "contentHash": "YhEdSQUsTx+C8m8Bw7ar5/VesXvCFMItyZF7G1AUY+OM0VPZUOeAVpJ4Wl6fydBGUYZxojTDR3I6Bj/+BPkJNA=="
      },
      "Serilog.Sinks.File": {
        "type": "Transitive",
        "resolved": "5.0.0",
        "contentHash": "uwV5hdhWPwUH1szhO8PJpFiahqXmzPzJT/sOijH/kFgUx+cyoDTMM8MHD0adw9+Iem6itoibbUXHYslzXsLEAg==",
        "dependencies": {
          "Serilog": "2.10.0"
        }
      },
      "Serilog.Sinks.PeriodicBatching": {
        "type": "Transitive",
        "resolved": "4.0.0",
        "contentHash": "kxg6QLNA1sDVqYEE7/6hCr/Ur3imS+qaoEqriQh07WTU1/b6jknnuVN1rWQpj67JpwAXXTmgI3Js9IGGktgumQ==",
        "dependencies": {
          "Serilog": "3.1.1",
          "System.Threading.Channels": "8.0.0"
        }
      },
      "System.CodeDom": {
        "type": "Transitive",
        "resolved": "8.0.0",
        "contentHash": "WTlRjL6KWIMr/pAaq3rYqh0TJlzpouaQ/W1eelssHgtlwHAH25jXTkUphTYx9HaIIf7XA6qs/0+YhtLEQRkJ+Q=="
      },
      "System.ComponentModel.Composition": {
        "type": "Transitive",
        "resolved": "8.0.0",
        "contentHash": "bGhUX5BTivJ9Wax0qnJy7uGq7dn/TQkEpJ2Fpu1etg8dbPwyDkUzNPc1d3I2/jUr9y4wDI3a1dkSmi8X21Pzbw=="
      },
      "System.ComponentModel.Composition.Registration": {
        "type": "Transitive",
        "resolved": "8.0.0",
        "contentHash": "BVMXYqX7Z0Zdq3tc94UKJL/cOWq4LF3ufexfdPuUDrDl4ekbbfwPVzsusVbx+aq6Yx60CJnmJLyHtM3V2Q7BBQ==",
        "dependencies": {
          "System.ComponentModel.Composition": "8.0.0",
          "System.Reflection.Context": "8.0.0"
        }
      },
      "System.Configuration.ConfigurationManager": {
        "type": "Transitive",
        "resolved": "8.0.0",
        "contentHash": "JlYi9XVvIREURRUlGMr1F6vOFLk7YSY4p1vHo4kX3tQ0AGrjqlRWHDi66ImHhy6qwXBG3BJ6Y1QlYQ+Qz6Xgww==",
        "dependencies": {
          "System.Diagnostics.EventLog": "8.0.0",
          "System.Security.Cryptography.ProtectedData": "8.0.0"
        }
      },
      "System.Data.Odbc": {
        "type": "Transitive",
        "resolved": "8.0.0",
        "contentHash": "c+GfnZt2/HyU+voKw2fctLZClcNjPZPWS+mnIhGvDknRMqL/fwWlREWPgA4csbp9ZkQIgB4qkufgdh/oh5Ubow==",
        "dependencies": {
          "System.Text.Encoding.CodePages": "8.0.0"
        }
      },
      "System.Data.OleDb": {
        "type": "Transitive",
        "resolved": "8.0.0",
        "contentHash": "FpUTcQ0E8mFvcYp8UZA3NX8wgmhmsCue56g1zfkr1xdOnT5FrYYmC5DWQ9xCw8o8zuxVBKLZvliqEGgmeoalaQ==",
        "dependencies": {
          "System.Configuration.ConfigurationManager": "8.0.0",
          "System.Diagnostics.PerformanceCounter": "8.0.0"
        }
      },
      "System.Data.SqlClient": {
        "type": "Transitive",
        "resolved": "4.8.6",
        "contentHash": "2Ij/LCaTQRyAi5lAv7UUTV9R2FobC8xN9mE0fXBZohum/xLl8IZVmE98Rq5ugQHjCgTBRKqpXRb4ORulRdA6Ig==",
        "dependencies": {
          "Microsoft.Win32.Registry": "4.7.0",
          "System.Security.Principal.Windows": "4.7.0",
          "runtime.native.System.Data.SqlClient.sni": "4.7.0"
        }
      },
      "System.Diagnostics.DiagnosticSource": {
        "type": "Transitive",
        "resolved": "7.0.2",
        "contentHash": "hYr3I9N9811e0Bjf2WNwAGGyTuAFbbTgX1RPLt/3Wbm68x3IGcX5Cl75CMmgT6WlNwLQ2tCCWfqYPpypjaf2xA=="
      },
      "System.Diagnostics.EventLog": {
        "type": "Transitive",
        "resolved": "8.0.0",
        "contentHash": "fdYxcRjQqTTacKId/2IECojlDSFvp7LP5N78+0z/xH7v/Tuw5ZAxu23Y6PTCRinqyu2ePx+Gn1098NC6jM6d+A=="
      },
      "System.Diagnostics.PerformanceCounter": {
        "type": "Transitive",
        "resolved": "8.0.0",
        "contentHash": "lX6DXxtJqVGWw7N/QmVoiCyVQ+Q/Xp+jVXPr3gLK1jJExSn1qmAjJQeb8gnOYeeBTG3E3PmG1nu92eYj/TEjpg==",
        "dependencies": {
          "System.Configuration.ConfigurationManager": "8.0.0"
        }
      },
      "System.DirectoryServices": {
        "type": "Transitive",
        "resolved": "8.0.0",
        "contentHash": "7nit//efUTy1OsAKco2f02PMrwsR2S234N0dVVp84udC77YcvpOQDz5znAWMtgMWBzY1aRJvUW61jo/7vQRfXg=="
      },
      "System.DirectoryServices.AccountManagement": {
        "type": "Transitive",
        "resolved": "8.0.0",
        "contentHash": "dCT8BYeeisx0IzAf6x+FSVWK3gz2fKI9pgLV16c7dY/lckw4aodNrgXqsFqyqJN5Kfxc3oklG+SCMYkRfg1V7A==",
        "dependencies": {
          "System.Configuration.ConfigurationManager": "8.0.0",
          "System.DirectoryServices": "8.0.0",
          "System.DirectoryServices.Protocols": "8.0.0"
        }
      },
      "System.DirectoryServices.Protocols": {
        "type": "Transitive",
        "resolved": "8.0.0",
        "contentHash": "puwJxURHDrYLGTQdsHyeMS72ClTqYa4lDYz6LHSbkZEk5hq8H8JfsO4MyYhB5BMMxg93jsQzLUwrnCumj11UIg=="
      },
      "System.Drawing.Common": {
        "type": "Transitive",
        "resolved": "8.0.3",
        "contentHash": "oDE9duAtHhxYJM2bsOlZCLBKdorU9DTV1tw7Mlc+VIT7HgwO5ddfOHk/An8C+fAS9oKdmn2PaIA5t1b484uz8g==",
        "dependencies": {
          "Microsoft.Win32.SystemEvents": "8.0.0"
        }
      },
      "System.Formats.Asn1": {
        "type": "Transitive",
        "resolved": "8.0.0",
        "contentHash": "AJukBuLoe3QeAF+mfaRKQb2dgyrvt340iMBHYv+VdBzCUM06IxGlvl0o/uPOS7lHnXPN6u8fFRHSHudx5aTi8w=="
      },
      "System.IO.Packaging": {
        "type": "Transitive",
        "resolved": "8.0.0",
        "contentHash": "8g1V4YRpdGAxFcK8v9OjuMdIOJSpF30Zb1JGicwVZhly3I994WFyBdV6mQEo8d3T+URQe55/M0U0eIH0Hts1bg=="
      },
      "System.IO.Ports": {
        "type": "Transitive",
        "resolved": "8.0.0",
        "contentHash": "MaiPbx2/QXZc62gm/DrajRrGPG1lU4m08GWMoWiymPYM+ba4kfACp2PbiYpqJ4QiFGhHD00zX3RoVDTucjWe9g==",
        "dependencies": {
          "runtime.native.System.IO.Ports": "8.0.0"
        }
      },
      "System.Management": {
        "type": "Transitive",
        "resolved": "8.0.0",
        "contentHash": "jrK22i5LRzxZCfGb+tGmke2VH7oE0DvcDlJ1HAKYU8cPmD8XnpUT0bYn2Gy98GEhGjtfbR/sxKTVb+dE770pfA==",
        "dependencies": {
          "System.CodeDom": "8.0.0"
        }
      },
      "System.Numerics.Vectors": {
        "type": "Transitive",
        "resolved": "4.5.0",
        "contentHash": "QQTlPTl06J/iiDbJCiepZ4H//BVraReU4O4EoRw1U02H5TLUIT7xn3GnDp9AXPSlJUDyFs4uWjWafNX6WrAojQ=="
      },
      "System.Private.ServiceModel": {
        "type": "Transitive",
        "resolved": "4.10.0",
        "contentHash": "dB4hD50X7FaCCPoMJ+TShvSVXEHWBD/GKEd494N4a3V+avJmNFmKK7bM40J1zsj+QWt66DG2YkwWlRf/OHx8zw==",
        "dependencies": {
          "Microsoft.Bcl.AsyncInterfaces": "5.0.0",
          "Microsoft.Extensions.ObjectPool": "5.0.10",
          "System.Numerics.Vectors": "4.5.0",
          "System.Reflection.DispatchProxy": "4.7.1",
          "System.Security.Cryptography.Xml": "5.0.0",
          "System.Security.Principal.Windows": "5.0.0"
        }
      },
      "System.Reflection.Context": {
        "type": "Transitive",
        "resolved": "8.0.0",
        "contentHash": "k76ubeIBOeIVg7vkQ4I+LoB8sY1EzFIc3oHEtoiNLhXleb7TBLXUQu0CFZ4sPlXJzWNabRf+gn1T7lyhOBxIMA=="
      },
      "System.Reflection.DispatchProxy": {
        "type": "Transitive",
        "resolved": "4.7.1",
        "contentHash": "C1sMLwIG6ILQ2bmOT4gh62V6oJlyF4BlHcVMrOoor49p0Ji2tA8QAoqyMcIhAdH6OHKJ8m7BU+r4LK2CUEOKqw=="
      },
      "System.Runtime.Caching": {
        "type": "Transitive",
        "resolved": "8.0.0",
        "contentHash": "4TmlmvGp4kzZomm7J2HJn6IIx0UUrQyhBDyb5O1XiunZlQImXW+B8b7W/sTPcXhSf9rp5NR5aDtQllwbB5elOQ==",
        "dependencies": {
          "System.Configuration.ConfigurationManager": "8.0.0"
        }
      },
      "System.Security.AccessControl": {
        "type": "Transitive",
        "resolved": "4.7.0",
        "contentHash": "JECvTt5aFF3WT3gHpfofL2MNNP6v84sxtXxpqhLBCcDRzqsPBmHhQ6shv4DwwN2tRlzsUxtb3G9M3763rbXKDg==",
        "dependencies": {
          "Microsoft.NETCore.Platforms": "3.1.0",
          "System.Security.Principal.Windows": "4.7.0"
        }
      },
      "System.Security.Cryptography.Pkcs": {
        "type": "Transitive",
        "resolved": "8.0.0",
        "contentHash": "ULmp3xoOwNYjOYp4JZ2NK/6NdTgiN1GQXzVVN1njQ7LOZ0d0B9vyMnhyqbIi9Qw4JXj1JgCsitkTShboHRx7Eg==",
        "dependencies": {
          "System.Formats.Asn1": "8.0.0"
        }
      },
      "System.Security.Cryptography.ProtectedData": {
        "type": "Transitive",
        "resolved": "8.0.0",
        "contentHash": "+TUFINV2q2ifyXauQXRwy4CiBhqvDEDZeVJU7qfxya4aRYOKzVBpN+4acx25VcPB9ywUN6C0n8drWl110PhZEg=="
      },
      "System.Security.Cryptography.Xml": {
        "type": "Transitive",
        "resolved": "8.0.0",
        "contentHash": "HQSFbakswZ1OXFz2Bt3AJlC6ENDqWeVpgqhf213xqQUMDifzydOHIKVb1RV4prayobvR3ETIScMaQdDF2hwGZA==",
        "dependencies": {
          "System.Security.Cryptography.Pkcs": "8.0.0"
        }
      },
      "System.Security.Permissions": {
        "type": "Transitive",
        "resolved": "8.0.0",
        "contentHash": "v/BBylw7XevuAsHXoX9dDUUfmBIcUf7Lkz8K3ZXIKz3YRKpw8YftpSir4n4e/jDTKFoaK37AsC3xnk+GNFI1Ow==",
        "dependencies": {
          "System.Windows.Extensions": "8.0.0"
        }
      },
      "System.Security.Principal.Windows": {
        "type": "Transitive",
        "resolved": "5.0.0",
        "contentHash": "t0MGLukB5WAVU9bO3MGzvlGnyJPgUlcwerXn1kzBRjwLKixT96XV0Uza41W49gVd8zEMFu9vQEFlv0IOrytICA=="
      },
      "System.ServiceModel.Duplex": {
        "type": "Transitive",
        "resolved": "4.10.0",
        "contentHash": "4TiHY9zNCyU5++0hzgQQY8Lg2iUxBndRbo/xVWxljqekBiPSK037QASLD4ZZCKc/JcA4cpHUFDXZjzrdVVn6aw==",
        "dependencies": {
          "System.Private.ServiceModel": "4.10.0",
          "System.ServiceModel.Primitives": "4.10.0"
        }
      },
      "System.ServiceModel.Http": {
        "type": "Transitive",
        "resolved": "4.10.0",
        "contentHash": "/PbmNSEwTQ7Vizor3F/Zp8bzR6L9YZNGIwGr1Tyc//ZZuAYDhiwiMbNpX3EnPZM63qD2bJmR/FWH9S5Ffp8K6g==",
        "dependencies": {
          "System.Private.ServiceModel": "4.10.0",
          "System.ServiceModel.Primitives": "4.10.0"
        }
      },
      "System.ServiceModel.NetTcp": {
        "type": "Transitive",
        "resolved": "4.10.0",
        "contentHash": "tG69H0sRdzEuOcdGzsZwbmPk54Akb3t1Db4SSXN6hSTOc2ZBFu1jLt5wJA6ATbIjJ5WqXA8beRNLhO77lBNIdA==",
        "dependencies": {
          "System.Private.ServiceModel": "4.10.0",
          "System.ServiceModel.Primitives": "4.10.0"
        }
      },
      "System.ServiceModel.Primitives": {
        "type": "Transitive",
        "resolved": "4.10.0",
        "contentHash": "BtrvvpgU2HolcC0tUf1g+n4Fk5kLhfbIBgRibcGe7TDHXcy6zTfkyXxR88rl2tO4KEPLkJXxWf/HW/LJmsI0Ew==",
        "dependencies": {
          "System.Private.ServiceModel": "4.10.0"
        }
      },
      "System.ServiceModel.Security": {
        "type": "Transitive",
        "resolved": "4.10.0",
        "contentHash": "/COEfB7QqKW37DOfmzJG6rd0apH0uMMCYNDUir9ZVDQR/ulQHx12T/5jMTo25YgUUk++i0SfGDbzutMH3w/nQg==",
        "dependencies": {
          "System.Private.ServiceModel": "4.10.0",
          "System.ServiceModel.Primitives": "4.10.0"
        }
      },
      "System.ServiceModel.Syndication": {
        "type": "Transitive",
        "resolved": "8.0.0",
        "contentHash": "CJxIUwpBkMCPmIx46tFVOt0zpRrYurUHLW6tJBcmyj+MyWpKc6MMcS69B7IdlV/bgtgys073wMIHZX9QOQ1OFA=="
      },
      "System.ServiceProcess.ServiceController": {
        "type": "Transitive",
        "resolved": "8.0.0",
        "contentHash": "jtYVG3bpw2n/NvNnP2g/JLri0D4UtfusTvLeH6cZPNAEjJXJVGspS3wLgVvjNbm+wjaYkFgsXejMTocV1T5DIQ==",
        "dependencies": {
          "System.Diagnostics.EventLog": "8.0.0"
        }
      },
      "System.Speech": {
        "type": "Transitive",
        "resolved": "8.0.0",
        "contentHash": "CNuiA6vb95Oe5PRjClZEBiaju31vwB8OIeCgeSBXyZL6+MS4RVVB2X/C11z0xCkooHE3Vy91nM2z76emIzR+sg=="
      },
      "System.Text.Encoding.CodePages": {
        "type": "Transitive",
        "resolved": "8.0.0",
        "contentHash": "OZIsVplFGaVY90G2SbpgU7EnCoOO5pw1t4ic21dBF3/1omrJFpAGoNAVpPyMVOC90/hvgkGG3VFqR13YgZMQfg=="
      },
      "System.Threading.AccessControl": {
        "type": "Transitive",
        "resolved": "8.0.0",
        "contentHash": "cIed5+HuYz+eV9yu9TH95zPkqmm1J9Qps9wxjB335sU8tsqc2kGdlTEH9FZzZeCS8a7mNSEsN8ZkyhQp1gfdEw=="
      },
      "System.Threading.Channels": {
        "type": "Transitive",
        "resolved": "8.0.0",
        "contentHash": "CMaFr7v+57RW7uZfZkPExsPB6ljwzhjACWW1gfU35Y56rk72B/Wu+sTqxVmGSk4SFUlPc3cjeKND0zktziyjBA=="
      },
      "System.Web.Services.Description": {
        "type": "Transitive",
        "resolved": "4.10.0",
        "contentHash": "Dwr64geRujAwnI+wPMJP1rf4pFaYRITrAS7EIGd0GVMwQ8OayM6ypwmnAPzQG4YTyN84w6KD5Rv8LJywYK+vUA=="
      },
      "System.Windows.Extensions": {
        "type": "Transitive",
        "resolved": "8.0.0",
        "contentHash": "Obg3a90MkOw9mYKxrardLpY2u0axDMrSmy4JCdq2cYbelM2cUwmUir5Bomvd1yxmPL9h5LVHU1tuKBZpUjfASg=="
      },
      "xunit.abstractions": {
        "type": "Transitive",
        "resolved": "2.0.3",
        "contentHash": "pot1I4YOxlWjIb5jmwvvQNbTrZ3lJQ+jUGkGjWE3hEFM0l5gOnBWS+H3qsex68s5cO52g+44vpGzhAt+42vwKg=="
      },
      "xunit.analyzers": {
        "type": "Transitive",
        "resolved": "1.11.0",
        "contentHash": "SCv+Ihxv+fCqotGeM8sVwLhw8nzAJ2aFRN5lcoKn9QtGdbVJ79JqDc+4u8/Ddnp2udxtmv+xYFWkHNlb/sk01w=="
      },
      "xunit.assert": {
        "type": "Transitive",
        "resolved": "2.7.0",
        "contentHash": "CCTs3bUhmIS4tDwK6Cn/IiabG3RhYzdf65eIkO7u9/grKoN9MrN780LzVED3E8v+vwmmj7b5TW3/GFuZHPAzWA=="
      },
      "xunit.core": {
        "type": "Transitive",
        "resolved": "2.7.0",
        "contentHash": "98tzqYAbtc/p/2Ba455XTNbD12Qoo8kPehjC4oDT46CAsLli5JOCU9hFF2MV3HHWMw/Y3yFUV2Vcukplbs6kuA==",
        "dependencies": {
          "xunit.extensibility.core": "[2.7.0]",
          "xunit.extensibility.execution": "[2.7.0]"
        }
      },
      "xunit.extensibility.core": {
        "type": "Transitive",
        "resolved": "2.7.0",
        "contentHash": "JLnx4PI0vn1Xr1Ust6ydrp2t/ktm2dyGPAVoDJV5gQuvBMSbd2K7WGzODa2ttiz030CeQ8nbsXl05+cvf7QNyA==",
        "dependencies": {
          "xunit.abstractions": "2.0.3"
        }
      },
      "xunit.extensibility.execution": {
        "type": "Transitive",
        "resolved": "2.7.0",
        "contentHash": "bjY+crT1jOyxKagFjCMdEVzoenO2v66ru8+CK/0UaXvyG4U9Q3UTieJkbQXbi7/1yZIK1sGh01l5/jh2CwLJtQ==",
        "dependencies": {
          "xunit.extensibility.core": "[2.7.0]"
        }
      },
      "Zio": {
        "type": "Transitive",
        "resolved": "0.13.0",
        "contentHash": "caQXHcNNPLyF2wB28FttQ4GvF7/CVffbTKpjLk0NDhFwOphZEf/X+mlSFGOoQ0Pqu3BcxHH94x9e+5/d956dfA=="
      }
    }
  }
}