{
  "version": 1,
  "dependencies": {
    ".NETFramework,Version=v4.8.1": {
      "Microsoft.CodeDom.Providers.DotNetCompilerPlatform": {
        "type": "Direct",
        "requested": "[4.1.0, 4.1.0]",
        "resolved": "4.1.0",
        "contentHash": "o34xN9ugrjXCj45UuZhKjHzuxWCdrlWdqhzhVJ6J7a67djTFD6k+1WBm8Hz7Dbi+KQm98eUmlKEg3DsF1uqZow=="
      }
    }
  }
}