{
  "version": 1,
  "dependencies": {
    ".NETStandard,Version=v2.1": {
      "JetBrains.Annotations": {
        "type": "Direct",
        "requested": "[2020.1.0, )",
        "resolved": "2020.1.0",
        "contentHash": "kD9D2ey3DGeLbfIzS8PkwLFkcF5vCOLk2rdjgfSxTfpoyovl7gAyoS6yq6T77zo9QgJGaVJ7PO/cSgLopnKlzg=="
      }
    }
  }
}