{
  "version": 1,
  "dependencies": {
    ".NETCoreApp,Version=v3.1": {
      "JetBrains.Annotations": {
        "type": "Direct",
        "requested": "[2020.3.0, )",
        "resolved": "2020.3.0",
        "contentHash": "FnX06vtxuoZnhZdR6UHt5kJ7HUC/syODfGLnhPDn1x5sXvvepNyCl4jMtPUzJfsPWh7q0Jo+AIYz5xaVbbyikA=="
      },
      "Newtonsoft.Json": {
        "type": "Direct",
        "requested": "[13.0.1, )",
        "resolved": "13.0.1",
        "contentHash": "ppPFpBcvxdsfUonNcvITKqLl3bqxWbDCZIzDWHzjpdAHRFfZe0Dw9HmA0+za13IdyrgJwpkDTDA9fHaxOrt20A=="
      }
    }
  }
}