{
  "version": 1,
  "dependencies": {
    ".NETCoreApp,Version=v3.1": {
      "JetBrains.Annotations": {
        "type": "Direct",
        "requested": "[2019.1.3, )",
        "resolved": "2019.1.3",
        "contentHash": "E0x48BwZJKoNMNCekWGKsV4saQS89lf58ydT2szseV44CMYIbaHXjc7+305WLw6up3ibZN9yH6QdGSZo5tQhLg=="
      },
      "Newtonsoft.Json": {
        "type": "Direct",
        "requested": "[12.0.3, )",
        "resolved": "12.0.3",
        "contentHash": "6mgjfnRB4jKMlzHSl+VD+oUc1IebOZabkbyWj2RiTgWwYPPuaK1H97G1sHqGwPlS5npiF5Q0OrxN1wni2n5QWg=="
      }
    }
  }
}