{
  "version": 1,
  "dependencies": {
    "net10.0": {
      "JetBrains.Annotations": {
        "type": "Direct",
        "requested": "[2025.2.4, )",
        "resolved": "2025.2.4",
        "contentHash": "TwbgxAkXxY+vNEhNVx/QXjJ4vqxmepOjsgRvvImQPbHkHMMb4W+ahL3laMsxXKtNT7iMy+E1B3xkqao2hf1n3A=="
      },
      "Microsoft.CodeAnalysis.Analyzers": {
        "type": "Direct",
        "requested": "[4.14.0, )",
        "resolved": "4.14.0",
        "contentHash": "fCj+MzjJxN/4iYAz7JPLONGKeTomaZNzx4UgGA0AerTrx4Ou6Rw2J5YF4V51vWW+aSQSCv1nnAkCZUw5Z9+3zw=="
      },
      "Microsoft.CodeAnalysis.CSharp": {
        "type": "Direct",
        "requested": "[5.0.0, )",
        "resolved": "5.0.0",
        "contentHash": "5DSyJ9bk+ATuDy7fp2Zt0mJStDVKbBoiz1DyfAwSa+k4H4IwykAUcV3URelw5b8/iVbfSaOwkwmPUZH6opZKCw==",
        "dependencies": {
          "Microsoft.CodeAnalysis.Analyzers": "3.11.0",
          "Microsoft.CodeAnalysis.Common": "[5.0.0]"
        }
      },
      "NuGet.Protocol": {
        "type": "Direct",
        "requested": "[7.0.1, )",
        "resolved": "7.0.1",
        "contentHash": "bYPzTqgOSsXV8AxXXFCCPtAtlxwph0DVtdM8AlaKTGLClHDx7VAlL4cCIcVl2iEzQuG1uC79SvzllvKi1grcNw==",
        "dependencies": {
          "NuGet.Packaging": "7.0.1"
        }
      },
      "Serilog.Sinks.Console": {
        "type": "Direct",
        "requested": "[6.1.1, )",
        "resolved": "6.1.1",
        "contentHash": "8jbqgjUyZlfCuSTaJk6lOca465OndqOz3KZP6Cryt/IqZYybyBu7GP0fE/AXBzrrQB3EBmQntBFAvMVz1COvAA==",
        "dependencies": {
          "Serilog": "4.0.0"
        }
      },
      "Serilog.Sinks.Seq": {
        "type": "Direct",
        "requested": "[9.0.0, )",
        "resolved": "9.0.0",
        "contentHash": "aNU8A0K322q7+voPNmp1/qNPH+9QK8xvM1p72sMmCG0wGlshFzmtDW9QnVSoSYCj0MgQKcMOlgooovtBhRlNHw==",
        "dependencies": {
          "Serilog": "4.2.0",
          "Serilog.Sinks.File": "6.0.0"
        }
      },
      "Arbor.Aesculus": {
        "type": "Transitive",
        "resolved": "3.9.0",
        "contentHash": "LE06rAomvgZ+9iYUjLGCM+n/Xl19kbMzYauWyI5WcVFh7BhkMCmcbQDYFIjVvfeQlrxio8xLAMBO80Dul5h8jQ=="
      },
      "Arbor.FileSystem": {
        "type": "Transitive",
        "resolved": "0.6.0",
        "contentHash": "96i90GxPeVRXfMjj1Gzzg7Wi+CVscm8aj8RqBkl4FFaK+HmwsB8zE2P5HUSYR6ik0OJNlVRw+ksJecS/otiLPw==",
        "dependencies": {
          "JetBrains.Annotations": "2024.3.0",
          "zio": "0.19.2"
        }
      },
      "Arbor.KVConfiguration.Core": {
        "type": "Transitive",
        "resolved": "3.0.0",
        "contentHash": "NCFMVWhWqRY6i8/V3NT5OGEc4EnR5h5PqGVjWBnYjHqH85Zgp7hQl09zRR9WeP6mjRLDPd+WHgHVIxYBfN8HEQ==",
        "dependencies": {
          "Microsoft.Extensions.Primitives": "[10.0.0, 11.0.0)"
        }
      },
      "Arbor.KVConfiguration.JsonConfiguration": {
        "type": "Transitive",
        "resolved": "3.0.0",
        "contentHash": "JlHUHrwaJEknDTegLAHIvFdBII7kxSI9ZNxARvBcWBYZnx1XGavIAGrDf8NdHYP4Y3y2lXRonDlEtUqO9l7CVg==",
        "dependencies": {
          "Arbor.KVConfiguration.Schema.Json": "[3.0.0, 4.0.0)",
          "Newtonsoft.Json": "[13.0.3, 14.0.0)"
        }
      },
      "Arbor.KVConfiguration.Schema.Json": {
        "type": "Transitive",
        "resolved": "3.0.0",
        "contentHash": "ex3aqYhy15Fvl9k0elcjTnZ2p82NiZpuOR4i/kNPv6CN+5RNGNi2daqjDMH7KBvYlhTjbZ2VrPtzfxJ3PulGgg==",
        "dependencies": {
          "Arbor.KVConfiguration.Core": "[3.0.0, 4.0.0)",
          "Newtonsoft.Json": "13.0.3"
        }
      },
      "Arbor.KVConfiguration.UserConfiguration": {
        "type": "Transitive",
        "resolved": "3.0.0",
        "contentHash": "9ggFestEjKVFJtrCTw4M1IsCUcQ9fMXUMOu9Ak7znj7EhCpA4/U9xXgI8Jse88ITXOjEiYI9RYKmXX8ToXMocQ==",
        "dependencies": {
          "Arbor.KVConfiguration.JsonConfiguration": "[3.0.0, 4.0.0)"
        }
      },
      "Arbor.Processing": {
        "type": "Transitive",
        "resolved": "0.6.0",
        "contentHash": "KcuciNAfg/ArkDdcM1hHMeIprKwQjdHWV6zXBFAqmKDxGB9rdDHk9a1jHTVQ5r7y5gxAowCUGLgEcfheKItoig=="
      },
      "Arbor.Sorbus": {
        "type": "Transitive",
        "resolved": "4.0.0",
        "contentHash": "LwRt7hY3r2BpgZTHftL/99jyztFWhk6M1nBtIOaJn39PeGWaCIi6szPngakUunUSaly3BuNddWv4KvLjEraqIw==",
        "dependencies": {
          "Newtonsoft.Json": "[11.0.0, 14.0.0)"
        }
      },
      "Arbor.Tooler": {
        "type": "Transitive",
        "resolved": "1.2.0",
        "contentHash": "Mx0ELfzN6H1qsq7f6CenvepIXVRdeLcRFWtQDLHRZdaM6dTs6NrCNz7Qbs5oGHrlw/03EcOyQqSgcPU1u0ww5w==",
        "dependencies": {
          "Arbor.Processing": "0.6.0",
          "NewtonSoft.Json": "13.0.4",
          "NuGet.Configuration": "7.0.1",
          "NuGet.Packaging": "7.0.1",
          "NuGet.Protocol": "7.0.1",
          "NuGet.Versioning": "7.0.1",
          "Serilog": "4.3.0",
          "System.IO.Packaging": "10.0.0"
        }
      },
      "Autofac": {
        "type": "Transitive",
        "resolved": "9.0.0",
        "contentHash": "G8TpUMVIq1pEAMuAao8h5MKduY91SotjgK93wQb5LaxbJUVE0/XjCA6t2SOp+AkPC3GB/C2MAiF2D7krYjraFw=="
      },
      "Microsoft.CodeAnalysis.Common": {
        "type": "Transitive",
        "resolved": "5.0.0",
        "contentHash": "ZXRAdvH6GiDeHRyd3q/km8Z44RoM6FBWHd+gen/la81mVnAdHTEsEkO5J0TCNXBymAcx5UYKt5TvgKBhaLJEow==",
        "dependencies": {
          "Microsoft.CodeAnalysis.Analyzers": "3.11.0"
        }
      },
      "Microsoft.Extensions.ObjectPool": {
        "type": "Transitive",
        "resolved": "8.0.10",
        "contentHash": "u7gAG7JgxF8VSJUGPSudAcPxOt+ymJKQCSxNRxiuKV+klCQbHljQR75SilpedCTfhPWDhtUwIJpnDVtspr9nMg=="
      },
      "Microsoft.Extensions.Primitives": {
        "type": "Transitive",
        "resolved": "10.0.0",
        "contentHash": "inRnbpCS0nwO/RuoZIAqxQUuyjaknOOnCEZB55KSMMjRhl0RQDttSmLSGsUJN3RQ3ocf5NDLFd2mOQViHqMK5w=="
      },
      "Microsoft.VisualStudio.SolutionPersistence": {
        "type": "Transitive",
        "resolved": "1.0.52",
        "contentHash": "oNv2JtYXhpdJrX63nibx1JT3uCESOBQ1LAk7Dtz/sr0+laW0KRM6eKp4CZ3MHDR2siIkKsY8MmUkeP5DKkQQ5w=="
      },
      "Microsoft.Web.Xdt": {
        "type": "Transitive",
        "resolved": "3.2.2",
        "contentHash": "TnIQ0AhibjYCgT0OT6ZEHhJ38Hy9Mf/lLAZ+lyOT4XmJRizBFbSi4Hvk1HUloaacHhlvfmqI6o+upA/C93X4VA=="
      },
      "Microsoft.Win32.Registry.AccessControl": {
        "type": "Transitive",
        "resolved": "10.0.2",
        "contentHash": "Johy3NgYzBhkp9Q60cymI65iH2nm/cEWUZcdZluRdauRUYj8szXV7L7CvEpXxomtIOYNSTEfYKnFIUekkMMCPQ=="
      },
      "Microsoft.Win32.SystemEvents": {
        "type": "Transitive",
        "resolved": "10.0.2",
        "contentHash": "1G4BdeFwc8E95MpwtR7pO4rEh2YCG/o5gqcOszdQRGrWX1ayHTZtho3xPuYZTbBxKb/3kQHjL3b4nQeNGvbM9g=="
      },
      "Microsoft.Windows.Compatibility": {
        "type": "Transitive",
        "resolved": "10.0.2",
        "contentHash": "qyb9QDR7NC2Wt//rNWn6IYXctpKLzuDJoI0ly2ApUv0g/AlWxGNiuPuJCWRFnkXKssQm9dteGzXKlDlyGUYONQ==",
        "dependencies": {
          "Microsoft.Win32.Registry.AccessControl": "10.0.2",
          "Microsoft.Win32.SystemEvents": "10.0.2",
          "System.CodeDom": "10.0.2",
          "System.ComponentModel.Composition": "10.0.2",
          "System.ComponentModel.Composition.Registration": "10.0.2",
          "System.Configuration.ConfigurationManager": "10.0.2",
          "System.Data.Odbc": "10.0.2",
          "System.Data.OleDb": "10.0.2",
          "System.Data.SqlClient": "4.9.0",
          "System.Diagnostics.EventLog": "10.0.2",
          "System.Diagnostics.PerformanceCounter": "10.0.2",
          "System.DirectoryServices": "10.0.2",
          "System.DirectoryServices.AccountManagement": "10.0.2",
          "System.DirectoryServices.Protocols": "10.0.2",
          "System.Drawing.Common": "10.0.2",
          "System.IO.Packaging": "10.0.2",
          "System.IO.Ports": "10.0.2",
          "System.Management": "10.0.2",
          "System.Reflection.Context": "10.0.2",
          "System.Runtime.Caching": "10.0.2",
          "System.Security.Cryptography.Pkcs": "10.0.2",
          "System.Security.Cryptography.ProtectedData": "10.0.2",
          "System.Security.Cryptography.Xml": "10.0.2",
          "System.Security.Permissions": "10.0.2",
          "System.ServiceModel.Http": "8.1.2",
          "System.ServiceModel.NetTcp": "8.1.2",
          "System.ServiceModel.Primitives": "8.1.2",
          "System.ServiceModel.Syndication": "10.0.2",
          "System.ServiceProcess.ServiceController": "10.0.2",
          "System.Speech": "10.0.2",
          "System.Web.Services.Description": "8.1.2"
        }
      },
      "MSTest.Analyzers": {
        "type": "Transitive",
        "resolved": "4.1.0",
        "contentHash": "4ElL/aqomiUInr090VN4udqz46AuszXLrifHkLrgj0zb7na8eAoyUQt3BwDLTcGd1bSkmk3SfD02rZtKU+ZiqQ=="
      },
      "MSTest.TestFramework": {
        "type": "Transitive",
        "resolved": "4.1.0",
        "contentHash": "BzpvsK+CRbk6khwY62h+7HfYzIxtJXyPv9tOI9T90cy5CVy+WI1JkN4ZaNL4Dobqb6dywSwabLTIbPZKpdrr+A==",
        "dependencies": {
          "MSTest.Analyzers": "4.1.0"
        }
      },
      "Newtonsoft.Json": {
        "type": "Transitive",
        "resolved": "13.0.4",
        "contentHash": "pdgNNMai3zv51W5aq268sujXUyx7SNdE2bj1wZcWjAQrKMFZV260lbqYop1d2GM67JI1huLRwxo9ZqnfF/lC6A=="
      },
      "NuGet.Common": {
        "type": "Transitive",
        "resolved": "7.0.1",
        "contentHash": "AegMASeOhhm2flGk53b/YtINs2H+zKMnV5fTs3rRo08JMQ3gqrbJUSjiEMOKt5d541IhVA+pHDWVsDCZ+5g7Fg==",
        "dependencies": {
          "NuGet.Frameworks": "7.0.1"
        }
      },
      "NuGet.Configuration": {
        "type": "Transitive",
        "resolved": "7.0.1",
        "contentHash": "En8aIvZywOmgi+Q2Tv7VUELSYc3OCTwmzItr2N3j5pVIBQE92HbOa1b4+fJJbl9X/rAOkNon3fxjwYeqrdMRrw==",
        "dependencies": {
          "NuGet.Common": "7.0.1",
          "System.Security.Cryptography.ProtectedData": "9.0.6"
        }
      },
      "NuGet.Frameworks": {
        "type": "Transitive",
        "resolved": "7.0.1",
        "contentHash": "dUDwg8VYTyT+ZbLdC7hUUHFF530HeRl4jcxclKJY0o96f3nv0eZvojXwjRkq2HKzuyRCcVD4T24aEF83CUmBzA=="
      },
      "NuGet.Packaging": {
        "type": "Transitive",
        "resolved": "7.0.1",
        "contentHash": "hpC6Fx5VlMa42cSZDQ10TKDFHLoMpa8NbDwYSnCiGd4IPiG9+5ywWuxHjVbYYA7/PmJry5hs1GyJjvHV8bQmLw==",
        "dependencies": {
          "Newtonsoft.Json": "13.0.3",
          "NuGet.Configuration": "7.0.1",
          "NuGet.Versioning": "7.0.1",
          "System.Security.Cryptography.Pkcs": "9.0.6"
        }
      },
      "NuGet.Versioning": {
        "type": "Transitive",
        "resolved": "7.0.1",
        "contentHash": "tu68LnZqiLM/VyLQzPRqedopMi/M+5/6JqwB2Xkd0AWXRpUWewkVv77asVB7wgjMPVzQFK2sBy7AuxV49UzuvQ=="
      },
      "NUnit": {
        "type": "Transitive",
        "resolved": "4.4.0",
        "contentHash": "7IWJcT9xWNhG9dEGdgAWdH6maCE0eVbeVnizvXACKbAyxbjoJ9+WaEb8qsCTJi3hsb18AJBtoqvWa3G7YYUQfw=="
      },
      "runtime.android-arm.runtime.native.System.IO.Ports": {
        "type": "Transitive",
        "resolved": "10.0.2",
        "contentHash": "iv4A6c1a0pBn8vdbi86vfbcgSmYNLcv++EUqraO46JS4VZatJFIr3VMExUoulAZJQbL9JNl/qHSYX/1SSNTN9Q=="
      },
      "runtime.android-arm64.runtime.native.System.IO.Ports": {
        "type": "Transitive",
        "resolved": "10.0.2",
        "contentHash": "FU2+iYaX6S8yhxcKogKomMCup8tlyq1YNhbZmGzxDR7mRJzOOBbGLJusT7wf0ekRKY3JE4V3mHyzlyPUtKf/Xg=="
      },
      "runtime.android-x64.runtime.native.System.IO.Ports": {
        "type": "Transitive",
        "resolved": "10.0.2",
        "contentHash": "mc3NRZQ2NxBMxpV96Gz5WHS83eVoh/p+l80qfWouOcT6Vr3TAp/GMSNxKThVjzM/WtkSfv9PBoq3yxwoxGMOyw=="
      },
      "runtime.android-x86.runtime.native.System.IO.Ports": {
        "type": "Transitive",
        "resolved": "10.0.2",
        "contentHash": "8rV0zZO4x2P0s2LXVTTTtQMBXj+krLIrIHzISkPAnt+EYKNqyZYTzYvciKs3Ch4FXaGui72BeyTyyKMxCQUxqg=="
      },
      "runtime.linux-arm.runtime.native.System.IO.Ports": {
        "type": "Transitive",
        "resolved": "10.0.2",
        "contentHash": "ASg7aOuZNDZoClQiGAgNBwyZERuViax0afI8CwPn5k3G3pIyCiyFA12jXq8ZC6LtMaEuTrAmJy+iojdd3ylsMA=="
      },
      "runtime.linux-arm64.runtime.native.System.IO.Ports": {
        "type": "Transitive",
        "resolved": "10.0.2",
        "contentHash": "sb/jZ3VkFSW1qGJJn3f6PXVcPyOp3FkoKyM1ze5igKcXFbYIwdXp1FnAafR3tAaWZudph+SSmyf8J28faEd66Q=="
      },
      "runtime.linux-bionic-arm64.runtime.native.System.IO.Ports": {
        "type": "Transitive",
        "resolved": "10.0.2",
        "contentHash": "5aaJxDqihWpEjZ/aC6LMnjUwizo+v+X1TnkIKKDiswMcTIvtGMD5hN7rIIAdnizO9/3MBShOH5nphBdgMhI5ZA=="
      },
      "runtime.linux-bionic-x64.runtime.native.System.IO.Ports": {
        "type": "Transitive",
        "resolved": "10.0.2",
        "contentHash": "joKAwbWU2HTcCJlei0LWFe1+XPBRwOL4XnFNXe5Fbe0iPiufJhukjUeDzAxM6DRw0QnZJQFnVTvg9QlBU8wZEw=="
      },
      "runtime.linux-musl-arm.runtime.native.System.IO.Ports": {
        "type": "Transitive",
        "resolved": "10.0.2",
        "contentHash": "kjYKdwUi33eY6/Po42i549NNqDu0EiRc00uerabK3oYhmCRfJ8BMHvAwV/1eHEznd1Ixe8kj83oJPFLoae9l+Q=="
      },
      "runtime.linux-musl-arm64.runtime.native.System.IO.Ports": {
        "type": "Transitive",
        "resolved": "10.0.2",
        "contentHash": "io2YORj6hdPUn7wNM8HPl7r86Ktkq0MdV69VJPXYKip8F1Xjc8vxqfcBUwLBfwT0KJGcZUmJsP5cLn3Tjak1MQ=="
      },
      "runtime.linux-musl-x64.runtime.native.System.IO.Ports": {
        "type": "Transitive",
        "resolved": "10.0.2",
        "contentHash": "Hvof6YX0pCKGZe2YGRIWohYyhtavGpi/XNgOsglRyuirEVTp3DbYFEdpsuA3wip/OYJI1rMp6Z32580HEyMXPg=="
      },
      "runtime.linux-x64.runtime.native.System.IO.Ports": {
        "type": "Transitive",
        "resolved": "10.0.2",
        "contentHash": "BUePy78z4T0SzB+lNTLGaZ8rJArVE49b3qIhYHNda9Dwm/D8KB6KCsOQvbaxRBcWiIaZbVciq3rokSBc10+nOw=="
      },
      "runtime.maccatalyst-arm64.runtime.native.System.IO.Ports": {
        "type": "Transitive",
        "resolved": "10.0.2",
        "contentHash": "xzTbMrIIWHlFKK6NFRMIsHfzqK2dHbExxe9vFPUiqc3X1LDQQDhZayaBSQqpuJ/uy62UMjXsAeik868LRzNnBQ=="
      },
      "runtime.maccatalyst-x64.runtime.native.System.IO.Ports": {
        "type": "Transitive",
        "resolved": "10.0.2",
        "contentHash": "WwN/tR/UWni/lHlEj5uEMsVl9581YFw8yHTDuqxQMOREh1yk1F8DMjC8zC8pMtGsEdwGB/fcV9W9f1WtKgvvpw=="
      },
      "runtime.native.System.Data.SqlClient.sni": {
        "type": "Transitive",
        "resolved": "4.4.0",
        "contentHash": "A8v6PGmk+UGbfWo5Ixup0lPM4swuSwOiayJExZwKIOjTlFFQIsu3QnDXECosBEyrWSPryxBVrdqtJyhK3BaupQ==",
        "dependencies": {
          "runtime.win-arm64.runtime.native.System.Data.SqlClient.sni": "4.4.0",
          "runtime.win-x64.runtime.native.System.Data.SqlClient.sni": "4.4.0",
          "runtime.win-x86.runtime.native.System.Data.SqlClient.sni": "4.4.0"
        }
      },
      "runtime.native.System.IO.Ports": {
        "type": "Transitive",
        "resolved": "10.0.2",
        "contentHash": "7MsxsMsP09mgDks8zmBmnCJ2ISx0yQulnD3RXb3Hd2lGgbIb/Auje5P/jhqEpKwxw2eZoDbZB6q4yhlxZubUYg==",
        "dependencies": {
          "runtime.android-arm.runtime.native.System.IO.Ports": "10.0.2",
          "runtime.android-arm64.runtime.native.System.IO.Ports": "10.0.2",
          "runtime.android-x64.runtime.native.System.IO.Ports": "10.0.2",
          "runtime.android-x86.runtime.native.System.IO.Ports": "10.0.2",
          "runtime.linux-arm.runtime.native.System.IO.Ports": "10.0.2",
          "runtime.linux-arm64.runtime.native.System.IO.Ports": "10.0.2",
          "runtime.linux-bionic-arm64.runtime.native.System.IO.Ports": "10.0.2",
          "runtime.linux-bionic-x64.runtime.native.System.IO.Ports": "10.0.2",
          "runtime.linux-musl-arm.runtime.native.System.IO.Ports": "10.0.2",
          "runtime.linux-musl-arm64.runtime.native.System.IO.Ports": "10.0.2",
          "runtime.linux-musl-x64.runtime.native.System.IO.Ports": "10.0.2",
          "runtime.linux-x64.runtime.native.System.IO.Ports": "10.0.2",
          "runtime.maccatalyst-arm64.runtime.native.System.IO.Ports": "10.0.2",
          "runtime.maccatalyst-x64.runtime.native.System.IO.Ports": "10.0.2",
          "runtime.osx-arm64.runtime.native.System.IO.Ports": "10.0.2",
          "runtime.osx-x64.runtime.native.System.IO.Ports": "10.0.2"
        }
      },
      "runtime.osx-arm64.runtime.native.System.IO.Ports": {
        "type": "Transitive",
        "resolved": "10.0.2",
        "contentHash": "DLFAh5tn8mAyYWyd9KsC7iAziCTqqPRHSgHfMVLzKQ5se+lD5+IGlRZHUhgTRjwyzNtUj7m45ubmRgSGTeVxqg=="
      },
      "runtime.osx-x64.runtime.native.System.IO.Ports": {
        "type": "Transitive",
        "resolved": "10.0.2",
        "contentHash": "7qkjIliunkat0eNB/4J12PXmimcJv439VCgc2kuVZIjMg7Mvrev3uNG3m2I2mTpSSSPIhV8ycXgAeoXuHODY0g=="
      },
      "runtime.win-arm64.runtime.native.System.Data.SqlClient.sni": {
        "type": "Transitive",
        "resolved": "4.4.0",
        "contentHash": "LbrynESTp3bm5O/+jGL8v0Qg5SJlTV08lpIpFesXjF6uGNMWqFnUQbYBJwZTeua6E/Y7FIM1C54Ey1btLWupdg=="
      },
      "runtime.win-x64.runtime.native.System.Data.SqlClient.sni": {
        "type": "Transitive",
        "resolved": "4.4.0",
        "contentHash": "38ugOfkYJqJoX9g6EYRlZB5U2ZJH51UP8ptxZgdpS07FgOEToV+lS11ouNK2PM12Pr6X/PpT5jK82G3DwH/SxQ=="
      },
      "runtime.win-x86.runtime.native.System.Data.SqlClient.sni": {
        "type": "Transitive",
        "resolved": "4.4.0",
        "contentHash": "YhEdSQUsTx+C8m8Bw7ar5/VesXvCFMItyZF7G1AUY+OM0VPZUOeAVpJ4Wl6fydBGUYZxojTDR3I6Bj/+BPkJNA=="
      },
      "Serilog": {
        "type": "Transitive",
        "resolved": "4.3.0",
        "contentHash": "+cDryFR0GRhsGOnZSKwaDzRRl4MupvJ42FhCE4zhQRVanX0Jpg6WuCBk59OVhVDPmab1bB+nRykAnykYELA9qQ=="
      },
      "Serilog.Sinks.File": {
        "type": "Transitive",
        "resolved": "6.0.0",
        "contentHash": "lxjg89Y8gJMmFxVkbZ+qDgjl+T4yC5F7WSLTvA+5q0R04tfKVLRL/EHpYoJ/MEQd2EeCKDuylBIVnAYMotmh2A==",
        "dependencies": {
          "Serilog": "4.0.0"
        }
      },
      "System.CodeDom": {
        "type": "Transitive",
        "resolved": "10.0.2",
        "contentHash": "eih1MnL4tnSjHUhzae0dmpu50Sm0s54faHZc8yhzYfmubAubkBIIulYYN28fasD1m41mhl6Cenhs9/F0aLv3FA=="
      },
      "System.ComponentModel.Composition": {
        "type": "Transitive",
        "resolved": "10.0.2",
        "contentHash": "z2jrrqavHteGsK2/8nQstxSEQb/WQNOmLxWpTFf5HMDcdzZKd/Ohn+ZEXUMyJ7RdtkIw/ZXLU+/8oRdw1QBYCA=="
      },
      "System.ComponentModel.Composition.Registration": {
        "type": "Transitive",
        "resolved": "10.0.2",
        "contentHash": "DRRxhGnWp/6FCuAIMZ4OAL8LEDxhpsI6DE0ieplAKXJhKfQTtoNywGeR4jNa7iZAACEb+wClnEy9HnuruS1Uxg==",
        "dependencies": {
          "System.ComponentModel.Composition": "10.0.2",
          "System.Reflection.Context": "10.0.2"
        }
      },
      "System.Configuration.ConfigurationManager": {
        "type": "Transitive",
        "resolved": "10.0.2",
        "contentHash": "UpBPpVzF+xbB3GsBrraPvlYCwUiOhs+RLxnTMKLqDs2gNNaAtxQRlKjXfMV3zxE+hiQkGId5olZ+9tE6xXHdwQ==",
        "dependencies": {
          "System.Diagnostics.EventLog": "10.0.2",
          "System.Security.Cryptography.ProtectedData": "10.0.2"
        }
      },
      "System.Data.Odbc": {
        "type": "Transitive",
        "resolved": "10.0.2",
        "contentHash": "mUzbwrJnnWZPZZciM49/N9UfldR/yHdULpTgu0NYspNVpkXAp5Ne1HnNTUWuPc0t7yhiwDSSBgdTghuUu5kQVw=="
      },
      "System.Data.OleDb": {
        "type": "Transitive",
        "resolved": "10.0.2",
        "contentHash": "IsOxcdNcBTVBky0ks3msIQFW/0NazQS4tKddc9OajfwbFXPsaSkVR09657pgnnnu72i9xDvnMx16fLH+7cMXGA==",
        "dependencies": {
          "System.Configuration.ConfigurationManager": "10.0.2",
          "System.Diagnostics.PerformanceCounter": "10.0.2"
        }
      },
      "System.Data.SqlClient": {
        "type": "Transitive",
        "resolved": "4.9.0",
        "contentHash": "j4KJO+vC62NyUtNHz854njEqXbT8OmAa5jb1nrGfYWBOcggyYUQE0w/snXeaCjdvkSKWuUD+hfvlbN8pTrJTXg==",
        "dependencies": {
          "runtime.native.System.Data.SqlClient.sni": "4.4.0"
        }
      },
      "System.Diagnostics.EventLog": {
        "type": "Transitive",
        "resolved": "10.0.2",
        "contentHash": "TJPpTLF5MFPobq09c9BQ5X8QuviQfsKvH0Jbm7MkGylGvfIdRqJQLZDPC5sMRFkk9aZhmgir1NJKekip2NxfaA=="
      },
      "System.Diagnostics.PerformanceCounter": {
        "type": "Transitive",
        "resolved": "10.0.2",
        "contentHash": "aUW7WlSpuagd0rea9LSgMJ9c73aZ2FlzS3Mk4Aqfjz43sWBu0xcVfaBNoV0KOEWhrpk6tv1PV3xqSq82vsDfRA==",
        "dependencies": {
          "System.Configuration.ConfigurationManager": "10.0.2"
        }
      },
      "System.DirectoryServices": {
        "type": "Transitive",
        "resolved": "10.0.2",
        "contentHash": "LRpr3K7+IZt+UqUEyG1iL/ydaXteSW050JsO/4oV0e5HiLEA6BIJEIH0irG9GmB7spNDhuoWFhXwF9trgB6kow=="
      },
      "System.DirectoryServices.AccountManagement": {
        "type": "Transitive",
        "resolved": "10.0.2",
        "contentHash": "C6JmDv1LEYxWrjBiNnYRzGEhoS7qa6hOzoeWl/14C+4LgNd4LGGfxjJU/z4hd1WV2qAo2lXz8KOnrKtJo7TkLQ==",
        "dependencies": {
          "System.Configuration.ConfigurationManager": "10.0.2",
          "System.DirectoryServices": "10.0.2",
          "System.DirectoryServices.Protocols": "10.0.2"
        }
      },
      "System.DirectoryServices.Protocols": {
        "type": "Transitive",
        "resolved": "10.0.2",
        "contentHash": "isY6uV3XcX57n+NG3PZcalNN4/YQNUTPcaKkvm927+oFRmCUkm7bf4oZZuBWdKjI/LGgQceWap3b15jg/XAVaA=="
      },
      "System.Drawing.Common": {
        "type": "Transitive",
        "resolved": "10.0.2",
        "contentHash": "nCq8jeGD4vWaUjX3nGaDMKYqfFPposw2f4KCFnuY5Rt3NhK6zMZ/c0a52a3TZK/nnkCJfyQMwb+POKwAnZexZw==",
        "dependencies": {
          "Microsoft.Win32.SystemEvents": "10.0.2"
        }
      },
      "System.IO.Packaging": {
        "type": "Transitive",
        "resolved": "10.0.2",
        "contentHash": "JTpM4z0wpoIHHDvlCU27HsXo+zVnpWib94HXQpzzr+jc/P9NYf4w353AK4MXyGq/grm1mbLi7eXsOsDU8sGmNg=="
      },
      "System.IO.Ports": {
        "type": "Transitive",
        "resolved": "10.0.2",
        "contentHash": "M3KujcSLPji8JPkv97PwMHmKsT/UpsEuPsKdu3oAprROJz3oO71T2dmMKmOCZWiPbQvkwHEhx0rEHYwtbOpmXA==",
        "dependencies": {
          "runtime.native.System.IO.Ports": "10.0.2"
        }
      },
      "System.Management": {
        "type": "Transitive",
        "resolved": "10.0.2",
        "contentHash": "eFftuy3i844lVKCb4lJvvjKfcvPVcW8KrAdSaIOcRL42/Fisj46hwUs8Bky+4avzMe5Snm5t7aSayOI1mybYXg==",
        "dependencies": {
          "System.CodeDom": "10.0.2"
        }
      },
      "System.Reflection.Context": {
        "type": "Transitive",
        "resolved": "10.0.2",
        "contentHash": "UHN5u6BfpEtSpVM/BWfaLRUH/Feb/9LUuoUUWqpH2p0DCA/rnRuBzku9qFHsdKSLuaOWpI5As9zjuaY3qs20Ww=="
      },
      "System.Runtime.Caching": {
        "type": "Transitive",
        "resolved": "10.0.2",
        "contentHash": "AGEWTfcRquE3Ggd1KgZcc7Y0He3dvDWv+LEtSp/Az582APXoYj/LjxLMEA2jT3wFE8zgBjwbU/apE5kDanfRqw==",
        "dependencies": {
          "System.Configuration.ConfigurationManager": "10.0.2"
        }
      },
      "System.Security.Cryptography.Pkcs": {
        "type": "Transitive",
        "resolved": "10.0.2",
        "contentHash": "TVb4L6atqzRB33qBy4FVdmQMmDGzzBGwiwqI6u5WnJ6ag275pPLJgPWIVzYzT5hqTACrWyfHbttqylbexvur9w=="
      },
      "System.Security.Cryptography.ProtectedData": {
        "type": "Transitive",
        "resolved": "10.0.2",
        "contentHash": "me7W69hkjdu5EzHXCQSXv9OS3uAkMXT26oZuWTaabeoO5BPxSVuRVJ2FSfIW8xyGxBb6mKCE6ZKg7TLk3IzJBQ=="
      },
      "System.Security.Cryptography.Xml": {
        "type": "Transitive",
        "resolved": "10.0.2",
        "contentHash": "S2ngJA5778rvrgmP+eVarLR0kIXBrwDT/A25nFMSf5t7SEKKw+SOhukyfHQ9dnKdrQ1Z3mdRI1lvzzDaE93RFg==",
        "dependencies": {
          "System.Security.Cryptography.Pkcs": "10.0.2"
        }
      },
      "System.Security.Permissions": {
        "type": "Transitive",
        "resolved": "10.0.2",
        "contentHash": "6u42B99m8M38sQJh8njFrffV4TeD6Z5ilyJNgBN49nRvawQC5VedMUk9btFyU7t7+WSbVse7Sxc9ahRm8JXd+A==",
        "dependencies": {
          "System.Windows.Extensions": "10.0.2"
        }
      },
      "System.ServiceModel.Http": {
        "type": "Transitive",
        "resolved": "8.1.2",
        "contentHash": "2HoneRUCHB8kKQcuAladR16mIHuyi5f9DrrNnTjkaICv5X7YuwoI7GSrp9GTkRSxC4ddNcjMdwE01Rm0sPgoMw==",
        "dependencies": {
          "System.ServiceModel.Primitives": "8.1.2"
        }
      },
      "System.ServiceModel.NetFramingBase": {
        "type": "Transitive",
        "resolved": "8.1.2",
        "contentHash": "XDNsiI4Lrv4scb10salZNbUDJNYj3Qm39KeN9uulKXbgcxF/fNC+hCrLDAhNz/rIqxOeRB/JCfQ4A/Ha0hFAWg==",
        "dependencies": {
          "System.ServiceModel.Primitives": "8.1.2"
        }
      },
      "System.ServiceModel.NetTcp": {
        "type": "Transitive",
        "resolved": "8.1.2",
        "contentHash": "+H4KpATeOPxGfl8JlMpv+a7h6ZIItIhHXJRr+0/KKAP49TjHXybaNwFrUbpasAMVE+D+8M96GxRevzcqvahfAQ==",
        "dependencies": {
          "System.ServiceModel.NetFramingBase": "8.1.2",
          "System.ServiceModel.Primitives": "8.1.2"
        }
      },
      "System.ServiceModel.Primitives": {
        "type": "Transitive",
        "resolved": "8.1.2",
        "contentHash": "xlJ07FAUSDjPL/GhvVY1/KVPWn2ce056X4nHPwqAa5rkNLiNN5rqh6VcgMUoF6J7ckwhkVJ1vVx/K/47nyyR9g==",
        "dependencies": {
          "Microsoft.Extensions.ObjectPool": "8.0.10",
          "System.Security.Cryptography.Xml": "8.0.2"
        }
      },
      "System.ServiceModel.Syndication": {
        "type": "Transitive",
        "resolved": "10.0.2",
        "contentHash": "t28WU9anHmmRD5GHz5qBv/tokqDmU/Ksexz2DI6jAcoSX+p8VQ7rzHCxubDqK6baOtxEyza/oHECzBGi3rHyHQ=="
      },
      "System.ServiceProcess.ServiceController": {
        "type": "Transitive",
        "resolved": "10.0.2",
        "contentHash": "DQgLDzErB8KZjORot7bUkcq3xhJ2MqpgJUy+jHCsrval0SmRrIkfmu4C0O97KKvPfejSfnV7Ne2LI3qnebxh8w==",
        "dependencies": {
          "System.Diagnostics.EventLog": "10.0.2"
        }
      },
      "System.Speech": {
        "type": "Transitive",
        "resolved": "10.0.2",
        "contentHash": "1L83iIN6QdoEbDQl6vT6pLVDPSoYhv38xbh2RKUYtt4RGtzfy38W4+J8vhaD/I76N5R7RWkJ5V7TgGrLingWNQ=="
      },
      "System.Web.Services.Description": {
        "type": "Transitive",
        "resolved": "8.1.2",
        "contentHash": "FziIBleSpygZOBudSeMkawLgfarnSam7paGkTtV9ITyTmw/TdEqB+moS0TeApmNfAMWGbcWXDXr3djckuLgGDg=="
      },
      "System.Windows.Extensions": {
        "type": "Transitive",
        "resolved": "10.0.2",
        "contentHash": "FJEb7THQLoYQDSIfu656zidYmLFZTBE9gi/IdKpPV9KhGuMZL/xLpLpRNLr7WDt2oLNldae8Jp/1e2H+MPCxGg=="
      },
      "Zio": {
        "type": "Transitive",
        "resolved": "0.19.2",
        "contentHash": "3SArsp3QZH9b3qmkfmSp0IlYF9954YEPWbSBaemTcf/iYBrce3qI3fLzHGHkuVyy3Cd5QYNdyPIl/S8HXKHWtg=="
      },
      "arbor.build.core": {
        "type": "Project",
        "dependencies": {
          "Arbor.Aesculus": "[3.9.0, )",
          "Arbor.FileSystem": "[0.6.0, )",
          "Arbor.KVConfiguration.Core": "[3.0.0, )",
          "Arbor.KVConfiguration.JsonConfiguration": "[3.0.0, )",
          "Arbor.KVConfiguration.Schema.Json": "[3.0.0, )",
          "Arbor.KVConfiguration.UserConfiguration": "[3.0.0, )",
          "Arbor.Processing": "[0.6.0, )",
          "Arbor.Sorbus": "[4.0.0, )",
          "Arbor.Tooler": "[1.2.0, )",
          "Autofac": "[9.0.0, )",
          "JetBrains.Annotations": "[2025.2.4, )",
          "MSTest.TestFramework": "[4.1.0, )",
          "Microsoft.VisualStudio.SolutionPersistence": "[1.0.52, )",
          "Microsoft.Web.Xdt": "[3.2.2, )",
          "Microsoft.Windows.Compatibility": "[10.0.2, )",
          "NUnit": "[4.4.0, )",
          "Newtonsoft.Json": "[13.0.4, )",
          "NuGet.Packaging": "[7.0.1, )",
          "NuGet.Protocol": "[7.0.1, )",
          "NuGet.Versioning": "[7.0.1, )",
          "Serilog": "[4.3.0, )",
          "Serilog.Sinks.Console": "[6.1.1, )",
          "Serilog.Sinks.Seq": "[9.0.0, )"
        }
      }
    }
  }
}