{
  "version": 1,
  "dependencies": {
    ".NETFramework,Version=v4.7.2": {
      "Microsoft.CodeDom.Providers.DotNetCompilerPlatform": {
        "type": "Direct",
        "requested": "[3.6.0, 3.6.0]",
        "resolved": "3.6.0",
        "contentHash": "Wxo1vjgqJDawdtSBYegfe7fqUfdKn5vMtAMgHHxjV5rW9rSyQZMQ5t0YTCxyQ/IUyAOoUkrHMVXNLCdqAtH72w=="
      }
    }
  }
}