
Microsoft Visual Studio Solution File, Format Version 12.00
# Visual Studio 14
VisualStudioVersion = 14.0.24720.0
MinimumVisualStudioVersion = 10.0.40219.1
Project("{FAE04EC0-301F-11D3-BF4B-00C04F79EFBC}") = "Arbor.X.Bootstrapper", "Arbor.X.Bootstrapper\Arbor.X.Bootstrapper.csproj", "{9AA52382-A7B1-407B-AE0E-9B04EFDFAC43}"
EndProject
Project("{FAE04EC0-301F-11D3-BF4B-00C04F79EFBC}") = "Arbor.X.Build", "Arbor.X.Build\Arbor.X.Build.csproj", "{0CFBAA45-32D9-4790-9140-CFB6A5EFEC1C}"
EndProject
Project("{FAE04EC0-301F-11D3-BF4B-00C04F79EFBC}") = "Arbor.X.Core", "Arbor.X.Core\Arbor.X.Core.csproj", "{CC76C4CD-364D-4E48-9147-CBDECCD3A6F2}"
EndProject
Project("{2150E333-8FDC-42A3-9474-1A3956D46DE8}") = "Solution Items", "Solution Items", "{52F7D884-45B4-4138-9AC2-2B2B80AF20A0}"
	ProjectSection(SolutionItems) = preProject
		..\.editorconfig = ..\.editorconfig
		..\.gitattributes = ..\.gitattributes
		..\.gitignore = ..\.gitignore
		Arbor.X.Bootstrapper.nuspec = Arbor.X.Bootstrapper.nuspec
		Arbor.X.nuspec = Arbor.X.nuspec
		ArborX.ruleset = ArborX.ruleset
		..\build\build.bat = ..\build\build.bat
		..\README.md = ..\README.md
	EndProjectSection
EndProject
Project("{FAE04EC0-301F-11D3-BF4B-00C04F79EFBC}") = "Arbor.X.Tests.Integration", "Arbor.X.Tests.Integration\Arbor.X.Tests.Integration.csproj", "{280704D5-C385-4F0A-AE3C-D6497A16C9EA}"
EndProject
Project("{2150E333-8FDC-42A3-9474-1A3956D46DE8}") = ".nuget", ".nuget", "{FE894271-0646-4F02-B826-DFD16D3089A2}"
	ProjectSection(SolutionItems) = preProject
		.nuget\packages.config = .nuget\packages.config
	EndProjectSection
EndProject
Project("{FAE04EC0-301F-11D3-BF4B-00C04F79EFBC}") = "Arbor.X.Tests.DummyWebApplication", "Arbor.X.Tests.DummyWebApplication\Arbor.X.Tests.DummyWebApplication.csproj", "{C79E57E7-56AA-47A2-9D82-782058B8E565}"
EndProject
Project("{2150E333-8FDC-42A3-9474-1A3956D46DE8}") = "Tests", "Tests", "{BE5C46C6-ACDF-4620-8C7F-471281101E9B}"
EndProject
Project("{FAE04EC0-301F-11D3-BF4B-00C04F79EFBC}") = "Arbor.Processing", "Arbor.Processing\Arbor.Processing.csproj", "{5B5D302F-3197-482A-BC53-E8F41BC73701}"
EndProject
Project("{FAE04EC0-301F-11D3-BF4B-00C04F79EFBC}") = "Arbor.Processing.Core", "Arbor.Processing.Core\Arbor.Processing.Core.csproj", "{480AFB5E-4282-4B2A-A3BD-BD42830C743A}"
EndProject
Project("{FAE04EC0-301F-11D3-BF4B-00C04F79EFBC}") = "Arbor.Exceptions", "Arbor.Exceptions\Arbor.Exceptions.csproj", "{0255D0EC-426B-4857-ADCC-E8260C81D220}"
EndProject
Project("{2150E333-8FDC-42A3-9474-1A3956D46DE8}") = "Plugins", "Plugins", "{59C4B87C-651E-40DA-BAE7-64090F61A526}"
EndProject
Project("{2150E333-8FDC-42A3-9474-1A3956D46DE8}") = "Core", "Core", "{01B3ED3B-D042-4B5B-B1BE-768D31EB12C4}"
EndProject
Project("{FAE04EC0-301F-11D3-BF4B-00C04F79EFBC}") = "Arbor.Defensive", "Arbor.Defensive\Arbor.Defensive.csproj", "{C35CD7D4-B07A-4809-9444-AF2C35ED5908}"
EndProject
Project("{FAE04EC0-301F-11D3-BF4B-00C04F79EFBC}") = "Arbor.Defensive.Collections", "Arbor.Defensive.Collections\Arbor.Defensive.Collections.csproj", "{036C24D0-1BC6-48A7-9E58-AB4A0FEBACB0}"
EndProject
Global
	GlobalSection(SolutionConfigurationPlatforms) = preSolution
		Debug|Any CPU = Debug|Any CPU
		Release|Any CPU = Release|Any CPU
	EndGlobalSection
	GlobalSection(ProjectConfigurationPlatforms) = postSolution
		{9AA52382-A7B1-407B-AE0E-9B04EFDFAC43}.Debug|Any CPU.ActiveCfg = Debug|Any CPU
		{9AA52382-A7B1-407B-AE0E-9B04EFDFAC43}.Debug|Any CPU.Build.0 = Debug|Any CPU
		{9AA52382-A7B1-407B-AE0E-9B04EFDFAC43}.Release|Any CPU.ActiveCfg = Release|Any CPU
		{9AA52382-A7B1-407B-AE0E-9B04EFDFAC43}.Release|Any CPU.Build.0 = Release|Any CPU
		{0CFBAA45-32D9-4790-9140-CFB6A5EFEC1C}.Debug|Any CPU.ActiveCfg = Debug|Any CPU
		{0CFBAA45-32D9-4790-9140-CFB6A5EFEC1C}.Debug|Any CPU.Build.0 = Debug|Any CPU
		{0CFBAA45-32D9-4790-9140-CFB6A5EFEC1C}.Release|Any CPU.ActiveCfg = Release|Any CPU
		{0CFBAA45-32D9-4790-9140-CFB6A5EFEC1C}.Release|Any CPU.Build.0 = Release|Any CPU
		{CC76C4CD-364D-4E48-9147-CBDECCD3A6F2}.Debug|Any CPU.ActiveCfg = Debug|Any CPU
		{CC76C4CD-364D-4E48-9147-CBDECCD3A6F2}.Debug|Any CPU.Build.0 = Debug|Any CPU
		{CC76C4CD-364D-4E48-9147-CBDECCD3A6F2}.Release|Any CPU.ActiveCfg = Release|Any CPU
		{CC76C4CD-364D-4E48-9147-CBDECCD3A6F2}.Release|Any CPU.Build.0 = Release|Any CPU
		{280704D5-C385-4F0A-AE3C-D6497A16C9EA}.Debug|Any CPU.ActiveCfg = Debug|Any CPU
		{280704D5-C385-4F0A-AE3C-D6497A16C9EA}.Debug|Any CPU.Build.0 = Debug|Any CPU
		{280704D5-C385-4F0A-AE3C-D6497A16C9EA}.Release|Any CPU.ActiveCfg = Release|Any CPU
		{280704D5-C385-4F0A-AE3C-D6497A16C9EA}.Release|Any CPU.Build.0 = Release|Any CPU
		{C79E57E7-56AA-47A2-9D82-782058B8E565}.Debug|Any CPU.ActiveCfg = Debug|Any CPU
		{C79E57E7-56AA-47A2-9D82-782058B8E565}.Debug|Any CPU.Build.0 = Debug|Any CPU
		{C79E57E7-56AA-47A2-9D82-782058B8E565}.Release|Any CPU.ActiveCfg = Release|Any CPU
		{C79E57E7-56AA-47A2-9D82-782058B8E565}.Release|Any CPU.Build.0 = Release|Any CPU
		{5B5D302F-3197-482A-BC53-E8F41BC73701}.Debug|Any CPU.ActiveCfg = Debug|Any CPU
		{5B5D302F-3197-482A-BC53-E8F41BC73701}.Debug|Any CPU.Build.0 = Debug|Any CPU
		{5B5D302F-3197-482A-BC53-E8F41BC73701}.Release|Any CPU.ActiveCfg = Release|Any CPU
		{5B5D302F-3197-482A-BC53-E8F41BC73701}.Release|Any CPU.Build.0 = Release|Any CPU
		{480AFB5E-4282-4B2A-A3BD-BD42830C743A}.Debug|Any CPU.ActiveCfg = Debug|Any CPU
		{480AFB5E-4282-4B2A-A3BD-BD42830C743A}.Debug|Any CPU.Build.0 = Debug|Any CPU
		{480AFB5E-4282-4B2A-A3BD-BD42830C743A}.Release|Any CPU.ActiveCfg = Release|Any CPU
		{480AFB5E-4282-4B2A-A3BD-BD42830C743A}.Release|Any CPU.Build.0 = Release|Any CPU
		{0255D0EC-426B-4857-ADCC-E8260C81D220}.Debug|Any CPU.ActiveCfg = Debug|Any CPU
		{0255D0EC-426B-4857-ADCC-E8260C81D220}.Debug|Any CPU.Build.0 = Debug|Any CPU
		{0255D0EC-426B-4857-ADCC-E8260C81D220}.Release|Any CPU.ActiveCfg = Release|Any CPU
		{0255D0EC-426B-4857-ADCC-E8260C81D220}.Release|Any CPU.Build.0 = Release|Any CPU
		{C35CD7D4-B07A-4809-9444-AF2C35ED5908}.Debug|Any CPU.ActiveCfg = Debug|Any CPU
		{C35CD7D4-B07A-4809-9444-AF2C35ED5908}.Debug|Any CPU.Build.0 = Debug|Any CPU
		{C35CD7D4-B07A-4809-9444-AF2C35ED5908}.Release|Any CPU.ActiveCfg = Release|Any CPU
		{C35CD7D4-B07A-4809-9444-AF2C35ED5908}.Release|Any CPU.Build.0 = Release|Any CPU
		{036C24D0-1BC6-48A7-9E58-AB4A0FEBACB0}.Debug|Any CPU.ActiveCfg = Debug|Any CPU
		{036C24D0-1BC6-48A7-9E58-AB4A0FEBACB0}.Debug|Any CPU.Build.0 = Debug|Any CPU
		{036C24D0-1BC6-48A7-9E58-AB4A0FEBACB0}.Release|Any CPU.ActiveCfg = Release|Any CPU
		{036C24D0-1BC6-48A7-9E58-AB4A0FEBACB0}.Release|Any CPU.Build.0 = Release|Any CPU
	EndGlobalSection
	GlobalSection(SolutionProperties) = preSolution
		HideSolutionNode = FALSE
	EndGlobalSection
	GlobalSection(NestedProjects) = preSolution
		{CC76C4CD-364D-4E48-9147-CBDECCD3A6F2} = {01B3ED3B-D042-4B5B-B1BE-768D31EB12C4}
		{280704D5-C385-4F0A-AE3C-D6497A16C9EA} = {BE5C46C6-ACDF-4620-8C7F-471281101E9B}
		{C79E57E7-56AA-47A2-9D82-782058B8E565} = {BE5C46C6-ACDF-4620-8C7F-471281101E9B}
		{5B5D302F-3197-482A-BC53-E8F41BC73701} = {01B3ED3B-D042-4B5B-B1BE-768D31EB12C4}
		{480AFB5E-4282-4B2A-A3BD-BD42830C743A} = {01B3ED3B-D042-4B5B-B1BE-768D31EB12C4}
		{0255D0EC-426B-4857-ADCC-E8260C81D220} = {01B3ED3B-D042-4B5B-B1BE-768D31EB12C4}
		{C35CD7D4-B07A-4809-9444-AF2C35ED5908} = {01B3ED3B-D042-4B5B-B1BE-768D31EB12C4}
		{036C24D0-1BC6-48A7-9E58-AB4A0FEBACB0} = {01B3ED3B-D042-4B5B-B1BE-768D31EB12C4}
	EndGlobalSection
EndGlobal
