{
  "version": 1,
  "dependencies": {
    "net10.0": {
      "<regenerated by dotnet restore>": {
        "type": "<direct|transitive>",
        "requested": "[<version>, )",
        "resolved": "<version>",
        "contentHash": "<hash>",
        "dependencies": {
          "<transitive package>": "<version range>"
        }
      }
    }
  }
}