{
  "version": 1,
  "dependencies": {
    "net10.0": {
      "coverlet.collector": {
        "type": "Direct",
        "requested": "[6.0.4, )",
        "resolved": "6.0.4",
        "contentHash": "lkhqpF8Pu2Y7IiN7OntbsTtdbpR1syMsm2F3IgX6ootA4ffRqWL5jF7XipHuZQTdVuWG/gVAAcf8mjk8Tz0xPg=="
      },
      "coverlet.msbuild": {
        "type": "Direct",
        "requested": "[6.0.4, )",
        "resolved": "6.0.4",
        "contentHash": "Qa7Hg+wrOMDKpXVn2dw4Wlun490bIWsFW0fdNJQFJLZnbU27MCP0HJ2mPgS+3EQBQUb0zKlkwiQzP+j38Hc3Iw=="
      },
      "JetBrains.Annotations": {
        "type": "Direct",
        "requested": "[2025.2.4, )",
        "resolved": "2025.2.4",
        "contentHash": "TwbgxAkXxY+vNEhNVx/QXjJ4vqxmepOjsgRvvImQPbHkHMMb4W+ahL3laMsxXKtNT7iMy+E1B3xkqao2hf1n3A=="
      },
      "Machine.Specifications": {
        "type": "Direct",
        "requested": "[1.1.3, )",
        "resolved": "1.1.3",
        "contentHash": "m2rn8iZUwf5AF6WJgqkWOuvZ52HfvXyw3QLN/rNyWAOyjGgeGhNdsNbwnm9QanD68KpUeijtGkRQn+d07J4xLQ==",
        "dependencies": {
          "NETStandard.Library": "1.6.0"
        }
      },
      "Machine.Specifications.Runner.VisualStudio": {
        "type": "Direct",
        "requested": "[2.10.2, )",
        "resolved": "2.10.2",
        "contentHash": "LU8yUTBiYqMvVCAaE3aJ1lVm1BjDpibcdTRFsUhZqyhw+9qkaZCTr5YpH6xAMyTvWbV431ftBHTZnNK6BxzVmw==",
        "dependencies": {
          "Mono.Cecil": "[0.10.0, 0.11.0)"
        }
      },
      "Machine.Specifications.Should": {
        "type": "Direct",
        "requested": "[1.0.0, )",
        "resolved": "1.0.0",
        "contentHash": "H63vJHsDb+vTIhqTDvy5xdi4TxFSti+UUXYkUW5n1y/W+92f7yzYSUDjO1k2+c0xnzeskz1qR+fOSwWFQ+cbHQ==",
        "dependencies": {
          "Machine.Specifications": "1.0.0",
          "NETStandard.Library": "1.6.1"
        }
      },
      "Microsoft.CodeAnalysis.Analyzers": {
        "type": "Direct",
        "requested": "[4.14.0, )",
        "resolved": "4.14.0",
        "contentHash": "fCj+MzjJxN/4iYAz7JPLONGKeTomaZNzx4UgGA0AerTrx4Ou6Rw2J5YF4V51vWW+aSQSCv1nnAkCZUw5Z9+3zw=="
      },
      "Microsoft.NET.Test.Sdk": {
        "type": "Direct",
        "requested": "[18.0.1, )",
        "resolved": "18.0.1",
        "contentHash": "WNpu6vI2rA0pXY4r7NKxCN16XRWl5uHu6qjuyVLoDo6oYEggIQefrMjkRuibQHm/NslIUNCcKftvoWAN80MSAg==",
        "dependencies": {
          "Microsoft.CodeCoverage": "18.0.1",
          "Microsoft.TestPlatform.TestHost": "18.0.1"
        }
      },
      "NCrunch.Framework": {
        "type": "Direct",
        "requested": "[5.11.0, )",
        "resolved": "5.11.0",
        "contentHash": "hHs+v04DmUr2ucJu4mt0MCVOmkNnr4RIiakqF7zQ8E+74/MP5E/GhihpiWbzyBgIkvOHgBoVH497L9vWnDZsZA=="
      },
      "Serilog": {
        "type": "Direct",
        "requested": "[4.3.0, )",
        "resolved": "4.3.0",
        "contentHash": "+cDryFR0GRhsGOnZSKwaDzRRl4MupvJ42FhCE4zhQRVanX0Jpg6WuCBk59OVhVDPmab1bB+nRykAnykYELA9qQ=="
      },
      "Serilog.Sinks.Debug": {
        "type": "Direct",
        "requested": "[3.0.0, )",
        "resolved": "3.0.0",
        "contentHash": "4BzXcdrgRX7wde9PmHuYd9U6YqycCC28hhpKonK7hx0wb19eiuRj16fPcPSVp0o/Y1ipJuNLYQ00R3q2Zs8FDA==",
        "dependencies": {
          "Serilog": "4.0.0"
        }
      },
      "Shouldly": {
        "type": "Direct",
        "requested": "[4.3.0, )",
        "resolved": "4.3.0",
        "contentHash": "sDetrWXrl6YXZ4HeLsdBoNk3uIa7K+V4uvIJ+cqdRa5DrFxeTED7VkjoxCuU1kJWpUuBDZz2QXFzSxBtVXLwRQ==",
        "dependencies": {
          "DiffEngine": "11.3.0",
          "EmptyFiles": "4.4.0"
        }
      },
      "xunit.analyzers": {
        "type": "Direct",
        "requested": "[1.26.0, )",
        "resolved": "1.26.0",
        "contentHash": "YrWZOfuU1Scg4iGizAlMNALOxVS+HPSVilfscNDEJAyrTIVdF4c+8o+Aerw2RYnrJxafj/F56YkJOKCURUWQmA=="
      },
      "xunit.runner.visualstudio": {
        "type": "Direct",
        "requested": "[3.1.5, )",
        "resolved": "3.1.5",
        "contentHash": "tKi7dSTwP4m5m9eXPM2Ime4Kn7xNf4x4zT9sdLO/G4hZVnQCRiMTWoSZqI/pYTVeI27oPPqHBKYI/DjJ9GsYgA=="
      },
      "xunit.v3": {
        "type": "Direct",
        "requested": "[3.2.1, )",
        "resolved": "3.2.1",
        "contentHash": "oefMPnMEQv9JXlc1mmj4XnNmylLWJA6XHncTcyM3LBvbepO+rsWfmIZ2gb2tO6WU29De4RxvEFHT5xxmsrjn8Q==",
        "dependencies": {
          "xunit.v3.mtp-v1": "[3.2.1]"
        }
      },
      "Arbor.Aesculus": {
        "type": "Transitive",
        "resolved": "3.9.0",
        "contentHash": "LE06rAomvgZ+9iYUjLGCM+n/Xl19kbMzYauWyI5WcVFh7BhkMCmcbQDYFIjVvfeQlrxio8xLAMBO80Dul5h8jQ=="
      },
      "Arbor.FileSystem": {
        "type": "Transitive",
        "resolved": "0.6.0",
        "contentHash": "96i90GxPeVRXfMjj1Gzzg7Wi+CVscm8aj8RqBkl4FFaK+HmwsB8zE2P5HUSYR6ik0OJNlVRw+ksJecS/otiLPw==",
        "dependencies": {
          "JetBrains.Annotations": "2024.3.0",
          "zio": "0.19.2"
        }
      },
      "Arbor.KVConfiguration.Core": {
        "type": "Transitive",
        "resolved": "2.8.0",
        "contentHash": "JaV2Xti5jBPthFMxo3ZuhOidLgsC/kaK+BiRi0zKv6qAlhXw2RC1EDkNLuwwVbz6wMWlBAwOYQe+bb+rY55Zkw==",
        "dependencies": {
          "Microsoft.Extensions.Primitives": "[8.0.0, 10.0.0)"
        }
      },
      "Arbor.KVConfiguration.JsonConfiguration": {
        "type": "Transitive",
        "resolved": "2.8.0",
        "contentHash": "UZkYbNQvpFKWnTwc7eGHFfzHugoDrfRpLBoxHtlO13EZdp9HVHxLMGXIcqOwPrXAXATuZsLx/cuuy0L8axKZ4Q==",
        "dependencies": {
          "Arbor.KVConfiguration.Schema.Json": "[2.0.0, 3.0.0)",
          "Newtonsoft.Json": "[13.0.3, 14.0.0)"
        }
      },
      "Arbor.KVConfiguration.Schema.Json": {
        "type": "Transitive",
        "resolved": "2.8.0",
        "contentHash": "o2chGwWl+e3TBhgsA6RRBb5yeKfEVMAbjCeWRAsmR+ku3FZPJwlFThSksw4Z6Jf7HpbueSHKSXLr34PJxHE4xQ==",
        "dependencies": {
          "Arbor.KVConfiguration.Core": "[2.0.0, 3.0.0)",
          "Newtonsoft.Json": "13.0.3"
        }
      },
      "Arbor.KVConfiguration.UserConfiguration": {
        "type": "Transitive",
        "resolved": "2.8.0",
        "contentHash": "P9N7qHuPfoER1u3Hypyqb82Youm9LgxoO5lphyeRQeFGlzen9LhIG7c2m1GZNRBH2zHrrEPJbqB+OC7zVMXSQQ==",
        "dependencies": {
          "Arbor.KVConfiguration.JsonConfiguration": "[2.0.0, 3.0.0)"
        }
      },
      "Arbor.Processing": {
        "type": "Transitive",
        "resolved": "0.6.0",
        "contentHash": "KcuciNAfg/ArkDdcM1hHMeIprKwQjdHWV6zXBFAqmKDxGB9rdDHk9a1jHTVQ5r7y5gxAowCUGLgEcfheKItoig=="
      },
      "Arbor.Sorbus": {
        "type": "Transitive",
        "resolved": "4.0.0",
        "contentHash": "LwRt7hY3r2BpgZTHftL/99jyztFWhk6M1nBtIOaJn39PeGWaCIi6szPngakUunUSaly3BuNddWv4KvLjEraqIw==",
        "dependencies": {
          "Newtonsoft.Json": "[11.0.0, 14.0.0)"
        }
      },
      "Arbor.Tooler": {
        "type": "Transitive",
        "resolved": "1.1.0",
        "contentHash": "hBwSUsKOX+XoJ3nmI6q/kJuV5lNp9fbbC6VmxU/VAuceSgroXwYn99V935xD2Bzeu8Ik0senZY/3waExgeFxJA==",
        "dependencies": {
          "Arbor.Processing": "0.6.0",
          "JetBrains.Annotations": "2024.3.0",
          "NewtonSoft.Json": "13.0.3",
          "NuGet.Configuration": "6.12.1",
          "NuGet.Packaging": "6.12.1",
          "NuGet.Protocol": "6.12.1",
          "NuGet.Versioning": "6.12.1",
          "Serilog": "4.1.0",
          "System.IO.Packaging": "9.0.0"
        }
      },
      "Autofac": {
        "type": "Transitive",
        "resolved": "9.0.0",
        "contentHash": "G8TpUMVIq1pEAMuAao8h5MKduY91SotjgK93wQb5LaxbJUVE0/XjCA6t2SOp+AkPC3GB/C2MAiF2D7krYjraFw=="
      },
      "DiffEngine": {
        "type": "Transitive",
        "resolved": "11.3.0",
        "contentHash": "k0ZgZqd09jLZQjR8FyQbSQE86Q7QZnjEzq1LPHtj1R2AoWO8sjV5x+jlSisL7NZAbUOI4y+7Bog8gkr9WIRBGw==",
        "dependencies": {
          "EmptyFiles": "4.4.0",
          "System.Management": "6.0.1"
        }
      },
      "EmptyFiles": {
        "type": "Transitive",
        "resolved": "4.4.0",
        "contentHash": "gwJEfIGS7FhykvtZoscwXj/XwW+mJY6UbAZk+qtLKFUGWC95kfKXnj8VkxsZQnWBxJemM/q664rGLN5nf+OHZw=="
      },
      "Microsoft.ApplicationInsights": {
        "type": "Transitive",
        "resolved": "2.23.0",
        "contentHash": "nWArUZTdU7iqZLycLKWe0TDms48KKGE6pONH2terYNa8REXiqixrMOkf1sk5DHGMaUTqONU2YkS4SAXBhLStgw=="
      },
      "Microsoft.Bcl.AsyncInterfaces": {
        "type": "Transitive",
        "resolved": "6.0.0",
        "contentHash": "UcSjPsst+DfAdJGVDsu346FX0ci0ah+lw3WRtn18NUwEqRt70HaOQ7lI72vy3+1LxtqI3T5GWwV39rQSrCzAeg=="
      },
      "Microsoft.CodeCoverage": {
        "type": "Transitive",
        "resolved": "18.0.1",
        "contentHash": "O+utSr97NAJowIQT/OVp3Lh9QgW/wALVTP4RG1m2AfFP4IyJmJz0ZBmFJUsRQiAPgq6IRC0t8AAzsiPIsaUDEA=="
      },
      "Microsoft.Extensions.ObjectPool": {
        "type": "Transitive",
        "resolved": "8.0.10",
        "contentHash": "u7gAG7JgxF8VSJUGPSudAcPxOt+ymJKQCSxNRxiuKV+klCQbHljQR75SilpedCTfhPWDhtUwIJpnDVtspr9nMg=="
      },
      "Microsoft.Extensions.Primitives": {
        "type": "Transitive",
        "resolved": "8.0.0",
        "contentHash": "bXJEZrW9ny8vjMF1JV253WeLhpEVzFo1lyaZu1vQ4ZxWUlVvknZ/+ftFgVheLubb4eZPSwwxBeqS1JkCOjxd8g=="
      },
      "Microsoft.NETCore.Platforms": {
        "type": "Transitive",
        "resolved": "1.1.0",
        "contentHash": "kz0PEW2lhqygehI/d6XsPCQzD7ff7gUJaVGPVETX611eadGsA3A877GdSlU0LRVMCTH/+P3o2iDTak+S08V2+A=="
      },
      "Microsoft.Testing.Extensions.Telemetry": {
        "type": "Transitive",
        "resolved": "1.9.1",
        "contentHash": "No5AudZMmSb+uNXjlgL2y3/stHD2IT4uxqc5yHwkE+/nNux9jbKcaJMvcp9SwgP4DVD8L9/P3OUz8mmmcvEIdQ==",
        "dependencies": {
          "Microsoft.ApplicationInsights": "2.23.0",
          "Microsoft.Testing.Platform": "1.9.1"
        }
      },
      "Microsoft.Testing.Extensions.TrxReport.Abstractions": {
        "type": "Transitive",
        "resolved": "1.9.1",
        "contentHash": "AL46Xe1WBi85Ntd4mNPvat5ZSsZ2uejiVqoKCypr8J3wK0elA5xJ3AN4G/Q4GIwzUFnggZoH/DBjnr9J18IO/g==",
        "dependencies": {
          "Microsoft.Testing.Platform": "1.9.1"
        }
      },
      "Microsoft.Testing.Platform": {
        "type": "Transitive",
        "resolved": "1.9.1",
        "contentHash": "QafNtNSmEI0zazdebnsIkDKmFtTSpmx/5PLOjURWwozcPb3tvRxzosQSL8xwYNM1iPhhKiBksXZyRSE2COisrA=="
      },
      "Microsoft.Testing.Platform.MSBuild": {
        "type": "Transitive",
        "resolved": "1.9.1",
        "contentHash": "oTUtyR4X/s9ytuiNA29FGsNCCH0rNmY5Wdm14NCKLjTM1cT9edVSlA+rGS/mVmusPqcP0l/x9qOnMXg16v87RQ==",
        "dependencies": {
          "Microsoft.Testing.Platform": "1.9.1"
        }
      },
      "Microsoft.TestPlatform.ObjectModel": {
        "type": "Transitive",
        "resolved": "18.0.1",
        "contentHash": "qT/mwMcLF9BieRkzOBPL2qCopl8hQu6A1P7JWAoj/FMu5i9vds/7cjbJ/LLtaiwWevWLAeD5v5wjQJ/l6jvhWQ=="
      },
      "Microsoft.TestPlatform.TestHost": {
        "type": "Transitive",
        "resolved": "18.0.1",
        "contentHash": "uDJKAEjFTaa2wHdWlfo6ektyoh+WD4/Eesrwb4FpBFKsLGehhACVnwwTI4qD3FrIlIEPlxdXg3SyrYRIcO+RRQ==",
        "dependencies": {
          "Microsoft.TestPlatform.ObjectModel": "18.0.1",
          "Newtonsoft.Json": "13.0.3"
        }
      },
      "Microsoft.VisualStudio.SolutionPersistence": {
        "type": "Transitive",
        "resolved": "1.0.52",
        "contentHash": "oNv2JtYXhpdJrX63nibx1JT3uCESOBQ1LAk7Dtz/sr0+laW0KRM6eKp4CZ3MHDR2siIkKsY8MmUkeP5DKkQQ5w=="
      },
      "Microsoft.Web.Xdt": {
        "type": "Transitive",
        "resolved": "3.2.0",
        "contentHash": "jxdgphbXQgdrd8hid3ndsM2PnyNeMAoluYnoJqvN2lex3uyF2o2cqwJOOWoYQ6ErwgPjH0HI2ig+970izoDOTQ=="
      },
      "Microsoft.Win32.Registry": {
        "type": "Transitive",
        "resolved": "5.0.0",
        "contentHash": "dDoKi0PnDz31yAyETfRntsLArTlVAVzUzCIvvEDsDsucrl33Dl8pIJG06ePTJTI3tGpeyHS9Cq7Foc/s4EeKcg=="
      },
      "Microsoft.Win32.Registry.AccessControl": {
        "type": "Transitive",
        "resolved": "10.0.0",
        "contentHash": "k/UWHUhYtKQn6XYpH/CfR9uxbmobpTADnXA2m8in5Y2fSGF9asWTb4yHiFrkV80tb5hoETtm7zCtRWKsr4IYlQ=="
      },
      "Microsoft.Win32.SystemEvents": {
        "type": "Transitive",
        "resolved": "10.0.0",
        "contentHash": "bYdnhuD0XxcVTrxc8RyBjXo+AXYWJPnda3clhGz2Kakleyun1PyrzYV8RezT7ZYmR9OBSOgvpFQcvHo/K8Y90w=="
      },
      "Microsoft.Windows.Compatibility": {
        "type": "Transitive",
        "resolved": "10.0.0",
        "contentHash": "zj4kpfIHcgyrfly8ONX/vjYv2PRd7EHxg2DoiMZlJTuGMW+1Z27bN+REcdngu06VRmqwP0d38oL7PPCpDhvrIA==",
        "dependencies": {
          "Microsoft.Win32.Registry.AccessControl": "10.0.0",
          "Microsoft.Win32.SystemEvents": "10.0.0",
          "System.CodeDom": "10.0.0",
          "System.ComponentModel.Composition": "10.0.0",
          "System.ComponentModel.Composition.Registration": "10.0.0",
          "System.Configuration.ConfigurationManager": "10.0.0",
          "System.Data.Odbc": "10.0.0",
          "System.Data.OleDb": "10.0.0",
          "System.Data.SqlClient": "4.9.0",
          "System.Diagnostics.EventLog": "10.0.0",
          "System.Diagnostics.PerformanceCounter": "10.0.0",
          "System.DirectoryServices": "10.0.0",
          "System.DirectoryServices.AccountManagement": "10.0.0",
          "System.DirectoryServices.Protocols": "10.0.0",
          "System.Drawing.Common": "10.0.0",
          "System.IO.Packaging": "10.0.0",
          "System.IO.Ports": "10.0.0",
          "System.Management": "10.0.0",
          "System.Reflection.Context": "10.0.0",
          "System.Runtime.Caching": "10.0.0",
          "System.Security.Cryptography.Pkcs": "10.0.0",
          "System.Security.Cryptography.ProtectedData": "10.0.0",
          "System.Security.Cryptography.Xml": "10.0.0",
          "System.Security.Permissions": "10.0.0",
          "System.ServiceModel.Http": "8.1.2",
          "System.ServiceModel.NetTcp": "8.1.2",
          "System.ServiceModel.Primitives": "8.1.2",
          "System.ServiceModel.Syndication": "10.0.0",
          "System.ServiceProcess.ServiceController": "10.0.0",
          "System.Speech": "10.0.0",
          "System.Web.Services.Description": "8.1.2"
        }
      },
      "Mono.Cecil": {
        "type": "Transitive",
        "resolved": "0.10.0",
        "contentHash": "nHSF7wvyZRPAGXl49zgULPFubXHpsXlOH9RXFRUKb0TX0/tKkKljci6yBszVNI09PIDNQ8IP9WJTYvmBkMbbHw=="
      },
      "MSTest.Analyzers": {
        "type": "Transitive",
        "resolved": "4.0.2",
        "contentHash": "83PHm/97WR6XuciUicakLXSPDFubMsphUHxQHgkUfHcF8rOjpnlKSjRazhuvcGeqy2co8ZudUNbTM+u5e5Ujow=="
      },
      "MSTest.TestFramework": {
        "type": "Transitive",
        "resolved": "4.0.2",
        "contentHash": "ANLNvVh13tfi4ou0Xu0bZ5J83brlLufxMVVp1feUm99cWtfEn8i8PH4kskD0HSp1bFl8goZiHoCwd+fu/0L2hA==",
        "dependencies": {
          "MSTest.Analyzers": "4.0.2"
        }
      },
      "NETStandard.Library": {
        "type": "Transitive",
        "resolved": "1.6.1",
        "contentHash": "WcSp3+vP+yHNgS8EV5J7pZ9IRpeDuARBPN28by8zqff1wJQXm26PVU8L3/fYLBJVU7BtDyqNVWq2KlCVvSSR4A==",
        "dependencies": {
          "Microsoft.NETCore.Platforms": "1.1.0"
        }
      },
      "Newtonsoft.Json": {
        "type": "Transitive",
        "resolved": "13.0.4",
        "contentHash": "pdgNNMai3zv51W5aq268sujXUyx7SNdE2bj1wZcWjAQrKMFZV260lbqYop1d2GM67JI1huLRwxo9ZqnfF/lC6A=="
      },
      "NuGet.Common": {
        "type": "Transitive",
        "resolved": "7.0.1",
        "contentHash": "AegMASeOhhm2flGk53b/YtINs2H+zKMnV5fTs3rRo08JMQ3gqrbJUSjiEMOKt5d541IhVA+pHDWVsDCZ+5g7Fg==",
        "dependencies": {
          "NuGet.Frameworks": "7.0.1"
        }
      },
      "NuGet.Configuration": {
        "type": "Transitive",
        "resolved": "7.0.1",
        "contentHash": "En8aIvZywOmgi+Q2Tv7VUELSYc3OCTwmzItr2N3j5pVIBQE92HbOa1b4+fJJbl9X/rAOkNon3fxjwYeqrdMRrw==",
        "dependencies": {
          "NuGet.Common": "7.0.1",
          "System.Security.Cryptography.ProtectedData": "9.0.6"
        }
      },
      "NuGet.Frameworks": {
        "type": "Transitive",
        "resolved": "7.0.1",
        "contentHash": "dUDwg8VYTyT+ZbLdC7hUUHFF530HeRl4jcxclKJY0o96f3nv0eZvojXwjRkq2HKzuyRCcVD4T24aEF83CUmBzA=="
      },
      "NuGet.Packaging": {
        "type": "Transitive",
        "resolved": "7.0.1",
        "contentHash": "hpC6Fx5VlMa42cSZDQ10TKDFHLoMpa8NbDwYSnCiGd4IPiG9+5ywWuxHjVbYYA7/PmJry5hs1GyJjvHV8bQmLw==",
        "dependencies": {
          "Newtonsoft.Json": "13.0.3",
          "NuGet.Configuration": "7.0.1",
          "NuGet.Versioning": "7.0.1",
          "System.Security.Cryptography.Pkcs": "9.0.6"
        }
      },
      "NuGet.Protocol": {
        "type": "Transitive",
        "resolved": "7.0.1",
        "contentHash": "bYPzTqgOSsXV8AxXXFCCPtAtlxwph0DVtdM8AlaKTGLClHDx7VAlL4cCIcVl2iEzQuG1uC79SvzllvKi1grcNw==",
        "dependencies": {
          "NuGet.Packaging": "7.0.1"
        }
      },
      "NuGet.Versioning": {
        "type": "Transitive",
        "resolved": "7.0.1",
        "contentHash": "tu68LnZqiLM/VyLQzPRqedopMi/M+5/6JqwB2Xkd0AWXRpUWewkVv77asVB7wgjMPVzQFK2sBy7AuxV49UzuvQ=="
      },
      "NUnit": {
        "type": "Transitive",
        "resolved": "4.4.0",
        "contentHash": "7IWJcT9xWNhG9dEGdgAWdH6maCE0eVbeVnizvXACKbAyxbjoJ9+WaEb8qsCTJi3hsb18AJBtoqvWa3G7YYUQfw=="
      },
      "runtime.android-arm.runtime.native.System.IO.Ports": {
        "type": "Transitive",
        "resolved": "10.0.0",
        "contentHash": "ehgGD1p2lNdYs/4xC1pqB8Cmuqq/c7YWOu+6YRZNpwgebcPyjzVNU2yjgBxHce4ER28hNT4DTeODr35xIHv+cw=="
      },
      "runtime.android-arm64.runtime.native.System.IO.Ports": {
        "type": "Transitive",
        "resolved": "10.0.0",
        "contentHash": "+LI5JP5YDzXvuYP5XHnEFURgGVb0misSYb2vYPcrTq7xH8EF8wp8N3fAU3IGJ2eeJ1KzvtVmsuQok+ZTrmooww=="
      },
      "runtime.android-x64.runtime.native.System.IO.Ports": {
        "type": "Transitive",
        "resolved": "10.0.0",
        "contentHash": "7wsbMw7Qaw5e2CittVwAO3Zub8ZNMG5fJrr3/8fVfMuyR1QaAYe0cbqmltTpstbiSK8G8yQDWCj3rJnre6ffXw=="
      },
      "runtime.android-x86.runtime.native.System.IO.Ports": {
        "type": "Transitive",
        "resolved": "10.0.0",
        "contentHash": "ZVKPUs3xVKzDQaVYnetP4BDuy1sdbtydaFZpiGIpmiczLfnVPqB0ddMShrJ1fQk1aM7tPcst/KzwUHjPqgijlQ=="
      },
      "runtime.linux-arm.runtime.native.System.IO.Ports": {
        "type": "Transitive",
        "resolved": "10.0.0",
        "contentHash": "IA5+Djaq6B6QRfO1x7qS0LoB7Cw/46c18zs98cP0Se+gpaUciJxSsBAl9PAPbfEIK5cADW5ecNvtGvNtk7S1Mg=="
      },
      "runtime.linux-arm64.runtime.native.System.IO.Ports": {
        "type": "Transitive",
        "resolved": "10.0.0",
        "contentHash": "G2udW9Ej7OYIPjgvcb+K6ooeU/84PqHnxMg8/vz1SHmCCLpEvCYS4W73MoL/Lqz28fJ1Pehy6cShp8DKKGbBPg=="
      },
      "runtime.linux-bionic-arm64.runtime.native.System.IO.Ports": {
        "type": "Transitive",
        "resolved": "10.0.0",
        "contentHash": "yXj5BTjwpjnZhkyC1JZLbMdMh6tamF3qjac7DAHQa/qM8ICqjxK5F6duS3i0OnWPaZBZUKkpP1dyZ8FeL7GsKQ=="
      },
      "runtime.linux-bionic-x64.runtime.native.System.IO.Ports": {
        "type": "Transitive",
        "resolved": "10.0.0",
        "contentHash": "nxCe45MUNmsCLhgIn2Catvf25ipmHzTBoXUfkjsl97o2RJXl5PSjx2jiYvJIz8O9Zx7mRGBBtgvLtpLDm1Ci3g=="
      },
      "runtime.linux-musl-arm.runtime.native.System.IO.Ports": {
        "type": "Transitive",
        "resolved": "10.0.0",
        "contentHash": "PK0gGqX/FrLP+fv5c+56s36bqQu8umGt2h1L5ze1rqioYb1NErZg3D+zA4s45pHLDupJ7vmlvLo72DLFPAnzow=="
      },
      "runtime.linux-musl-arm64.runtime.native.System.IO.Ports": {
        "type": "Transitive",
        "resolved": "10.0.0",
        "contentHash": "kGmMJHJIairC0znRxMY8l8dovr7mpqb1wTRT0k/H0pHUYMC0yWyBxPQ6Jhss/tevazLYJG+kfsNw8oouF2pyvQ=="
      },
      "runtime.linux-musl-x64.runtime.native.System.IO.Ports": {
        "type": "Transitive",
        "resolved": "10.0.0",
        "contentHash": "dUvttlipSsyfqgmGkdzsBTSwDA92r7NIL860jIGlaZ31kY7vGGxa9EeR9Y//vj5JmIcRVMhoe69u2t1pITPHTQ=="
      },
      "runtime.linux-x64.runtime.native.System.IO.Ports": {
        "type": "Transitive",
        "resolved": "10.0.0",
        "contentHash": "BYU08iO5Ey9oGMxSXCrsmEHkT51SifbIL8yBCD7e59P90tZzxpzm89j+guGsb24+qbiwOlCQmpi10dgWn6VmWg=="
      },
      "runtime.maccatalyst-arm64.runtime.native.System.IO.Ports": {
        "type": "Transitive",
        "resolved": "10.0.0",
        "contentHash": "DGVYub3vzhIXntukgOH18NOs6O6Y0PivftW/DYJZQs4lrA/zIUWs7DFXdY4D+4dcJjKBweb5qp4uRIko/vtodQ=="
      },
      "runtime.maccatalyst-x64.runtime.native.System.IO.Ports": {
        "type": "Transitive",
        "resolved": "10.0.0",
        "contentHash": "h+H9WlpBbG1b3ZcnjaRdV1avmz1mOWvkjGoXlYh+brPPT3XpP2KWtTOLAz/3JpQe49LwGq+rOX8GwbzQvUpdkA=="
      },
      "runtime.native.System.Data.SqlClient.sni": {
        "type": "Transitive",
        "resolved": "4.4.0",
        "contentHash": "A8v6PGmk+UGbfWo5Ixup0lPM4swuSwOiayJExZwKIOjTlFFQIsu3QnDXECosBEyrWSPryxBVrdqtJyhK3BaupQ==",
        "dependencies": {
          "runtime.win-arm64.runtime.native.System.Data.SqlClient.sni": "4.4.0",
          "runtime.win-x64.runtime.native.System.Data.SqlClient.sni": "4.4.0",
          "runtime.win-x86.runtime.native.System.Data.SqlClient.sni": "4.4.0"
        }
      },
      "runtime.native.System.IO.Ports": {
        "type": "Transitive",
        "resolved": "10.0.0",
        "contentHash": "xL+e2TzXMx4Ts/TVo/v6MbNtKPc3OASCN1cHqVXzWdT+fOH9m4BM12SSXkp5clP5Rj955Vh/4Lj1faD+FGwjiQ==",
        "dependencies": {
          "runtime.android-arm.runtime.native.System.IO.Ports": "10.0.0",
          "runtime.android-arm64.runtime.native.System.IO.Ports": "10.0.0",
          "runtime.android-x64.runtime.native.System.IO.Ports": "10.0.0",
          "runtime.android-x86.runtime.native.System.IO.Ports": "10.0.0",
          "runtime.linux-arm.runtime.native.System.IO.Ports": "10.0.0",
          "runtime.linux-arm64.runtime.native.System.IO.Ports": "10.0.0",
          "runtime.linux-bionic-arm64.runtime.native.System.IO.Ports": "10.0.0",
          "runtime.linux-bionic-x64.runtime.native.System.IO.Ports": "10.0.0",
          "runtime.linux-musl-arm.runtime.native.System.IO.Ports": "10.0.0",
          "runtime.linux-musl-arm64.runtime.native.System.IO.Ports": "10.0.0",
          "runtime.linux-musl-x64.runtime.native.System.IO.Ports": "10.0.0",
          "runtime.linux-x64.runtime.native.System.IO.Ports": "10.0.0",
          "runtime.maccatalyst-arm64.runtime.native.System.IO.Ports": "10.0.0",
          "runtime.maccatalyst-x64.runtime.native.System.IO.Ports": "10.0.0",
          "runtime.osx-arm64.runtime.native.System.IO.Ports": "10.0.0",
          "runtime.osx-x64.runtime.native.System.IO.Ports": "10.0.0"
        }
      },
      "runtime.osx-arm64.runtime.native.System.IO.Ports": {
        "type": "Transitive",
        "resolved": "10.0.0",
        "contentHash": "UrTKcNTBfHCvwmMJHJotiY8FVcQu1mk73b+AsLmVlu0S3Z27VvwWgd3fcw1CjkqX45BoVYMCE3JNhIExIKSrzQ=="
      },
      "runtime.osx-x64.runtime.native.System.IO.Ports": {
        "type": "Transitive",
        "resolved": "10.0.0",
        "contentHash": "kggkJk7S8OcoOLa9OyrP2zQ/eStiKHOytWVK8lJuRckzcz52eUgDo66+d9n2KciukcNmeAbmSHEY6fh2n394Jg=="
      },
      "runtime.win-arm64.runtime.native.System.Data.SqlClient.sni": {
        "type": "Transitive",
        "resolved": "4.4.0",
        "contentHash": "LbrynESTp3bm5O/+jGL8v0Qg5SJlTV08lpIpFesXjF6uGNMWqFnUQbYBJwZTeua6E/Y7FIM1C54Ey1btLWupdg=="
      },
      "runtime.win-x64.runtime.native.System.Data.SqlClient.sni": {
        "type": "Transitive",
        "resolved": "4.4.0",
        "contentHash": "38ugOfkYJqJoX9g6EYRlZB5U2ZJH51UP8ptxZgdpS07FgOEToV+lS11ouNK2PM12Pr6X/PpT5jK82G3DwH/SxQ=="
      },
      "runtime.win-x86.runtime.native.System.Data.SqlClient.sni": {
        "type": "Transitive",
        "resolved": "4.4.0",
        "contentHash": "YhEdSQUsTx+C8m8Bw7ar5/VesXvCFMItyZF7G1AUY+OM0VPZUOeAVpJ4Wl6fydBGUYZxojTDR3I6Bj/+BPkJNA=="
      },
      "Serilog.Sinks.Console": {
        "type": "Transitive",
        "resolved": "6.1.1",
        "contentHash": "8jbqgjUyZlfCuSTaJk6lOca465OndqOz3KZP6Cryt/IqZYybyBu7GP0fE/AXBzrrQB3EBmQntBFAvMVz1COvAA==",
        "dependencies": {
          "Serilog": "4.0.0"
        }
      },
      "Serilog.Sinks.File": {
        "type": "Transitive",
        "resolved": "6.0.0",
        "contentHash": "lxjg89Y8gJMmFxVkbZ+qDgjl+T4yC5F7WSLTvA+5q0R04tfKVLRL/EHpYoJ/MEQd2EeCKDuylBIVnAYMotmh2A==",
        "dependencies": {
          "Serilog": "4.0.0"
        }
      },
      "Serilog.Sinks.Seq": {
        "type": "Transitive",
        "resolved": "9.0.0",
        "contentHash": "aNU8A0K322q7+voPNmp1/qNPH+9QK8xvM1p72sMmCG0wGlshFzmtDW9QnVSoSYCj0MgQKcMOlgooovtBhRlNHw==",
        "dependencies": {
          "Serilog": "4.2.0",
          "Serilog.Sinks.File": "6.0.0"
        }
      },
      "System.CodeDom": {
        "type": "Transitive",
        "resolved": "10.0.0",
        "contentHash": "QWERdKi/tQAx+MbrPxTGcpchqMANnVXNiv2r2tILBBB38E74buD+fABSUhozZ1G9kjbadFB0m+HPFMkhJPeFvA=="
      },
      "System.ComponentModel.Composition": {
        "type": "Transitive",
        "resolved": "10.0.0",
        "contentHash": "mRm09VxzL7aAErZzjBnX4Kag1kCWFbHiA1xdl2jQi9Dc9zeAcqXV4KC8VHe0kk8VSRMtNDlYLOnw6BiZiZ7pUA=="
      },
      "System.ComponentModel.Composition.Registration": {
        "type": "Transitive",
        "resolved": "10.0.0",
        "contentHash": "Fc8nKTncKXi7qCLakjfZ5fZdGP0Pea5SomONsU361JzQZ977WapxpQ6uRaZML0tsBI35VzRhbYus88B8roj1RQ==",
        "dependencies": {
          "System.ComponentModel.Composition": "10.0.0",
          "System.Reflection.Context": "10.0.0"
        }
      },
      "System.Configuration.ConfigurationManager": {
        "type": "Transitive",
        "resolved": "10.0.0",
        "contentHash": "0B+BzJ6pPMrRzJrVsttKf9MfDj6Syw9xoY+agcS9VssYQali1446+jTf5v1K94AMFUBxLXqDZlaTjO5edaI3jA==",
        "dependencies": {
          "System.Diagnostics.EventLog": "10.0.0",
          "System.Security.Cryptography.ProtectedData": "10.0.0"
        }
      },
      "System.Data.Odbc": {
        "type": "Transitive",
        "resolved": "10.0.0",
        "contentHash": "gfEDc256vao6dmvhSm1hQ6DYTxVYhGbvjd7yGm7SFBfUT3lerWYFPzmbciqRsNm72oKSDJg4gXoe10Dazkloqw=="
      },
      "System.Data.OleDb": {
        "type": "Transitive",
        "resolved": "10.0.0",
        "contentHash": "RNMeXzizr/mXKZ0hjM9ANcSLveTWLOiiTj/kbmeobNAoV6uVz7H8JMISajSN6qtnBv4XXKTNimIa69YqIljREA==",
        "dependencies": {
          "System.Configuration.ConfigurationManager": "10.0.0",
          "System.Diagnostics.PerformanceCounter": "10.0.0"
        }
      },
      "System.Data.SqlClient": {
        "type": "Transitive",
        "resolved": "4.9.0",
        "contentHash": "j4KJO+vC62NyUtNHz854njEqXbT8OmAa5jb1nrGfYWBOcggyYUQE0w/snXeaCjdvkSKWuUD+hfvlbN8pTrJTXg==",
        "dependencies": {
          "runtime.native.System.Data.SqlClient.sni": "4.4.0"
        }
      },
      "System.Diagnostics.EventLog": {
        "type": "Transitive",
        "resolved": "10.0.0",
        "contentHash": "uaFRda9NjtbJRkdx311eXlAA3n2em7223c1A8d1VWyl+4FL9vkG7y2lpPfBU9HYdj/9KgdRNdn1vFK8ZYCYT/A=="
      },
      "System.Diagnostics.PerformanceCounter": {
        "type": "Transitive",
        "resolved": "10.0.0",
        "contentHash": "ZnhizmMstYa05UNuwiMew7EsGApEy6qBcvBBSxoUcaX8WvkE2pb+iQyRWyQZ8E0mq7PlPBjwVh4+6ie+B6oeZA==",
        "dependencies": {
          "System.Configuration.ConfigurationManager": "10.0.0"
        }
      },
      "System.DirectoryServices": {
        "type": "Transitive",
        "resolved": "10.0.0",
        "contentHash": "Ha5HTPMXz785jI5bC6OpmlerevzKallwOQzdSflTYL3mEZVwU13qcqSvqCf+7fCHqdRh7Ct0EJDr80BEBXzZ0Q=="
      },
      "System.DirectoryServices.AccountManagement": {
        "type": "Transitive",
        "resolved": "10.0.0",
        "contentHash": "rM6TRNWRa/8N/oILnHWtfhZf1/RotknaaCRc9LqgKMomf7rwPwSHKnXZ6AyimjfFcZT1rZX1XJrt6/VkhSGkTw==",
        "dependencies": {
          "System.Configuration.ConfigurationManager": "10.0.0",
          "System.DirectoryServices": "10.0.0",
          "System.DirectoryServices.Protocols": "10.0.0"
        }
      },
      "System.DirectoryServices.Protocols": {
        "type": "Transitive",
        "resolved": "10.0.0",
        "contentHash": "XYQT4aM4S5uo0EM0j5ASsqBVgcz8cTf64rdHAzTo/5zaAnbWn6VeE2gzFxRj089kq82s7Zxd9jCMqfhhcYILew=="
      },
      "System.Drawing.Common": {
        "type": "Transitive",
        "resolved": "10.0.0",
        "contentHash": "kohT9ZZlkB5R5ifihCBnPJLdIUQGiTj1ZI6z4LKatr+F4MmIJJu7qQpBkqt9280ivtnSvlTx9qZEY+CpJ0zMkA==",
        "dependencies": {
          "Microsoft.Win32.SystemEvents": "10.0.0"
        }
      },
      "System.IO.Packaging": {
        "type": "Transitive",
        "resolved": "10.0.0",
        "contentHash": "b9T8htKhiQ1ufCLhLQdb5NPGvhUSnT2/5GXMbaB7xk1dxMB17dGVMA4D6hpavyeSW97blOfYfTaAcSz4o2mQBA=="
      },
      "System.IO.Ports": {
        "type": "Transitive",
        "resolved": "10.0.0",
        "contentHash": "UT9dTPqoEjG5AuPu2NA29hBlNyW2bGIVv/CoV2I2IjIRRnAzbXHVRdVZG5NKfuWTLmpQZfAaEAWV9MSn3VDrtg==",
        "dependencies": {
          "runtime.native.System.IO.Ports": "10.0.0"
        }
      },
      "System.Management": {
        "type": "Transitive",
        "resolved": "10.0.0",
        "contentHash": "LE3rDZoPzulou78Tsq+3ALhUs4vatQ03v2QWbYVIenVPneUH/+LTUmHyyl098OxIFLQI6sNkZs8YHbUnT/sm3A==",
        "dependencies": {
          "System.CodeDom": "10.0.0"
        }
      },
      "System.Reflection.Context": {
        "type": "Transitive",
        "resolved": "10.0.0",
        "contentHash": "YiBtOi2AzvFIs9ynWmAPomSv1BpvxdOSjavMJi0LmOd9fp1GepS41jJSYi7m8G+ZVdEieT4Q1DW0fu35rxpphw=="
      },
      "System.Runtime.Caching": {
        "type": "Transitive",
        "resolved": "10.0.0",
        "contentHash": "NPh8KaTPj0LyiqPJZCEI9HoFFn9qes/iOfqqnEiKsmkuLwRJIaTdkVlYeNYJWqkuYonExKiM5nlfBk2/N3/TJw==",
        "dependencies": {
          "System.Configuration.ConfigurationManager": "10.0.0"
        }
      },
      "System.Security.Cryptography.Pkcs": {
        "type": "Transitive",
        "resolved": "10.0.0",
        "contentHash": "UPWqLSygJlFerRi9XNIuM0a1VC8gHUIufyP24xQ0sc+XimqUAEcjpOz9DhKpyDjH+5B/wO3RpC0KpkEeDj/ddg=="
      },
      "System.Security.Cryptography.ProtectedData": {
        "type": "Transitive",
        "resolved": "10.0.0",
        "contentHash": "qy6C3gQRTrfhFfuiIYU1jNwWfFdJpBVo1BARW7jgMm1zTEm3LRzLLyOLJGaAuKE+nZCGkEP71y4rj9NWjqLGdQ=="
      },
      "System.Security.Cryptography.Xml": {
        "type": "Transitive",
        "resolved": "10.0.0",
        "contentHash": "Vb1vrLKtg0icvKk0GCzCErclNRH6NB7TMZ9BgXH9xqQ0lFlByQeoVwbewteJDuOPh1774GuVLD7rQrxhrpCCuA==",
        "dependencies": {
          "System.Security.Cryptography.Pkcs": "10.0.0"
        }
      },
      "System.Security.Permissions": {
        "type": "Transitive",
        "resolved": "10.0.0",
        "contentHash": "phfAYbiBkzdAF9ps7rJ8PQ3h52uY4xOnBs6Wern+ljdz3Fq3YIUezZDQIXl6+p8sbotkzltvESq+7PglxlEyuw==",
        "dependencies": {
          "System.Windows.Extensions": "10.0.0"
        }
      },
      "System.ServiceModel.Http": {
        "type": "Transitive",
        "resolved": "8.1.2",
        "contentHash": "2HoneRUCHB8kKQcuAladR16mIHuyi5f9DrrNnTjkaICv5X7YuwoI7GSrp9GTkRSxC4ddNcjMdwE01Rm0sPgoMw==",
        "dependencies": {
          "System.ServiceModel.Primitives": "8.1.2"
        }
      },
      "System.ServiceModel.NetFramingBase": {
        "type": "Transitive",
        "resolved": "8.1.2",
        "contentHash": "XDNsiI4Lrv4scb10salZNbUDJNYj3Qm39KeN9uulKXbgcxF/fNC+hCrLDAhNz/rIqxOeRB/JCfQ4A/Ha0hFAWg==",
        "dependencies": {
          "System.ServiceModel.Primitives": "8.1.2"
        }
      },
      "System.ServiceModel.NetTcp": {
        "type": "Transitive",
        "resolved": "8.1.2",
        "contentHash": "+H4KpATeOPxGfl8JlMpv+a7h6ZIItIhHXJRr+0/KKAP49TjHXybaNwFrUbpasAMVE+D+8M96GxRevzcqvahfAQ==",
        "dependencies": {
          "System.ServiceModel.NetFramingBase": "8.1.2",
          "System.ServiceModel.Primitives": "8.1.2"
        }
      },
      "System.ServiceModel.Primitives": {
        "type": "Transitive",
        "resolved": "8.1.2",
        "contentHash": "xlJ07FAUSDjPL/GhvVY1/KVPWn2ce056X4nHPwqAa5rkNLiNN5rqh6VcgMUoF6J7ckwhkVJ1vVx/K/47nyyR9g==",
        "dependencies": {
          "Microsoft.Extensions.ObjectPool": "8.0.10",
          "System.Security.Cryptography.Xml": "8.0.2"
        }
      },
      "System.ServiceModel.Syndication": {
        "type": "Transitive",
        "resolved": "10.0.0",
        "contentHash": "HBrGaOQoEaDlMOykS/LfQr9BZ0pEF4SOcscH5oMpBF46+lqMMfgfat3Jm5SpW8IaDzzn/IakYjpWk3bEGSh1vA=="
      },
      "System.ServiceProcess.ServiceController": {
        "type": "Transitive",
        "resolved": "10.0.0",
        "contentHash": "PaFmFQXX/qL1vl0CfdJUMPMYT8TOEHlcdEiOZtd4LV2rcaS/WDQM4bpECcbRM4BrD+DWkWd/jtb6iPOqAX9TWA==",
        "dependencies": {
          "System.Diagnostics.EventLog": "10.0.0"
        }
      },
      "System.Speech": {
        "type": "Transitive",
        "resolved": "10.0.0",
        "contentHash": "nHlCdjoeReiSx4kzgPEwPRlbOAyuVFwndXTZZT+CLnHb8UIfB+YMgpQjQ7faYvs3xU8wyvpb6dt+U+HwdlbG7w=="
      },
      "System.Web.Services.Description": {
        "type": "Transitive",
        "resolved": "8.1.2",
        "contentHash": "FziIBleSpygZOBudSeMkawLgfarnSam7paGkTtV9ITyTmw/TdEqB+moS0TeApmNfAMWGbcWXDXr3djckuLgGDg=="
      },
      "System.Windows.Extensions": {
        "type": "Transitive",
        "resolved": "10.0.0",
        "contentHash": "W2xPfgCUO83kPEtfkSsXpHT9KX4YiajDgtuJhjfOY18u58vMGyoBG44QIQCs2nTugmzsm506S/ur29k1WpE9+w=="
      },
      "xunit.v3.assert": {
        "type": "Transitive",
        "resolved": "3.2.1",
        "contentHash": "7hGxs+sfgPCiHg7CbWL8Vsmg8WS4vBfipZ7rfE+FEyS7ksU4+0vcV08TQvLIXLPAfinT06zVoK83YjRcMXcXLw=="
      },
      "xunit.v3.common": {
        "type": "Transitive",
        "resolved": "3.2.1",
        "contentHash": "NUh3pPTC3Py4XTnjoCCCIEzvdKTQ9apu0ikDNCrUETBtfHHXcoUmIl5bOfJLQQu7awhu8eaZHjJnG7rx9lUZpg==",
        "dependencies": {
          "Microsoft.Bcl.AsyncInterfaces": "6.0.0"
        }
      },
      "xunit.v3.core.mtp-v1": {
        "type": "Transitive",
        "resolved": "3.2.1",
        "contentHash": "PeClKsdYS8TN7q8UxcIKgMVEf1xjqa5XWaizzt+WfLp8+85ZKT+LAQ2/ct+eYqazFzaGSJCAj96+1Z2USkWV6A==",
        "dependencies": {
          "Microsoft.Testing.Extensions.Telemetry": "1.9.1",
          "Microsoft.Testing.Extensions.TrxReport.Abstractions": "1.9.1",
          "Microsoft.Testing.Platform": "1.9.1",
          "Microsoft.Testing.Platform.MSBuild": "1.9.1",
          "xunit.v3.extensibility.core": "[3.2.1]",
          "xunit.v3.runner.inproc.console": "[3.2.1]"
        }
      },
      "xunit.v3.extensibility.core": {
        "type": "Transitive",
        "resolved": "3.2.1",
        "contentHash": "soZuThF5CwB/ZZ2HY/ivdinyM/6MvmjsHTG0vNw3fRd1ZKcmLzfxVb3fB6R3G5yoaN4Bh+aWzFGjOvYO05OzkA==",
        "dependencies": {
          "xunit.v3.common": "[3.2.1]"
        }
      },
      "xunit.v3.mtp-v1": {
        "type": "Transitive",
        "resolved": "3.2.1",
        "contentHash": "lREcN7+kZmHqLmivhfzN+BHBYf3nQzMEojX5390qDplnXjaHYUxH49XmrWEbCx+va3ZTiIR2vVWPJWCs2UFBFQ==",
        "dependencies": {
          "xunit.analyzers": "1.26.0",
          "xunit.v3.assert": "[3.2.1]",
          "xunit.v3.core.mtp-v1": "[3.2.1]"
        }
      },
      "xunit.v3.runner.common": {
        "type": "Transitive",
        "resolved": "3.2.1",
        "contentHash": "oF0jwl0xH45/RWjDcaCPOeeI6HCoyiEXIT8yvByd37rhJorjL/Ri8S9A/Vql8DBPjCfQWd6Url5JRmeiQ55isA==",
        "dependencies": {
          "Microsoft.Win32.Registry": "[5.0.0]",
          "xunit.v3.common": "[3.2.1]"
        }
      },
      "xunit.v3.runner.inproc.console": {
        "type": "Transitive",
        "resolved": "3.2.1",
        "contentHash": "EC/VLj1E9BPWfmzdEMQEqouxh0rWAdX6SXuiiDRf0yXXsQo3E2PNLKCyJ9V8hmkGH/nBvM7pHLFbuCf00vCynw==",
        "dependencies": {
          "xunit.v3.extensibility.core": "[3.2.1]",
          "xunit.v3.runner.common": "[3.2.1]"
        }
      },
      "Zio": {
        "type": "Transitive",
        "resolved": "0.19.2",
        "contentHash": "3SArsp3QZH9b3qmkfmSp0IlYF9954YEPWbSBaemTcf/iYBrce3qI3fLzHGHkuVyy3Cd5QYNdyPIl/S8HXKHWtg=="
      },
      "arbor.build.core": {
        "type": "Project",
        "dependencies": {
          "Arbor.Aesculus": "[3.9.0, )",
          "Arbor.FileSystem": "[0.6.0, )",
          "Arbor.KVConfiguration.Core": "[2.8.0, )",
          "Arbor.KVConfiguration.JsonConfiguration": "[2.8.0, )",
          "Arbor.KVConfiguration.Schema.Json": "[2.8.0, )",
          "Arbor.KVConfiguration.UserConfiguration": "[2.8.0, )",
          "Arbor.Processing": "[0.6.0, )",
          "Arbor.Sorbus": "[4.0.0, )",
          "Arbor.Tooler": "[1.1.0, )",
          "Autofac": "[9.0.0, )",
          "JetBrains.Annotations": "[2025.2.4, )",
          "MSTest.TestFramework": "[4.0.2, )",
          "Microsoft.VisualStudio.SolutionPersistence": "[1.0.52, )",
          "Microsoft.Web.Xdt": "[3.2.0, )",
          "Microsoft.Windows.Compatibility": "[10.0.0, )",
          "NUnit": "[4.4.0, )",
          "Newtonsoft.Json": "[13.0.4, )",
          "NuGet.Packaging": "[7.0.1, )",
          "NuGet.Protocol": "[7.0.1, )",
          "NuGet.Versioning": "[7.0.1, )",
          "Serilog": "[4.3.0, )",
          "Serilog.Sinks.Console": "[6.1.1, )",
          "Serilog.Sinks.Seq": "[9.0.0, )"
        }
      }
    }
  }
}